// !$*UTF8*$!
{
	archiveVersion = 1;
	classes = {
	};
	objectVersion = 46;
	objects = {

/* Begin PBXBuildFile section */
		1D3623260D0F684500981E51 /* AppDelegate.m in Sources */ = {isa = PBXBuildFile; fileRef = 1D3623250D0F684500981E51 /* AppDelegate.m */; };
		1D60589F0D05DD5A006BFB54 /* Foundation.framework in Frameworks */ = {isa = PBXBuildFile; fileRef = 1D30AB110D05D00D00671497 /* Foundation.framework */; };
		1DF5F4E00D08C38300B7A737 /* UIKit.framework in Frameworks */ = {isa = PBXBuildFile; fileRef = 1DF5F4DF0D08C38300B7A737 /* UIKit.framework */; settings = {ATTRIBUTES = (Weak, ); }; };
		1F2F135E4DA317EED60E6C87 /* EJBindingWizViewMessenger.m in Sources */ = {isa = PBXBuildFile; fileRef = 1F2F1568499487E8346B6695 /* EJBindingWizViewMessenger.m */; };
		1F2F1DFA2BE53E56C786DC09 /* EJBindingWebSocket.m in Sources */ = {isa = PBXBuildFile; fileRef = 1F2F18D5B4F7B1507CAC45B7 /* EJBindingWebSocket.m */; };
		1F766FE113BBADB100FB74C0 /* Localizable.strings in Resources */ = {isa = PBXBuildFile; fileRef = 1F766FDC13BBADB100FB74C0 /* Localizable.strings */; };
		288765FD0DF74451002DB57D /* CoreGraphics.framework in Frameworks */ = {isa = PBXBuildFile; fileRef = 288765FC0DF74451002DB57D /* CoreGraphics.framework */; };
		301BF570109A69640062928A /* www in Resources */ = {isa = PBXBuildFile; fileRef = 301BF56E109A69640062928A /* www */; };
		301BF5B5109A6A2B0062928A /* AddressBook.framework in Frameworks */ = {isa = PBXBuildFile; fileRef = 301BF5B4109A6A2B0062928A /* AddressBook.framework */; };
		301BF5B7109A6A2B0062928A /* AddressBookUI.framework in Frameworks */ = {isa = PBXBuildFile; fileRef = 301BF5B6109A6A2B0062928A /* AddressBookUI.framework */; };
		301BF5B9109A6A2B0062928A /* AudioToolbox.framework in Frameworks */ = {isa = PBXBuildFile; fileRef = 301BF5B8109A6A2B0062928A /* AudioToolbox.framework */; };
		301BF5BB109A6A2B0062928A /* AVFoundation.framework in Frameworks */ = {isa = PBXBuildFile; fileRef = 301BF5BA109A6A2B0062928A /* AVFoundation.framework */; settings = {ATTRIBUTES = (Weak, ); }; };
		301BF5BD109A6A2B0062928A /* CFNetwork.framework in Frameworks */ = {isa = PBXBuildFile; fileRef = 301BF5BC109A6A2B0062928A /* CFNetwork.framework */; };
		301BF5BF109A6A2B0062928A /* CoreLocation.framework in Frameworks */ = {isa = PBXBuildFile; fileRef = 301BF5BE109A6A2B0062928A /* CoreLocation.framework */; };
		301BF5C1109A6A2B0062928A /* MediaPlayer.framework in Frameworks */ = {isa = PBXBuildFile; fileRef = 301BF5C0109A6A2B0062928A /* MediaPlayer.framework */; };
		301BF5C3109A6A2B0062928A /* QuartzCore.framework in Frameworks */ = {isa = PBXBuildFile; fileRef = 301BF5C2109A6A2B0062928A /* QuartzCore.framework */; };
		301BF5C5109A6A2B0062928A /* SystemConfiguration.framework in Frameworks */ = {isa = PBXBuildFile; fileRef = 301BF5C4109A6A2B0062928A /* SystemConfiguration.framework */; };
		302D95F114D2391D003F00A1 /* MainViewController.m in Sources */ = {isa = PBXBuildFile; fileRef = 302D95EF14D2391D003F00A1 /* MainViewController.m */; };
		302D95F214D2391D003F00A1 /* MainViewController.xib in Resources */ = {isa = PBXBuildFile; fileRef = 302D95F014D2391D003F00A1 /* MainViewController.xib */; };
		305D5FD1115AB8F900A74A75 /* MobileCoreServices.framework in Frameworks */ = {isa = PBXBuildFile; fileRef = 305D5FD0115AB8F900A74A75 /* MobileCoreServices.framework */; };
		3088BBBD154F3926009F9C59 /* Default-Landscape@2x~ipad.png in Resources */ = {isa = PBXBuildFile; fileRef = 3088BBB7154F3926009F9C59 /* Default-Landscape@2x~ipad.png */; };
		3088BBBE154F3926009F9C59 /* Default-Landscape~ipad.png in Resources */ = {isa = PBXBuildFile; fileRef = 3088BBB8154F3926009F9C59 /* Default-Landscape~ipad.png */; };
		3088BBBF154F3926009F9C59 /* Default-Portrait@2x~ipad.png in Resources */ = {isa = PBXBuildFile; fileRef = 3088BBB9154F3926009F9C59 /* Default-Portrait@2x~ipad.png */; };
		3088BBC0154F3926009F9C59 /* Default-Portrait~ipad.png in Resources */ = {isa = PBXBuildFile; fileRef = 3088BBBA154F3926009F9C59 /* Default-Portrait~ipad.png */; };
		3088BBC1154F3926009F9C59 /* Default@2x~iphone.png in Resources */ = {isa = PBXBuildFile; fileRef = 3088BBBB154F3926009F9C59 /* Default@2x~iphone.png */; };
		3088BBC2154F3926009F9C59 /* Default~iphone.png in Resources */ = {isa = PBXBuildFile; fileRef = 3088BBBC154F3926009F9C59 /* Default~iphone.png */; };
		308D05371370CCF300D202BF /* icon-72.png in Resources */ = {isa = PBXBuildFile; fileRef = 308D052E1370CCF300D202BF /* icon-72.png */; };
		308D05381370CCF300D202BF /* icon.png in Resources */ = {isa = PBXBuildFile; fileRef = 308D052F1370CCF300D202BF /* icon.png */; };
		308D05391370CCF300D202BF /* icon@2x.png in Resources */ = {isa = PBXBuildFile; fileRef = 308D05301370CCF300D202BF /* icon@2x.png */; };
		30E5649213A7FCAF007403D8 /* CoreMedia.framework in Frameworks */ = {isa = PBXBuildFile; fileRef = 30E5649113A7FCAF007403D8 /* CoreMedia.framework */; settings = {ATTRIBUTES = (Weak, ); }; };
		414DBF6717F94E9100DA3A50 /* main.m in Sources */ = {isa = PBXBuildFile; fileRef = 29B97316FDCFA39411CA2CEA /* main.m */; };
		414DBFAF17F97CBD00DA3A50 /* EJBindingCanvasContext2D.m in Sources */ = {isa = PBXBuildFile; fileRef = 414DBF6B17F97CBD00DA3A50 /* EJBindingCanvasContext2D.m */; };
		414DBFB017F97CBD00DA3A50 /* EJBindingCanvasGradient.m in Sources */ = {isa = PBXBuildFile; fileRef = 414DBF6D17F97CBD00DA3A50 /* EJBindingCanvasGradient.m */; };
		414DBFB117F97CBD00DA3A50 /* EJBindingCanvasPattern.m in Sources */ = {isa = PBXBuildFile; fileRef = 414DBF6F17F97CBD00DA3A50 /* EJBindingCanvasPattern.m */; };
		414DBFB217F97CBD00DA3A50 /* EJBindingImageData.m in Sources */ = {isa = PBXBuildFile; fileRef = 414DBF7117F97CBD00DA3A50 /* EJBindingImageData.m */; };
		414DBFB317F97CBD00DA3A50 /* EJBindingTextMetrics.m in Sources */ = {isa = PBXBuildFile; fileRef = 414DBF7317F97CBD00DA3A50 /* EJBindingTextMetrics.m */; };
		414DBFB417F97CBD00DA3A50 /* EJCanvasContext2D.m in Sources */ = {isa = PBXBuildFile; fileRef = 414DBF7617F97CBD00DA3A50 /* EJCanvasContext2D.m */; };
		414DBFB517F97CBD00DA3A50 /* EJCanvasContext2DScreen.m in Sources */ = {isa = PBXBuildFile; fileRef = 414DBF7817F97CBD00DA3A50 /* EJCanvasContext2DScreen.m */; };
		414DBFB617F97CBD00DA3A50 /* EJCanvasContext2DTexture.m in Sources */ = {isa = PBXBuildFile; fileRef = 414DBF7A17F97CBD00DA3A50 /* EJCanvasContext2DTexture.m */; };
		414DBFB717F97CBD00DA3A50 /* EJCanvasGradient.m in Sources */ = {isa = PBXBuildFile; fileRef = 414DBF7C17F97CBD00DA3A50 /* EJCanvasGradient.m */; };
		414DBFB817F97CBD00DA3A50 /* EJCanvasPattern.m in Sources */ = {isa = PBXBuildFile; fileRef = 414DBF7E17F97CBD00DA3A50 /* EJCanvasPattern.m */; };
		414DBFB917F97CBD00DA3A50 /* EJConvertColorRGBA.m in Sources */ = {isa = PBXBuildFile; fileRef = 414DBF8017F97CBD00DA3A50 /* EJConvertColorRGBA.m */; };
		414DBFBA17F97CBD00DA3A50 /* EJFont.mm in Sources */ = {isa = PBXBuildFile; fileRef = 414DBF8217F97CBD00DA3A50 /* EJFont.mm */; };
		414DBFBB17F97CBD00DA3A50 /* EJGLProgram2D.m in Sources */ = {isa = PBXBuildFile; fileRef = 414DBF8417F97CBD00DA3A50 /* EJGLProgram2D.m */; };
		414DBFBC17F97CBD00DA3A50 /* EJGLProgram2DRadialGradient.m in Sources */ = {isa = PBXBuildFile; fileRef = 414DBF8617F97CBD00DA3A50 /* EJGLProgram2DRadialGradient.m */; };
		414DBFBD17F97CBD00DA3A50 /* EJImageData.m in Sources */ = {isa = PBXBuildFile; fileRef = 414DBF8817F97CBD00DA3A50 /* EJImageData.m */; };
		414DBFBE17F97CBD00DA3A50 /* EJPath.mm in Sources */ = {isa = PBXBuildFile; fileRef = 414DBF8A17F97CBD00DA3A50 /* EJPath.mm */; };
		414DBFBF17F97CBD00DA3A50 /* AlphaTexture.fsh in Sources */ = {isa = PBXBuildFile; fileRef = 414DBF8C17F97CBD00DA3A50 /* AlphaTexture.fsh */; };
		414DBFC017F97CBD00DA3A50 /* Flat.fsh in Sources */ = {isa = PBXBuildFile; fileRef = 414DBF8D17F97CBD00DA3A50 /* Flat.fsh */; };
		414DBFC117F97CBD00DA3A50 /* Pattern.fsh in Sources */ = {isa = PBXBuildFile; fileRef = 414DBF8E17F97CBD00DA3A50 /* Pattern.fsh */; };
		414DBFC217F97CBD00DA3A50 /* RadialGradient.fsh in Sources */ = {isa = PBXBuildFile; fileRef = 414DBF8F17F97CBD00DA3A50 /* RadialGradient.fsh */; };
		414DBFC317F97CBD00DA3A50 /* Texture.fsh in Sources */ = {isa = PBXBuildFile; fileRef = 414DBF9017F97CBD00DA3A50 /* Texture.fsh */; };
		414DBFC417F97CBD00DA3A50 /* Vertex.vsh in Sources */ = {isa = PBXBuildFile; fileRef = 414DBF9117F97CBD00DA3A50 /* Vertex.vsh */; };
		414DBFC517F97CBD00DA3A50 /* EAGLView.m in Sources */ = {isa = PBXBuildFile; fileRef = 414DBF9317F97CBD00DA3A50 /* EAGLView.m */; };
		414DBFC617F97CBD00DA3A50 /* EJBindingCanvas.m in Sources */ = {isa = PBXBuildFile; fileRef = 414DBF9517F97CBD00DA3A50 /* EJBindingCanvas.m */; };
		414DBFC717F97CBD00DA3A50 /* EJBindingCanvasStyle.m in Sources */ = {isa = PBXBuildFile; fileRef = 414DBF9717F97CBD00DA3A50 /* EJBindingCanvasStyle.m */; };
		414DBFC817F97CBD00DA3A50 /* EJBindingImage.m in Sources */ = {isa = PBXBuildFile; fileRef = 414DBF9917F97CBD00DA3A50 /* EJBindingImage.m */; };
		414DBFC917F97CBD00DA3A50 /* EJCanvasContext.m in Sources */ = {isa = PBXBuildFile; fileRef = 414DBF9B17F97CBD00DA3A50 /* EJCanvasContext.m */; };
		414DBFCA17F97CBD00DA3A50 /* EJSharedTextureCache.m in Sources */ = {isa = PBXBuildFile; fileRef = 414DBF9F17F97CBD00DA3A50 /* EJSharedTextureCache.m */; };
		414DBFCB17F97CBD00DA3A50 /* EJTexture.m in Sources */ = {isa = PBXBuildFile; fileRef = 414DBFA117F97CBD00DA3A50 /* EJTexture.m */; };
		414DBFCC17F97CBD00DA3A50 /* EJTextureStorage.m in Sources */ = {isa = PBXBuildFile; fileRef = 414DBFA317F97CBD00DA3A50 /* EJTextureStorage.m */; };
		414DBFCD17F97CBD00DA3A50 /* EJBindingCanvasContextWebGL.m in Sources */ = {isa = PBXBuildFile; fileRef = 414DBFA617F97CBD00DA3A50 /* EJBindingCanvasContextWebGL.m */; };
		414DBFCE17F97CBD00DA3A50 /* EJBindingWebGLExtensions.m in Sources */ = {isa = PBXBuildFile; fileRef = 414DBFA817F97CBD00DA3A50 /* EJBindingWebGLExtensions.m */; };
		414DBFCF17F97CBD00DA3A50 /* EJBindingWebGLObjects.m in Sources */ = {isa = PBXBuildFile; fileRef = 414DBFAA17F97CBD00DA3A50 /* EJBindingWebGLObjects.m */; };
		414DBFD017F97CBD00DA3A50 /* EJCanvasContextWebGL.m in Sources */ = {isa = PBXBuildFile; fileRef = 414DBFAC17F97CBD00DA3A50 /* EJCanvasContextWebGL.m */; };
		414DBFD117F97CBD00DA3A50 /* EJConvertWebGL.m in Sources */ = {isa = PBXBuildFile; fileRef = 414DBFAE17F97CBD00DA3A50 /* EJConvertWebGL.m */; };
		414DBFD217F97F1300DA3A50 /* AlphaTexture.fsh in Resources */ = {isa = PBXBuildFile; fileRef = 414DBF8C17F97CBD00DA3A50 /* AlphaTexture.fsh */; };
		414DBFD317F97F1300DA3A50 /* Flat.fsh in Resources */ = {isa = PBXBuildFile; fileRef = 414DBF8D17F97CBD00DA3A50 /* Flat.fsh */; };
		414DBFD417F97F1300DA3A50 /* Pattern.fsh in Resources */ = {isa = PBXBuildFile; fileRef = 414DBF8E17F97CBD00DA3A50 /* Pattern.fsh */; };
		414DBFD517F97F1300DA3A50 /* RadialGradient.fsh in Resources */ = {isa = PBXBuildFile; fileRef = 414DBF8F17F97CBD00DA3A50 /* RadialGradient.fsh */; };
		414DBFD617F97F1300DA3A50 /* Texture.fsh in Resources */ = {isa = PBXBuildFile; fileRef = 414DBF9017F97CBD00DA3A50 /* Texture.fsh */; };
		414DBFD717F97F1300DA3A50 /* Vertex.vsh in Resources */ = {isa = PBXBuildFile; fileRef = 414DBF9117F97CBD00DA3A50 /* Vertex.vsh */; };
		41CF5DD1178D008300001BC8 /* libstdc++.dylib in Frameworks */ = {isa = PBXBuildFile; fileRef = 41CF5DD0178D008300001BC8 /* libstdc++.dylib */; };
		41CF5E78178D06CF00001BC8 /* EJAudioSourceAVAudio.m in Sources */ = {isa = PBXBuildFile; fileRef = 41CF5DD9178D06CF00001BC8 /* EJAudioSourceAVAudio.m */; };
		41CF5E79178D06CF00001BC8 /* EJAudioSourceOpenAL.m in Sources */ = {isa = PBXBuildFile; fileRef = 41CF5DDB178D06CF00001BC8 /* EJAudioSourceOpenAL.m */; };
		41CF5E7A178D06CF00001BC8 /* EJBindingAudio.m in Sources */ = {isa = PBXBuildFile; fileRef = 41CF5DDD178D06CF00001BC8 /* EJBindingAudio.m */; };
		41CF5E7B178D06CF00001BC8 /* EJOpenALBuffer.m in Sources */ = {isa = PBXBuildFile; fileRef = 41CF5DDF178D06CF00001BC8 /* EJOpenALBuffer.m */; };
		41CF5E7C178D06CF00001BC8 /* EJSharedOpenALManager.m in Sources */ = {isa = PBXBuildFile; fileRef = 41CF5DE1178D06CF00001BC8 /* EJSharedOpenALManager.m */; };
		41CF5E7D178D06CF00001BC8 /* EJBindingBase.m in Sources */ = {isa = PBXBuildFile; fileRef = 41CF5DE3178D06CF00001BC8 /* EJBindingBase.m */; };
		41CF5E7E178D06CF00001BC8 /* EJBindingEjectaCore.m in Sources */ = {isa = PBXBuildFile; fileRef = 41CF5DE5178D06CF00001BC8 /* EJBindingEjectaCore.m */; };
		41CF5E7F178D06CF00001BC8 /* EJBindingEventedBase.m in Sources */ = {isa = PBXBuildFile; fileRef = 41CF5DE7178D06CF00001BC8 /* EJBindingEventedBase.m */; };
		41CF5E80178D06CF00001BC8 /* EJBindingVideo.m in Sources */ = {isa = PBXBuildFile; fileRef = 41CF5DE9178D06CF00001BC8 /* EJBindingVideo.m */; };
		41CF5EA4178D06CF00001BC8 /* EJClassLoader.m in Sources */ = {isa = PBXBuildFile; fileRef = 41CF5E32178D06CF00001BC8 /* EJClassLoader.m */; };
		41CF5EA5178D06CF00001BC8 /* EJConvert.m in Sources */ = {isa = PBXBuildFile; fileRef = 41CF5E34178D06CF00001BC8 /* EJConvert.m */; };
		41CF5EA7178D06CF00001BC8 /* EJNonRetainingProxy.m in Sources */ = {isa = PBXBuildFile; fileRef = 41CF5E38178D06CF00001BC8 /* EJNonRetainingProxy.m */; };
		41CF5EA8178D06CF00001BC8 /* EJSharedOpenGLContext.m in Sources */ = {isa = PBXBuildFile; fileRef = 41CF5E3A178D06CF00001BC8 /* EJSharedOpenGLContext.m */; };
		41CF5EA9178D06CF00001BC8 /* EJTimer.m in Sources */ = {isa = PBXBuildFile; fileRef = 41CF5E3C178D06CF00001BC8 /* EJTimer.m */; };
		41CF5EAB178D06CF00001BC8 /* EJBindingAdBanner.m in Sources */ = {isa = PBXBuildFile; fileRef = 41CF5E41178D06CF00001BC8 /* EJBindingAdBanner.m */; };
		41CF5EAC178D06CF00001BC8 /* EJBindingDeviceMotion.m in Sources */ = {isa = PBXBuildFile; fileRef = 41CF5E43178D06CF00001BC8 /* EJBindingDeviceMotion.m */; };
		41CF5EAD178D06CF00001BC8 /* EJBindingGameCenter.m in Sources */ = {isa = PBXBuildFile; fileRef = 41CF5E45178D06CF00001BC8 /* EJBindingGameCenter.m */; };
		41CF5EAE178D06CF00001BC8 /* EJBindingHttpRequest.m in Sources */ = {isa = PBXBuildFile; fileRef = 41CF5E47178D06CF00001BC8 /* EJBindingHttpRequest.m */; };
		41CF5EAF178D06CF00001BC8 /* EJBindingKeyInput.m in Sources */ = {isa = PBXBuildFile; fileRef = 41CF5E49178D06CF00001BC8 /* EJBindingKeyInput.m */; };
		41CF5EB0178D06CF00001BC8 /* EJBindingLocalStorage.m in Sources */ = {isa = PBXBuildFile; fileRef = 41CF5E4B178D06CF00001BC8 /* EJBindingLocalStorage.m */; };
		41CF5EB1178D06CF00001BC8 /* EJBindingTouchInput.m in Sources */ = {isa = PBXBuildFile; fileRef = 41CF5E4D178D06CF00001BC8 /* EJBindingTouchInput.m */; };
		41CF5EB3178D06CF00001BC8 /* EJBindingWindowEvents.m in Sources */ = {isa = PBXBuildFile; fileRef = 41CF5E51178D06CF00001BC8 /* EJBindingWindowEvents.m */; };
		41CF5EB5178D06CF00001BC8 /* EJBindingIAPManager.m in Sources */ = {isa = PBXBuildFile; fileRef = 41CF5E56178D06CF00001BC8 /* EJBindingIAPManager.m */; };
		41CF5EB6178D06CF00001BC8 /* EJBindingIAPProduct.m in Sources */ = {isa = PBXBuildFile; fileRef = 41CF5E58178D06CF00001BC8 /* EJBindingIAPProduct.m */; };
		41CF5EB7178D06CF00001BC8 /* EJBindingIAPTransaction.m in Sources */ = {isa = PBXBuildFile; fileRef = 41CF5E5A178D06CF00001BC8 /* EJBindingIAPTransaction.m */; };
		41CF5EB9178D06CF00001BC8 /* base64.c in Sources */ = {isa = PBXBuildFile; fileRef = 41CF5E69178D06CF00001BC8 /* base64.c */; };
		41CF5EBA178D06CF00001BC8 /* NSData+SRB64Additions.m in Sources */ = {isa = PBXBuildFile; fileRef = 41CF5E6C178D06CF00001BC8 /* NSData+SRB64Additions.m */; };
		41CF5EBB178D06CF00001BC8 /* SRWebSocket.m in Sources */ = {isa = PBXBuildFile; fileRef = 41CF5E6F178D06CF00001BC8 /* SRWebSocket.m */; settings = {COMPILER_FLAGS = "-fobjc-arc"; }; };
		41CF5EBC178D06D000001BC8 /* WizCanvasView.m in Sources */ = {isa = PBXBuildFile; fileRef = 41CF5E71178D06CF00001BC8 /* WizCanvasView.m */; };
		41CF5EBD178D06D000001BC8 /* WizCanvasPlugin.m in Sources */ = {isa = PBXBuildFile; fileRef = 41CF5E74178D06CF00001BC8 /* WizCanvasPlugin.m */; };
		41CF5EBF178D07D200001BC8 /* libJavaScriptCore.a in Frameworks */ = {isa = PBXBuildFile; fileRef = 41CF5E67178D06CF00001BC8 /* libJavaScriptCore.a */; };
		41CF5EC1178D0B3B00001BC8 /* Security.framework in Frameworks */ = {isa = PBXBuildFile; fileRef = 41CF5EC0178D0B3B00001BC8 /* Security.framework */; };
		41CF5EC3178D0B6C00001BC8 /* StoreKit.framework in Frameworks */ = {isa = PBXBuildFile; fileRef = 41CF5EC2178D0B6C00001BC8 /* StoreKit.framework */; };
		41CF5EC5178D0B8700001BC8 /* CoreMotion.framework in Frameworks */ = {isa = PBXBuildFile; fileRef = 41CF5EC4178D0B8700001BC8 /* CoreMotion.framework */; };
		41DC39FD17E30F7A00FB6416 /* Cordova.framework in Frameworks */ = {isa = PBXBuildFile; fileRef = 41DC39FC17E30F7A00FB6416 /* Cordova.framework */; };
		41DC39FF17E3107E00FB6416 /* AssetsLibrary.framework in Frameworks */ = {isa = PBXBuildFile; fileRef = 41DC39FE17E3107E00FB6416 /* AssetsLibrary.framework */; };
		D4A0D8761607E02300AEF8BB /* Default-568h@2x~iphone.png in Resources */ = {isa = PBXBuildFile; fileRef = D4A0D8751607E02300AEF8BB /* Default-568h@2x~iphone.png */; };
		F6FA7CDF16AFDEC200AD8974 /* iAd.framework in Frameworks */ = {isa = PBXBuildFile; fileRef = F6FA7CDE16AFDEC200AD8974 /* iAd.framework */; };
		F6FA7CE116AFDEF000AD8974 /* CoreText.framework in Frameworks */ = {isa = PBXBuildFile; fileRef = F6FA7CE016AFDEF000AD8974 /* CoreText.framework */; };
		F6FA7CE316AFDF0F00AD8974 /* OpenGLES.framework in Frameworks */ = {isa = PBXBuildFile; fileRef = F6FA7CE216AFDF0F00AD8974 /* OpenGLES.framework */; };
		F6FA7CE516AFDF1C00AD8974 /* GameKit.framework in Frameworks */ = {isa = PBXBuildFile; fileRef = F6FA7CE416AFDF1C00AD8974 /* GameKit.framework */; };
		F6FA7CE716AFDF6200AD8974 /* OpenAL.framework in Frameworks */ = {isa = PBXBuildFile; fileRef = F6FA7CE616AFDF6200AD8974 /* OpenAL.framework */; };
		F6FA7CE916AFDFA300AD8974 /* libicucore.dylib in Frameworks */ = {isa = PBXBuildFile; fileRef = F6FA7CE816AFDFA300AD8974 /* libicucore.dylib */; };
		F840E1F1165FE0F500CFE078 /* config.xml in Resources */ = {isa = PBXBuildFile; fileRef = F840E1F0165FE0F500CFE078 /* config.xml */; };
/* End PBXBuildFile section */

/* Begin PBXFileReference section */
		1D30AB110D05D00D00671497 /* Foundation.framework */ = {isa = PBXFileReference; lastKnownFileType = wrapper.framework; name = Foundation.framework; path = System/Library/Frameworks/Foundation.framework; sourceTree = SDKROOT; };
		1D3623240D0F684500981E51 /* AppDelegate.h */ = {isa = PBXFileReference; fileEncoding = 4; lastKnownFileType = sourcecode.c.h; path = AppDelegate.h; sourceTree = "<group>"; };
		1D3623250D0F684500981E51 /* AppDelegate.m */ = {isa = PBXFileReference; fileEncoding = 4; lastKnownFileType = sourcecode.c.objc; path = AppDelegate.m; sourceTree = "<group>"; };
		1D6058910D05DD3D006BFB54 /* exampleWizCanvas.app */ = {isa = PBXFileReference; explicitFileType = wrapper.application; includeInIndex = 0; path = exampleWizCanvas.app; sourceTree = BUILT_PRODUCTS_DIR; };
		1DF5F4DF0D08C38300B7A737 /* UIKit.framework */ = {isa = PBXFileReference; lastKnownFileType = wrapper.framework; name = UIKit.framework; path = System/Library/Frameworks/UIKit.framework; sourceTree = SDKROOT; };
		1F2F1568499487E8346B6695 /* EJBindingWizViewMessenger.m */ = {isa = PBXFileReference; fileEncoding = 4; lastKnownFileType = sourcecode.c.objc; path = EJBindingWizViewMessenger.m; sourceTree = "<group>"; };
		1F2F18D5B4F7B1507CAC45B7 /* EJBindingWebSocket.m */ = {isa = PBXFileReference; fileEncoding = 4; lastKnownFileType = sourcecode.c.objc; path = EJBindingWebSocket.m; sourceTree = "<group>"; };
		1F2F19183C69045468E4175F /* EJBindingWizViewMessenger.h */ = {isa = PBXFileReference; fileEncoding = 4; lastKnownFileType = sourcecode.c.h; path = EJBindingWizViewMessenger.h; sourceTree = "<group>"; };
		1F2F1F2B3D6C0726F921D9C4 /* EJBindingWebSocket.h */ = {isa = PBXFileReference; fileEncoding = 4; lastKnownFileType = sourcecode.c.h; path = EJBindingWebSocket.h; sourceTree = "<group>"; };
		1F766FDD13BBADB100FB74C0 /* en */ = {isa = PBXFileReference; lastKnownFileType = text.plist.strings; name = en; path = Localizable.strings; sourceTree = "<group>"; };
		288765FC0DF74451002DB57D /* CoreGraphics.framework */ = {isa = PBXFileReference; lastKnownFileType = wrapper.framework; name = CoreGraphics.framework; path = System/Library/Frameworks/CoreGraphics.framework; sourceTree = SDKROOT; };
		29B97316FDCFA39411CA2CEA /* main.m */ = {isa = PBXFileReference; fileEncoding = 4; lastKnownFileType = sourcecode.c.objc; name = main.m; path = "/Users/Ally/Documents/Wizcorp/phonegap-plugin-wizCanvas/example/ios/exampleWizCanvas/main.m"; sourceTree = "<absolute>"; };
		301BF56E109A69640062928A /* www */ = {isa = PBXFileReference; lastKnownFileType = folder; path = www; sourceTree = SOURCE_ROOT; };
		301BF5B4109A6A2B0062928A /* AddressBook.framework */ = {isa = PBXFileReference; lastKnownFileType = wrapper.framework; name = AddressBook.framework; path = System/Library/Frameworks/AddressBook.framework; sourceTree = SDKROOT; };
		301BF5B6109A6A2B0062928A /* AddressBookUI.framework */ = {isa = PBXFileReference; lastKnownFileType = wrapper.framework; name = AddressBookUI.framework; path = System/Library/Frameworks/AddressBookUI.framework; sourceTree = SDKROOT; };
		301BF5B8109A6A2B0062928A /* AudioToolbox.framework */ = {isa = PBXFileReference; lastKnownFileType = wrapper.framework; name = AudioToolbox.framework; path = System/Library/Frameworks/AudioToolbox.framework; sourceTree = SDKROOT; };
		301BF5BA109A6A2B0062928A /* AVFoundation.framework */ = {isa = PBXFileReference; lastKnownFileType = wrapper.framework; name = AVFoundation.framework; path = System/Library/Frameworks/AVFoundation.framework; sourceTree = SDKROOT; };
		301BF5BC109A6A2B0062928A /* CFNetwork.framework */ = {isa = PBXFileReference; lastKnownFileType = wrapper.framework; name = CFNetwork.framework; path = System/Library/Frameworks/CFNetwork.framework; sourceTree = SDKROOT; };
		301BF5BE109A6A2B0062928A /* CoreLocation.framework */ = {isa = PBXFileReference; lastKnownFileType = wrapper.framework; name = CoreLocation.framework; path = System/Library/Frameworks/CoreLocation.framework; sourceTree = SDKROOT; };
		301BF5C0109A6A2B0062928A /* MediaPlayer.framework */ = {isa = PBXFileReference; lastKnownFileType = wrapper.framework; name = MediaPlayer.framework; path = System/Library/Frameworks/MediaPlayer.framework; sourceTree = SDKROOT; };
		301BF5C2109A6A2B0062928A /* QuartzCore.framework */ = {isa = PBXFileReference; lastKnownFileType = wrapper.framework; name = QuartzCore.framework; path = System/Library/Frameworks/QuartzCore.framework; sourceTree = SDKROOT; };
		301BF5C4109A6A2B0062928A /* SystemConfiguration.framework */ = {isa = PBXFileReference; lastKnownFileType = wrapper.framework; name = SystemConfiguration.framework; path = System/Library/Frameworks/SystemConfiguration.framework; sourceTree = SDKROOT; };
		302D95EE14D2391D003F00A1 /* MainViewController.h */ = {isa = PBXFileReference; fileEncoding = 4; lastKnownFileType = sourcecode.c.h; path = MainViewController.h; sourceTree = "<group>"; };
		302D95EF14D2391D003F00A1 /* MainViewController.m */ = {isa = PBXFileReference; fileEncoding = 4; lastKnownFileType = sourcecode.c.objc; path = MainViewController.m; sourceTree = "<group>"; };
		302D95F014D2391D003F00A1 /* MainViewController.xib */ = {isa = PBXFileReference; fileEncoding = 4; lastKnownFileType = file.xib; path = MainViewController.xib; sourceTree = "<group>"; };
		305D5FD0115AB8F900A74A75 /* MobileCoreServices.framework */ = {isa = PBXFileReference; lastKnownFileType = wrapper.framework; name = MobileCoreServices.framework; path = System/Library/Frameworks/MobileCoreServices.framework; sourceTree = SDKROOT; };
		3088BBB7154F3926009F9C59 /* Default-Landscape@2x~ipad.png */ = {isa = PBXFileReference; lastKnownFileType = image.png; path = "Default-Landscape@2x~ipad.png"; sourceTree = "<group>"; };
		3088BBB8154F3926009F9C59 /* Default-Landscape~ipad.png */ = {isa = PBXFileReference; lastKnownFileType = image.png; path = "Default-Landscape~ipad.png"; sourceTree = "<group>"; };
		3088BBB9154F3926009F9C59 /* Default-Portrait@2x~ipad.png */ = {isa = PBXFileReference; lastKnownFileType = image.png; path = "Default-Portrait@2x~ipad.png"; sourceTree = "<group>"; };
		3088BBBA154F3926009F9C59 /* Default-Portrait~ipad.png */ = {isa = PBXFileReference; lastKnownFileType = image.png; path = "Default-Portrait~ipad.png"; sourceTree = "<group>"; };
		3088BBBB154F3926009F9C59 /* Default@2x~iphone.png */ = {isa = PBXFileReference; lastKnownFileType = image.png; path = "Default@2x~iphone.png"; sourceTree = "<group>"; };
		3088BBBC154F3926009F9C59 /* Default~iphone.png */ = {isa = PBXFileReference; lastKnownFileType = image.png; path = "Default~iphone.png"; sourceTree = "<group>"; };
		308D052E1370CCF300D202BF /* icon-72.png */ = {isa = PBXFileReference; lastKnownFileType = image.png; path = "icon-72.png"; sourceTree = "<group>"; };
		308D052F1370CCF300D202BF /* icon.png */ = {isa = PBXFileReference; lastKnownFileType = image.png; path = icon.png; sourceTree = "<group>"; };
		308D05301370CCF300D202BF /* icon@2x.png */ = {isa = PBXFileReference; lastKnownFileType = image.png; path = "icon@2x.png"; sourceTree = "<group>"; };
		30E5649113A7FCAF007403D8 /* CoreMedia.framework */ = {isa = PBXFileReference; lastKnownFileType = wrapper.framework; name = CoreMedia.framework; path = System/Library/Frameworks/CoreMedia.framework; sourceTree = SDKROOT; };
		32CA4F630368D1EE00C91783 /* exampleWizCanvas-Prefix.pch */ = {isa = PBXFileReference; fileEncoding = 4; lastKnownFileType = sourcecode.c.h; name = "exampleWizCanvas-Prefix.pch"; path = "../exampleWizCanvas/exampleWizCanvas-Prefix.pch"; sourceTree = "<group>"; };
		414DBF6A17F97CBD00DA3A50 /* EJBindingCanvasContext2D.h */ = {isa = PBXFileReference; fileEncoding = 4; lastKnownFileType = sourcecode.c.h; path = EJBindingCanvasContext2D.h; sourceTree = "<group>"; };
		414DBF6B17F97CBD00DA3A50 /* EJBindingCanvasContext2D.m */ = {isa = PBXFileReference; fileEncoding = 4; lastKnownFileType = sourcecode.c.objc; path = EJBindingCanvasContext2D.m; sourceTree = "<group>"; };
		414DBF6C17F97CBD00DA3A50 /* EJBindingCanvasGradient.h */ = {isa = PBXFileReference; fileEncoding = 4; lastKnownFileType = sourcecode.c.h; path = EJBindingCanvasGradient.h; sourceTree = "<group>"; };
		414DBF6D17F97CBD00DA3A50 /* EJBindingCanvasGradient.m */ = {isa = PBXFileReference; fileEncoding = 4; lastKnownFileType = sourcecode.c.objc; path = EJBindingCanvasGradient.m; sourceTree = "<group>"; };
		414DBF6E17F97CBD00DA3A50 /* EJBindingCanvasPattern.h */ = {isa = PBXFileReference; fileEncoding = 4; lastKnownFileType = sourcecode.c.h; path = EJBindingCanvasPattern.h; sourceTree = "<group>"; };
		414DBF6F17F97CBD00DA3A50 /* EJBindingCanvasPattern.m */ = {isa = PBXFileReference; fileEncoding = 4; lastKnownFileType = sourcecode.c.objc; path = EJBindingCanvasPattern.m; sourceTree = "<group>"; };
		414DBF7017F97CBD00DA3A50 /* EJBindingImageData.h */ = {isa = PBXFileReference; fileEncoding = 4; lastKnownFileType = sourcecode.c.h; path = EJBindingImageData.h; sourceTree = "<group>"; };
		414DBF7117F97CBD00DA3A50 /* EJBindingImageData.m */ = {isa = PBXFileReference; fileEncoding = 4; lastKnownFileType = sourcecode.c.objc; path = EJBindingImageData.m; sourceTree = "<group>"; };
		414DBF7217F97CBD00DA3A50 /* EJBindingTextMetrics.h */ = {isa = PBXFileReference; fileEncoding = 4; lastKnownFileType = sourcecode.c.h; path = EJBindingTextMetrics.h; sourceTree = "<group>"; };
		414DBF7317F97CBD00DA3A50 /* EJBindingTextMetrics.m */ = {isa = PBXFileReference; fileEncoding = 4; lastKnownFileType = sourcecode.c.objc; path = EJBindingTextMetrics.m; sourceTree = "<group>"; };
		414DBF7417F97CBD00DA3A50 /* EJCanvas2DTypes.h */ = {isa = PBXFileReference; fileEncoding = 4; lastKnownFileType = sourcecode.c.h; path = EJCanvas2DTypes.h; sourceTree = "<group>"; };
		414DBF7517F97CBD00DA3A50 /* EJCanvasContext2D.h */ = {isa = PBXFileReference; fileEncoding = 4; lastKnownFileType = sourcecode.c.h; path = EJCanvasContext2D.h; sourceTree = "<group>"; };
		414DBF7617F97CBD00DA3A50 /* EJCanvasContext2D.m */ = {isa = PBXFileReference; fileEncoding = 4; lastKnownFileType = sourcecode.c.objc; path = EJCanvasContext2D.m; sourceTree = "<group>"; };
		414DBF7717F97CBD00DA3A50 /* EJCanvasContext2DScreen.h */ = {isa = PBXFileReference; fileEncoding = 4; lastKnownFileType = sourcecode.c.h; path = EJCanvasContext2DScreen.h; sourceTree = "<group>"; };
		414DBF7817F97CBD00DA3A50 /* EJCanvasContext2DScreen.m */ = {isa = PBXFileReference; fileEncoding = 4; lastKnownFileType = sourcecode.c.objc; path = EJCanvasContext2DScreen.m; sourceTree = "<group>"; };
		414DBF7917F97CBD00DA3A50 /* EJCanvasContext2DTexture.h */ = {isa = PBXFileReference; fileEncoding = 4; lastKnownFileType = sourcecode.c.h; path = EJCanvasContext2DTexture.h; sourceTree = "<group>"; };
		414DBF7A17F97CBD00DA3A50 /* EJCanvasContext2DTexture.m */ = {isa = PBXFileReference; fileEncoding = 4; lastKnownFileType = sourcecode.c.objc; path = EJCanvasContext2DTexture.m; sourceTree = "<group>"; };
		414DBF7B17F97CBD00DA3A50 /* EJCanvasGradient.h */ = {isa = PBXFileReference; fileEncoding = 4; lastKnownFileType = sourcecode.c.h; path = EJCanvasGradient.h; sourceTree = "<group>"; };
		414DBF7C17F97CBD00DA3A50 /* EJCanvasGradient.m */ = {isa = PBXFileReference; fileEncoding = 4; lastKnownFileType = sourcecode.c.objc; path = EJCanvasGradient.m; sourceTree = "<group>"; };
		414DBF7D17F97CBD00DA3A50 /* EJCanvasPattern.h */ = {isa = PBXFileReference; fileEncoding = 4; lastKnownFileType = sourcecode.c.h; path = EJCanvasPattern.h; sourceTree = "<group>"; };
		414DBF7E17F97CBD00DA3A50 /* EJCanvasPattern.m */ = {isa = PBXFileReference; fileEncoding = 4; lastKnownFileType = sourcecode.c.objc; path = EJCanvasPattern.m; sourceTree = "<group>"; };
		414DBF7F17F97CBD00DA3A50 /* EJConvertColorRGBA.h */ = {isa = PBXFileReference; fileEncoding = 4; lastKnownFileType = sourcecode.c.h; path = EJConvertColorRGBA.h; sourceTree = "<group>"; };
		414DBF8017F97CBD00DA3A50 /* EJConvertColorRGBA.m */ = {isa = PBXFileReference; fileEncoding = 4; lastKnownFileType = sourcecode.c.objc; path = EJConvertColorRGBA.m; sourceTree = "<group>"; };
		414DBF8117F97CBD00DA3A50 /* EJFont.h */ = {isa = PBXFileReference; fileEncoding = 4; lastKnownFileType = sourcecode.c.h; path = EJFont.h; sourceTree = "<group>"; };
		414DBF8217F97CBD00DA3A50 /* EJFont.mm */ = {isa = PBXFileReference; fileEncoding = 4; lastKnownFileType = sourcecode.cpp.objcpp; path = EJFont.mm; sourceTree = "<group>"; };
		414DBF8317F97CBD00DA3A50 /* EJGLProgram2D.h */ = {isa = PBXFileReference; fileEncoding = 4; lastKnownFileType = sourcecode.c.h; path = EJGLProgram2D.h; sourceTree = "<group>"; };
		414DBF8417F97CBD00DA3A50 /* EJGLProgram2D.m */ = {isa = PBXFileReference; fileEncoding = 4; lastKnownFileType = sourcecode.c.objc; path = EJGLProgram2D.m; sourceTree = "<group>"; };
		414DBF8517F97CBD00DA3A50 /* EJGLProgram2DRadialGradient.h */ = {isa = PBXFileReference; fileEncoding = 4; lastKnownFileType = sourcecode.c.h; path = EJGLProgram2DRadialGradient.h; sourceTree = "<group>"; };
		414DBF8617F97CBD00DA3A50 /* EJGLProgram2DRadialGradient.m */ = {isa = PBXFileReference; fileEncoding = 4; lastKnownFileType = sourcecode.c.objc; path = EJGLProgram2DRadialGradient.m; sourceTree = "<group>"; };
		414DBF8717F97CBD00DA3A50 /* EJImageData.h */ = {isa = PBXFileReference; fileEncoding = 4; lastKnownFileType = sourcecode.c.h; path = EJImageData.h; sourceTree = "<group>"; };
		414DBF8817F97CBD00DA3A50 /* EJImageData.m */ = {isa = PBXFileReference; fileEncoding = 4; lastKnownFileType = sourcecode.c.objc; path = EJImageData.m; sourceTree = "<group>"; };
		414DBF8917F97CBD00DA3A50 /* EJPath.h */ = {isa = PBXFileReference; fileEncoding = 4; lastKnownFileType = sourcecode.c.h; path = EJPath.h; sourceTree = "<group>"; };
		414DBF8A17F97CBD00DA3A50 /* EJPath.mm */ = {isa = PBXFileReference; fileEncoding = 4; lastKnownFileType = sourcecode.cpp.objcpp; path = EJPath.mm; sourceTree = "<group>"; };
		414DBF8C17F97CBD00DA3A50 /* AlphaTexture.fsh */ = {isa = PBXFileReference; fileEncoding = 4; lastKnownFileType = sourcecode.glsl; path = AlphaTexture.fsh; sourceTree = "<group>"; };
		414DBF8D17F97CBD00DA3A50 /* Flat.fsh */ = {isa = PBXFileReference; fileEncoding = 4; lastKnownFileType = sourcecode.glsl; path = Flat.fsh; sourceTree = "<group>"; };
		414DBF8E17F97CBD00DA3A50 /* Pattern.fsh */ = {isa = PBXFileReference; fileEncoding = 4; lastKnownFileType = sourcecode.glsl; path = Pattern.fsh; sourceTree = "<group>"; };
		414DBF8F17F97CBD00DA3A50 /* RadialGradient.fsh */ = {isa = PBXFileReference; fileEncoding = 4; lastKnownFileType = sourcecode.glsl; path = RadialGradient.fsh; sourceTree = "<group>"; };
		414DBF9017F97CBD00DA3A50 /* Texture.fsh */ = {isa = PBXFileReference; fileEncoding = 4; lastKnownFileType = sourcecode.glsl; path = Texture.fsh; sourceTree = "<group>"; };
		414DBF9117F97CBD00DA3A50 /* Vertex.vsh */ = {isa = PBXFileReference; fileEncoding = 4; lastKnownFileType = sourcecode.glsl; path = Vertex.vsh; sourceTree = "<group>"; };
		414DBF9217F97CBD00DA3A50 /* EAGLView.h */ = {isa = PBXFileReference; fileEncoding = 4; lastKnownFileType = sourcecode.c.h; path = EAGLView.h; sourceTree = "<group>"; };
		414DBF9317F97CBD00DA3A50 /* EAGLView.m */ = {isa = PBXFileReference; fileEncoding = 4; lastKnownFileType = sourcecode.c.objc; path = EAGLView.m; sourceTree = "<group>"; };
		414DBF9417F97CBD00DA3A50 /* EJBindingCanvas.h */ = {isa = PBXFileReference; fileEncoding = 4; lastKnownFileType = sourcecode.c.h; path = EJBindingCanvas.h; sourceTree = "<group>"; };
		414DBF9517F97CBD00DA3A50 /* EJBindingCanvas.m */ = {isa = PBXFileReference; fileEncoding = 4; lastKnownFileType = sourcecode.c.objc; path = EJBindingCanvas.m; sourceTree = "<group>"; };
		414DBF9617F97CBD00DA3A50 /* EJBindingCanvasStyle.h */ = {isa = PBXFileReference; fileEncoding = 4; lastKnownFileType = sourcecode.c.h; path = EJBindingCanvasStyle.h; sourceTree = "<group>"; };
		414DBF9717F97CBD00DA3A50 /* EJBindingCanvasStyle.m */ = {isa = PBXFileReference; fileEncoding = 4; lastKnownFileType = sourcecode.c.objc; path = EJBindingCanvasStyle.m; sourceTree = "<group>"; };
		414DBF9817F97CBD00DA3A50 /* EJBindingImage.h */ = {isa = PBXFileReference; fileEncoding = 4; lastKnownFileType = sourcecode.c.h; path = EJBindingImage.h; sourceTree = "<group>"; };
		414DBF9917F97CBD00DA3A50 /* EJBindingImage.m */ = {isa = PBXFileReference; fileEncoding = 4; lastKnownFileType = sourcecode.c.objc; path = EJBindingImage.m; sourceTree = "<group>"; };
		414DBF9A17F97CBD00DA3A50 /* EJCanvasContext.h */ = {isa = PBXFileReference; fileEncoding = 4; lastKnownFileType = sourcecode.c.h; path = EJCanvasContext.h; sourceTree = "<group>"; };
		414DBF9B17F97CBD00DA3A50 /* EJCanvasContext.m */ = {isa = PBXFileReference; fileEncoding = 4; lastKnownFileType = sourcecode.c.objc; path = EJCanvasContext.m; sourceTree = "<group>"; };
		414DBF9C17F97CBD00DA3A50 /* EJDrawable.h */ = {isa = PBXFileReference; fileEncoding = 4; lastKnownFileType = sourcecode.c.h; path = EJDrawable.h; sourceTree = "<group>"; };
		414DBF9D17F97CBD00DA3A50 /* EJPresentable.h */ = {isa = PBXFileReference; fileEncoding = 4; lastKnownFileType = sourcecode.c.h; path = EJPresentable.h; sourceTree = "<group>"; };
		414DBF9E17F97CBD00DA3A50 /* EJSharedTextureCache.h */ = {isa = PBXFileReference; fileEncoding = 4; lastKnownFileType = sourcecode.c.h; path = EJSharedTextureCache.h; sourceTree = "<group>"; };
		414DBF9F17F97CBD00DA3A50 /* EJSharedTextureCache.m */ = {isa = PBXFileReference; fileEncoding = 4; lastKnownFileType = sourcecode.c.objc; path = EJSharedTextureCache.m; sourceTree = "<group>"; };
		414DBFA017F97CBD00DA3A50 /* EJTexture.h */ = {isa = PBXFileReference; fileEncoding = 4; lastKnownFileType = sourcecode.c.h; path = EJTexture.h; sourceTree = "<group>"; };
		414DBFA117F97CBD00DA3A50 /* EJTexture.m */ = {isa = PBXFileReference; fileEncoding = 4; lastKnownFileType = sourcecode.c.objc; path = EJTexture.m; sourceTree = "<group>"; };
		414DBFA217F97CBD00DA3A50 /* EJTextureStorage.h */ = {isa = PBXFileReference; fileEncoding = 4; lastKnownFileType = sourcecode.c.h; path = EJTextureStorage.h; sourceTree = "<group>"; };
		414DBFA317F97CBD00DA3A50 /* EJTextureStorage.m */ = {isa = PBXFileReference; fileEncoding = 4; lastKnownFileType = sourcecode.c.objc; path = EJTextureStorage.m; sourceTree = "<group>"; };
		414DBFA517F97CBD00DA3A50 /* EJBindingCanvasContextWebGL.h */ = {isa = PBXFileReference; fileEncoding = 4; lastKnownFileType = sourcecode.c.h; path = EJBindingCanvasContextWebGL.h; sourceTree = "<group>"; };
		414DBFA617F97CBD00DA3A50 /* EJBindingCanvasContextWebGL.m */ = {isa = PBXFileReference; fileEncoding = 4; lastKnownFileType = sourcecode.c.objc; path = EJBindingCanvasContextWebGL.m; sourceTree = "<group>"; };
		414DBFA717F97CBD00DA3A50 /* EJBindingWebGLExtensions.h */ = {isa = PBXFileReference; fileEncoding = 4; lastKnownFileType = sourcecode.c.h; path = EJBindingWebGLExtensions.h; sourceTree = "<group>"; };
		414DBFA817F97CBD00DA3A50 /* EJBindingWebGLExtensions.m */ = {isa = PBXFileReference; fileEncoding = 4; lastKnownFileType = sourcecode.c.objc; path = EJBindingWebGLExtensions.m; sourceTree = "<group>"; };
		414DBFA917F97CBD00DA3A50 /* EJBindingWebGLObjects.h */ = {isa = PBXFileReference; fileEncoding = 4; lastKnownFileType = sourcecode.c.h; path = EJBindingWebGLObjects.h; sourceTree = "<group>"; };
		414DBFAA17F97CBD00DA3A50 /* EJBindingWebGLObjects.m */ = {isa = PBXFileReference; fileEncoding = 4; lastKnownFileType = sourcecode.c.objc; path = EJBindingWebGLObjects.m; sourceTree = "<group>"; };
		414DBFAB17F97CBD00DA3A50 /* EJCanvasContextWebGL.h */ = {isa = PBXFileReference; fileEncoding = 4; lastKnownFileType = sourcecode.c.h; path = EJCanvasContextWebGL.h; sourceTree = "<group>"; };
		414DBFAC17F97CBD00DA3A50 /* EJCanvasContextWebGL.m */ = {isa = PBXFileReference; fileEncoding = 4; lastKnownFileType = sourcecode.c.objc; path = EJCanvasContextWebGL.m; sourceTree = "<group>"; };
		414DBFAD17F97CBD00DA3A50 /* EJConvertWebGL.h */ = {isa = PBXFileReference; fileEncoding = 4; lastKnownFileType = sourcecode.c.h; path = EJConvertWebGL.h; sourceTree = "<group>"; };
		414DBFAE17F97CBD00DA3A50 /* EJConvertWebGL.m */ = {isa = PBXFileReference; fileEncoding = 4; lastKnownFileType = sourcecode.c.objc; path = EJConvertWebGL.m; sourceTree = "<group>"; };
		41CF5DD0178D008300001BC8 /* libstdc++.dylib */ = {isa = PBXFileReference; lastKnownFileType = "compiled.mach-o.dylib"; name = "libstdc++.dylib"; path = "usr/lib/libstdc++.dylib"; sourceTree = SDKROOT; };
		41CF5DD7178D06CF00001BC8 /* EJAudioSource.h */ = {isa = PBXFileReference; fileEncoding = 4; lastKnownFileType = sourcecode.c.h; path = EJAudioSource.h; sourceTree = "<group>"; };
		41CF5DD8178D06CF00001BC8 /* EJAudioSourceAVAudio.h */ = {isa = PBXFileReference; fileEncoding = 4; lastKnownFileType = sourcecode.c.h; path = EJAudioSourceAVAudio.h; sourceTree = "<group>"; };
		41CF5DD9178D06CF00001BC8 /* EJAudioSourceAVAudio.m */ = {isa = PBXFileReference; fileEncoding = 4; lastKnownFileType = sourcecode.c.objc; path = EJAudioSourceAVAudio.m; sourceTree = "<group>"; };
		41CF5DDA178D06CF00001BC8 /* EJAudioSourceOpenAL.h */ = {isa = PBXFileReference; fileEncoding = 4; lastKnownFileType = sourcecode.c.h; path = EJAudioSourceOpenAL.h; sourceTree = "<group>"; };
		41CF5DDB178D06CF00001BC8 /* EJAudioSourceOpenAL.m */ = {isa = PBXFileReference; fileEncoding = 4; lastKnownFileType = sourcecode.c.objc; path = EJAudioSourceOpenAL.m; sourceTree = "<group>"; };
		41CF5DDC178D06CF00001BC8 /* EJBindingAudio.h */ = {isa = PBXFileReference; fileEncoding = 4; lastKnownFileType = sourcecode.c.h; path = EJBindingAudio.h; sourceTree = "<group>"; };
		41CF5DDD178D06CF00001BC8 /* EJBindingAudio.m */ = {isa = PBXFileReference; fileEncoding = 4; lastKnownFileType = sourcecode.c.objc; path = EJBindingAudio.m; sourceTree = "<group>"; };
		41CF5DDE178D06CF00001BC8 /* EJOpenALBuffer.h */ = {isa = PBXFileReference; fileEncoding = 4; lastKnownFileType = sourcecode.c.h; path = EJOpenALBuffer.h; sourceTree = "<group>"; };
		41CF5DDF178D06CF00001BC8 /* EJOpenALBuffer.m */ = {isa = PBXFileReference; fileEncoding = 4; lastKnownFileType = sourcecode.c.objc; path = EJOpenALBuffer.m; sourceTree = "<group>"; };
		41CF5DE0178D06CF00001BC8 /* EJSharedOpenALManager.h */ = {isa = PBXFileReference; fileEncoding = 4; lastKnownFileType = sourcecode.c.h; path = EJSharedOpenALManager.h; sourceTree = "<group>"; };
		41CF5DE1178D06CF00001BC8 /* EJSharedOpenALManager.m */ = {isa = PBXFileReference; fileEncoding = 4; lastKnownFileType = sourcecode.c.objc; path = EJSharedOpenALManager.m; sourceTree = "<group>"; };
		41CF5DE2178D06CF00001BC8 /* EJBindingBase.h */ = {isa = PBXFileReference; fileEncoding = 4; lastKnownFileType = sourcecode.c.h; path = EJBindingBase.h; sourceTree = "<group>"; };
		41CF5DE3178D06CF00001BC8 /* EJBindingBase.m */ = {isa = PBXFileReference; fileEncoding = 4; lastKnownFileType = sourcecode.c.objc; path = EJBindingBase.m; sourceTree = "<group>"; };
		41CF5DE4178D06CF00001BC8 /* EJBindingEjectaCore.h */ = {isa = PBXFileReference; fileEncoding = 4; lastKnownFileType = sourcecode.c.h; path = EJBindingEjectaCore.h; sourceTree = "<group>"; };
		41CF5DE5178D06CF00001BC8 /* EJBindingEjectaCore.m */ = {isa = PBXFileReference; fileEncoding = 4; lastKnownFileType = sourcecode.c.objc; path = EJBindingEjectaCore.m; sourceTree = "<group>"; };
		41CF5DE6178D06CF00001BC8 /* EJBindingEventedBase.h */ = {isa = PBXFileReference; fileEncoding = 4; lastKnownFileType = sourcecode.c.h; path = EJBindingEventedBase.h; sourceTree = "<group>"; };
		41CF5DE7178D06CF00001BC8 /* EJBindingEventedBase.m */ = {isa = PBXFileReference; fileEncoding = 4; lastKnownFileType = sourcecode.c.objc; path = EJBindingEventedBase.m; sourceTree = "<group>"; };
		41CF5DE8178D06CF00001BC8 /* EJBindingVideo.h */ = {isa = PBXFileReference; fileEncoding = 4; lastKnownFileType = sourcecode.c.h; path = EJBindingVideo.h; sourceTree = "<group>"; };
		41CF5DE9178D06CF00001BC8 /* EJBindingVideo.m */ = {isa = PBXFileReference; fileEncoding = 4; lastKnownFileType = sourcecode.c.objc; path = EJBindingVideo.m; sourceTree = "<group>"; };
		41CF5E31178D06CF00001BC8 /* EJClassLoader.h */ = {isa = PBXFileReference; fileEncoding = 4; lastKnownFileType = sourcecode.c.h; path = EJClassLoader.h; sourceTree = "<group>"; };
		41CF5E32178D06CF00001BC8 /* EJClassLoader.m */ = {isa = PBXFileReference; fileEncoding = 4; lastKnownFileType = sourcecode.c.objc; path = EJClassLoader.m; sourceTree = "<group>"; };
		41CF5E33178D06CF00001BC8 /* EJConvert.h */ = {isa = PBXFileReference; fileEncoding = 4; lastKnownFileType = sourcecode.c.h; path = EJConvert.h; sourceTree = "<group>"; };
		41CF5E34178D06CF00001BC8 /* EJConvert.m */ = {isa = PBXFileReference; fileEncoding = 4; lastKnownFileType = sourcecode.c.objc; path = EJConvert.m; sourceTree = "<group>"; };
		41CF5E37178D06CF00001BC8 /* EJNonRetainingProxy.h */ = {isa = PBXFileReference; fileEncoding = 4; lastKnownFileType = sourcecode.c.h; path = EJNonRetainingProxy.h; sourceTree = "<group>"; };
		41CF5E38178D06CF00001BC8 /* EJNonRetainingProxy.m */ = {isa = PBXFileReference; fileEncoding = 4; lastKnownFileType = sourcecode.c.objc; path = EJNonRetainingProxy.m; sourceTree = "<group>"; };
		41CF5E39178D06CF00001BC8 /* EJSharedOpenGLContext.h */ = {isa = PBXFileReference; fileEncoding = 4; lastKnownFileType = sourcecode.c.h; path = EJSharedOpenGLContext.h; sourceTree = "<group>"; };
		41CF5E3A178D06CF00001BC8 /* EJSharedOpenGLContext.m */ = {isa = PBXFileReference; fileEncoding = 4; lastKnownFileType = sourcecode.c.objc; path = EJSharedOpenGLContext.m; sourceTree = "<group>"; };
		41CF5E3B178D06CF00001BC8 /* EJTimer.h */ = {isa = PBXFileReference; fileEncoding = 4; lastKnownFileType = sourcecode.c.h; path = EJTimer.h; sourceTree = "<group>"; };
		41CF5E3C178D06CF00001BC8 /* EJTimer.m */ = {isa = PBXFileReference; fileEncoding = 4; lastKnownFileType = sourcecode.c.objc; path = EJTimer.m; sourceTree = "<group>"; };
		41CF5E40178D06CF00001BC8 /* EJBindingAdBanner.h */ = {isa = PBXFileReference; fileEncoding = 4; lastKnownFileType = sourcecode.c.h; path = EJBindingAdBanner.h; sourceTree = "<group>"; };
		41CF5E41178D06CF00001BC8 /* EJBindingAdBanner.m */ = {isa = PBXFileReference; fileEncoding = 4; lastKnownFileType = sourcecode.c.objc; path = EJBindingAdBanner.m; sourceTree = "<group>"; };
		41CF5E42178D06CF00001BC8 /* EJBindingDeviceMotion.h */ = {isa = PBXFileReference; fileEncoding = 4; lastKnownFileType = sourcecode.c.h; path = EJBindingDeviceMotion.h; sourceTree = "<group>"; };
		41CF5E43178D06CF00001BC8 /* EJBindingDeviceMotion.m */ = {isa = PBXFileReference; fileEncoding = 4; lastKnownFileType = sourcecode.c.objc; path = EJBindingDeviceMotion.m; sourceTree = "<group>"; };
		41CF5E44178D06CF00001BC8 /* EJBindingGameCenter.h */ = {isa = PBXFileReference; fileEncoding = 4; lastKnownFileType = sourcecode.c.h; path = EJBindingGameCenter.h; sourceTree = "<group>"; };
		41CF5E45178D06CF00001BC8 /* EJBindingGameCenter.m */ = {isa = PBXFileReference; fileEncoding = 4; lastKnownFileType = sourcecode.c.objc; path = EJBindingGameCenter.m; sourceTree = "<group>"; };
		41CF5E46178D06CF00001BC8 /* EJBindingHttpRequest.h */ = {isa = PBXFileReference; fileEncoding = 4; lastKnownFileType = sourcecode.c.h; path = EJBindingHttpRequest.h; sourceTree = "<group>"; };
		41CF5E47178D06CF00001BC8 /* EJBindingHttpRequest.m */ = {isa = PBXFileReference; fileEncoding = 4; lastKnownFileType = sourcecode.c.objc; path = EJBindingHttpRequest.m; sourceTree = "<group>"; };
		41CF5E48178D06CF00001BC8 /* EJBindingKeyInput.h */ = {isa = PBXFileReference; fileEncoding = 4; lastKnownFileType = sourcecode.c.h; path = EJBindingKeyInput.h; sourceTree = "<group>"; };
		41CF5E49178D06CF00001BC8 /* EJBindingKeyInput.m */ = {isa = PBXFileReference; fileEncoding = 4; lastKnownFileType = sourcecode.c.objc; path = EJBindingKeyInput.m; sourceTree = "<group>"; };
		41CF5E4A178D06CF00001BC8 /* EJBindingLocalStorage.h */ = {isa = PBXFileReference; fileEncoding = 4; lastKnownFileType = sourcecode.c.h; path = EJBindingLocalStorage.h; sourceTree = "<group>"; };
		41CF5E4B178D06CF00001BC8 /* EJBindingLocalStorage.m */ = {isa = PBXFileReference; fileEncoding = 4; lastKnownFileType = sourcecode.c.objc; path = EJBindingLocalStorage.m; sourceTree = "<group>"; };
		41CF5E4C178D06CF00001BC8 /* EJBindingTouchInput.h */ = {isa = PBXFileReference; fileEncoding = 4; lastKnownFileType = sourcecode.c.h; path = EJBindingTouchInput.h; sourceTree = "<group>"; };
		41CF5E4D178D06CF00001BC8 /* EJBindingTouchInput.m */ = {isa = PBXFileReference; fileEncoding = 4; lastKnownFileType = sourcecode.c.objc; path = EJBindingTouchInput.m; sourceTree = "<group>"; };
		41CF5E50178D06CF00001BC8 /* EJBindingWindowEvents.h */ = {isa = PBXFileReference; fileEncoding = 4; lastKnownFileType = sourcecode.c.h; path = EJBindingWindowEvents.h; sourceTree = "<group>"; };
		41CF5E51178D06CF00001BC8 /* EJBindingWindowEvents.m */ = {isa = PBXFileReference; fileEncoding = 4; lastKnownFileType = sourcecode.c.objc; path = EJBindingWindowEvents.m; sourceTree = "<group>"; };
		41CF5E55178D06CF00001BC8 /* EJBindingIAPManager.h */ = {isa = PBXFileReference; fileEncoding = 4; lastKnownFileType = sourcecode.c.h; path = EJBindingIAPManager.h; sourceTree = "<group>"; };
		41CF5E56178D06CF00001BC8 /* EJBindingIAPManager.m */ = {isa = PBXFileReference; fileEncoding = 4; lastKnownFileType = sourcecode.c.objc; path = EJBindingIAPManager.m; sourceTree = "<group>"; };
		41CF5E57178D06CF00001BC8 /* EJBindingIAPProduct.h */ = {isa = PBXFileReference; fileEncoding = 4; lastKnownFileType = sourcecode.c.h; path = EJBindingIAPProduct.h; sourceTree = "<group>"; };
		41CF5E58178D06CF00001BC8 /* EJBindingIAPProduct.m */ = {isa = PBXFileReference; fileEncoding = 4; lastKnownFileType = sourcecode.c.objc; path = EJBindingIAPProduct.m; sourceTree = "<group>"; };
		41CF5E59178D06CF00001BC8 /* EJBindingIAPTransaction.h */ = {isa = PBXFileReference; fileEncoding = 4; lastKnownFileType = sourcecode.c.h; path = EJBindingIAPTransaction.h; sourceTree = "<group>"; };
		41CF5E5A178D06CF00001BC8 /* EJBindingIAPTransaction.m */ = {isa = PBXFileReference; fileEncoding = 4; lastKnownFileType = sourcecode.c.objc; path = EJBindingIAPTransaction.m; sourceTree = "<group>"; };
		41CF5E5D178D06CF00001BC8 /* JavaScript.h */ = {isa = PBXFileReference; fileEncoding = 4; lastKnownFileType = sourcecode.c.h; path = JavaScript.h; sourceTree = "<group>"; };
		41CF5E5E178D06CF00001BC8 /* JavaScriptCore.h */ = {isa = PBXFileReference; fileEncoding = 4; lastKnownFileType = sourcecode.c.h; path = JavaScriptCore.h; sourceTree = "<group>"; };
		41CF5E5F178D06CF00001BC8 /* JSBase.h */ = {isa = PBXFileReference; fileEncoding = 4; lastKnownFileType = sourcecode.c.h; path = JSBase.h; sourceTree = "<group>"; };
		41CF5E60178D06CF00001BC8 /* JSContextRef.h */ = {isa = PBXFileReference; fileEncoding = 4; lastKnownFileType = sourcecode.c.h; path = JSContextRef.h; sourceTree = "<group>"; };
		41CF5E61178D06CF00001BC8 /* JSObjectRef.h */ = {isa = PBXFileReference; fileEncoding = 4; lastKnownFileType = sourcecode.c.h; path = JSObjectRef.h; sourceTree = "<group>"; };
		41CF5E62178D06CF00001BC8 /* JSStringRef.h */ = {isa = PBXFileReference; fileEncoding = 4; lastKnownFileType = sourcecode.c.h; path = JSStringRef.h; sourceTree = "<group>"; };
		41CF5E63178D06CF00001BC8 /* JSStringRefCF.h */ = {isa = PBXFileReference; fileEncoding = 4; lastKnownFileType = sourcecode.c.h; path = JSStringRefCF.h; sourceTree = "<group>"; };
		41CF5E64178D06CF00001BC8 /* JSTypedArray.h */ = {isa = PBXFileReference; fileEncoding = 4; lastKnownFileType = sourcecode.c.h; path = JSTypedArray.h; sourceTree = "<group>"; };
		41CF5E65178D06CF00001BC8 /* JSValueRef.h */ = {isa = PBXFileReference; fileEncoding = 4; lastKnownFileType = sourcecode.c.h; path = JSValueRef.h; sourceTree = "<group>"; };
		41CF5E66178D06CF00001BC8 /* WebKitAvailability.h */ = {isa = PBXFileReference; fileEncoding = 4; lastKnownFileType = sourcecode.c.h; path = WebKitAvailability.h; sourceTree = "<group>"; };
		41CF5E67178D06CF00001BC8 /* libJavaScriptCore.a */ = {isa = PBXFileReference; lastKnownFileType = archive.ar; path = libJavaScriptCore.a; sourceTree = "<group>"; };
		41CF5E69178D06CF00001BC8 /* base64.c */ = {isa = PBXFileReference; fileEncoding = 4; lastKnownFileType = sourcecode.c.c; path = base64.c; sourceTree = "<group>"; };
		41CF5E6A178D06CF00001BC8 /* base64.h */ = {isa = PBXFileReference; fileEncoding = 4; lastKnownFileType = sourcecode.c.h; path = base64.h; sourceTree = "<group>"; };
		41CF5E6B178D06CF00001BC8 /* NSData+SRB64Additions.h */ = {isa = PBXFileReference; fileEncoding = 4; lastKnownFileType = sourcecode.c.h; path = "NSData+SRB64Additions.h"; sourceTree = "<group>"; };
		41CF5E6C178D06CF00001BC8 /* NSData+SRB64Additions.m */ = {isa = PBXFileReference; fileEncoding = 4; lastKnownFileType = sourcecode.c.objc; path = "NSData+SRB64Additions.m"; sourceTree = "<group>"; };
		41CF5E6D178D06CF00001BC8 /* SocketRocket-Prefix.pch */ = {isa = PBXFileReference; fileEncoding = 4; lastKnownFileType = sourcecode.c.h; path = "SocketRocket-Prefix.pch"; sourceTree = "<group>"; };
		41CF5E6E178D06CF00001BC8 /* SRWebSocket.h */ = {isa = PBXFileReference; fileEncoding = 4; lastKnownFileType = sourcecode.c.h; path = SRWebSocket.h; sourceTree = "<group>"; };
		41CF5E6F178D06CF00001BC8 /* SRWebSocket.m */ = {isa = PBXFileReference; fileEncoding = 4; lastKnownFileType = sourcecode.c.objc; path = SRWebSocket.m; sourceTree = "<group>"; };
		41CF5E70178D06CF00001BC8 /* WizCanvasView.h */ = {isa = PBXFileReference; fileEncoding = 4; lastKnownFileType = sourcecode.c.h; path = WizCanvasView.h; sourceTree = "<group>"; };
		41CF5E71178D06CF00001BC8 /* WizCanvasView.m */ = {isa = PBXFileReference; fileEncoding = 4; lastKnownFileType = sourcecode.c.objc; path = WizCanvasView.m; sourceTree = "<group>"; };
		41CF5E72178D06CF00001BC8 /* WizDebugLog.h */ = {isa = PBXFileReference; fileEncoding = 4; lastKnownFileType = sourcecode.c.h; path = WizDebugLog.h; sourceTree = "<group>"; };
		41CF5E73178D06CF00001BC8 /* WizCanvasPlugin.h */ = {isa = PBXFileReference; fileEncoding = 4; lastKnownFileType = sourcecode.c.h; path = WizCanvasPlugin.h; sourceTree = "<group>"; };
		41CF5E74178D06CF00001BC8 /* WizCanvasPlugin.m */ = {isa = PBXFileReference; fileEncoding = 4; lastKnownFileType = sourcecode.c.objc; path = WizCanvasPlugin.m; sourceTree = "<group>"; };
		41CF5EC0178D0B3B00001BC8 /* Security.framework */ = {isa = PBXFileReference; lastKnownFileType = wrapper.framework; name = Security.framework; path = System/Library/Frameworks/Security.framework; sourceTree = SDKROOT; };
		41CF5EC2178D0B6C00001BC8 /* StoreKit.framework */ = {isa = PBXFileReference; lastKnownFileType = wrapper.framework; name = StoreKit.framework; path = System/Library/Frameworks/StoreKit.framework; sourceTree = SDKROOT; };
		41CF5EC4178D0B8700001BC8 /* CoreMotion.framework */ = {isa = PBXFileReference; lastKnownFileType = wrapper.framework; name = CoreMotion.framework; path = System/Library/Frameworks/CoreMotion.framework; sourceTree = SDKROOT; };
		41DC39FC17E30F7A00FB6416 /* Cordova.framework */ = {isa = PBXFileReference; lastKnownFileType = wrapper.framework; name = Cordova.framework; path = CordovaLib/Cordova.framework; sourceTree = "<group>"; };
		41DC39FE17E3107E00FB6416 /* AssetsLibrary.framework */ = {isa = PBXFileReference; lastKnownFileType = wrapper.framework; name = AssetsLibrary.framework; path = System/Library/Frameworks/AssetsLibrary.framework; sourceTree = SDKROOT; };
		8D1107310486CEB800E47090 /* exampleWizCanvas-Info.plist */ = {isa = PBXFileReference; fileEncoding = 4; lastKnownFileType = text.plist.xml; name = "exampleWizCanvas-Info.plist"; path = "../exampleWizCanvas-Info.plist"; plistStructureDefinitionIdentifier = "com.apple.xcode.plist.structure-definition.iphone.info-plist"; sourceTree = "<group>"; };
		D4A0D8751607E02300AEF8BB /* Default-568h@2x~iphone.png */ = {isa = PBXFileReference; lastKnownFileType = image.png; path = "Default-568h@2x~iphone.png"; sourceTree = "<group>"; };
		F6FA7CDE16AFDEC200AD8974 /* iAd.framework */ = {isa = PBXFileReference; lastKnownFileType = wrapper.framework; name = iAd.framework; path = System/Library/Frameworks/iAd.framework; sourceTree = SDKROOT; };
		F6FA7CE016AFDEF000AD8974 /* CoreText.framework */ = {isa = PBXFileReference; lastKnownFileType = wrapper.framework; name = CoreText.framework; path = System/Library/Frameworks/CoreText.framework; sourceTree = SDKROOT; };
		F6FA7CE216AFDF0F00AD8974 /* OpenGLES.framework */ = {isa = PBXFileReference; lastKnownFileType = wrapper.framework; name = OpenGLES.framework; path = System/Library/Frameworks/OpenGLES.framework; sourceTree = SDKROOT; };
		F6FA7CE416AFDF1C00AD8974 /* GameKit.framework */ = {isa = PBXFileReference; lastKnownFileType = wrapper.framework; name = GameKit.framework; path = System/Library/Frameworks/GameKit.framework; sourceTree = SDKROOT; };
		F6FA7CE616AFDF6200AD8974 /* OpenAL.framework */ = {isa = PBXFileReference; lastKnownFileType = wrapper.framework; name = OpenAL.framework; path = System/Library/Frameworks/OpenAL.framework; sourceTree = SDKROOT; };
		F6FA7CE816AFDFA300AD8974 /* libicucore.dylib */ = {isa = PBXFileReference; lastKnownFileType = "compiled.mach-o.dylib"; name = libicucore.dylib; path = usr/lib/libicucore.dylib; sourceTree = SDKROOT; };
		F840E1F0165FE0F500CFE078 /* config.xml */ = {isa = PBXFileReference; lastKnownFileType = text.xml; name = config.xml; path = exampleWizCanvas/config.xml; sourceTree = "<group>"; };
/* End PBXFileReference section */

/* Begin PBXFrameworksBuildPhase section */
		1D60588F0D05DD3D006BFB54 /* Frameworks */ = {
			isa = PBXFrameworksBuildPhase;
			buildActionMask = 2147483647;
			files = (
				41DC39FF17E3107E00FB6416 /* AssetsLibrary.framework in Frameworks */,
				41DC39FD17E30F7A00FB6416 /* Cordova.framework in Frameworks */,
				41CF5EC5178D0B8700001BC8 /* CoreMotion.framework in Frameworks */,
				41CF5EC3178D0B6C00001BC8 /* StoreKit.framework in Frameworks */,
				41CF5EC1178D0B3B00001BC8 /* Security.framework in Frameworks */,
				41CF5EBF178D07D200001BC8 /* libJavaScriptCore.a in Frameworks */,
				41CF5DD1178D008300001BC8 /* libstdc++.dylib in Frameworks */,
				F6FA7CE916AFDFA300AD8974 /* libicucore.dylib in Frameworks */,
				F6FA7CE716AFDF6200AD8974 /* OpenAL.framework in Frameworks */,
				F6FA7CE516AFDF1C00AD8974 /* GameKit.framework in Frameworks */,
				F6FA7CE316AFDF0F00AD8974 /* OpenGLES.framework in Frameworks */,
				F6FA7CE116AFDEF000AD8974 /* CoreText.framework in Frameworks */,
				F6FA7CDF16AFDEC200AD8974 /* iAd.framework in Frameworks */,
				1D60589F0D05DD5A006BFB54 /* Foundation.framework in Frameworks */,
				1DF5F4E00D08C38300B7A737 /* UIKit.framework in Frameworks */,
				288765FD0DF74451002DB57D /* CoreGraphics.framework in Frameworks */,
				301BF5B5109A6A2B0062928A /* AddressBook.framework in Frameworks */,
				301BF5B7109A6A2B0062928A /* AddressBookUI.framework in Frameworks */,
				301BF5B9109A6A2B0062928A /* AudioToolbox.framework in Frameworks */,
				301BF5BB109A6A2B0062928A /* AVFoundation.framework in Frameworks */,
				301BF5BD109A6A2B0062928A /* CFNetwork.framework in Frameworks */,
				301BF5BF109A6A2B0062928A /* CoreLocation.framework in Frameworks */,
				301BF5C1109A6A2B0062928A /* MediaPlayer.framework in Frameworks */,
				301BF5C3109A6A2B0062928A /* QuartzCore.framework in Frameworks */,
				301BF5C5109A6A2B0062928A /* SystemConfiguration.framework in Frameworks */,
				305D5FD1115AB8F900A74A75 /* MobileCoreServices.framework in Frameworks */,
				30E5649213A7FCAF007403D8 /* CoreMedia.framework in Frameworks */,
			);
			runOnlyForDeploymentPostprocessing = 0;
		};
/* End PBXFrameworksBuildPhase section */

/* Begin PBXGroup section */
		080E96DDFE201D6D7F000001 /* Classes */ = {
			isa = PBXGroup;
			children = (
				302D95EE14D2391D003F00A1 /* MainViewController.h */,
				302D95EF14D2391D003F00A1 /* MainViewController.m */,
				302D95F014D2391D003F00A1 /* MainViewController.xib */,
				1D3623240D0F684500981E51 /* AppDelegate.h */,
				1D3623250D0F684500981E51 /* AppDelegate.m */,
			);
			name = Classes;
			path = exampleWizCanvas/Classes;
			sourceTree = SOURCE_ROOT;
		};
		19C28FACFE9D520D11CA2CBB /* Products */ = {
			isa = PBXGroup;
			children = (
				1D6058910D05DD3D006BFB54 /* exampleWizCanvas.app */,
			);
			name = Products;
			sourceTree = "<group>";
		};
		1F766FDB13BBADB100FB74C0 /* en.lproj */ = {
			isa = PBXGroup;
			children = (
				1F766FDC13BBADB100FB74C0 /* Localizable.strings */,
			);
			path = en.lproj;
			sourceTree = "<group>";
		};
		29B97314FDCFA39411CA2CEA /* CustomTemplate */ = {
			isa = PBXGroup;
			children = (
				F840E1F0165FE0F500CFE078 /* config.xml */,
				080E96DDFE201D6D7F000001 /* Classes */,
				307C750510C5A3420062BCA9 /* Plugins */,
				19C28FACFE9D520D11CA2CBB /* Products */,
				29B97317FDCFA39411CA2CEA /* Resources */,
				29B97315FDCFA39411CA2CEA /* Other Sources */,
				29B97323FDCFA39411CA2CEA /* Frameworks */,
				301BF56E109A69640062928A /* www */,
			);
			name = CustomTemplate;
			sourceTree = "<group>";
		};
		29B97315FDCFA39411CA2CEA /* Other Sources */ = {
			isa = PBXGroup;
			children = (
				32CA4F630368D1EE00C91783 /* exampleWizCanvas-Prefix.pch */,
				29B97316FDCFA39411CA2CEA /* main.m */,
			);
			name = "Other Sources";
			path = exampleWizViewManager;
			sourceTree = "<group>";
		};
		29B97317FDCFA39411CA2CEA /* Resources */ = {
			isa = PBXGroup;
			children = (
				1F766FDB13BBADB100FB74C0 /* en.lproj */,
				308D052D1370CCF300D202BF /* icons */,
				308D05311370CCF300D202BF /* splash */,
				8D1107310486CEB800E47090 /* exampleWizCanvas-Info.plist */,
			);
			name = Resources;
			path = exampleWizCanvas/Resources;
			sourceTree = "<group>";
		};
		29B97323FDCFA39411CA2CEA /* Frameworks */ = {
			isa = PBXGroup;
			children = (
				41DC39FE17E3107E00FB6416 /* AssetsLibrary.framework */,
				41DC39FC17E30F7A00FB6416 /* Cordova.framework */,
				41CF5EC4178D0B8700001BC8 /* CoreMotion.framework */,
				41CF5EC2178D0B6C00001BC8 /* StoreKit.framework */,
				41CF5EC0178D0B3B00001BC8 /* Security.framework */,
				41CF5DD0178D008300001BC8 /* libstdc++.dylib */,
				301BF5B4109A6A2B0062928A /* AddressBook.framework */,
				301BF5B6109A6A2B0062928A /* AddressBookUI.framework */,
				301BF5B8109A6A2B0062928A /* AudioToolbox.framework */,
				301BF5BA109A6A2B0062928A /* AVFoundation.framework */,
				301BF5BC109A6A2B0062928A /* CFNetwork.framework */,
				288765FC0DF74451002DB57D /* CoreGraphics.framework */,
				301BF5BE109A6A2B0062928A /* CoreLocation.framework */,
				30E5649113A7FCAF007403D8 /* CoreMedia.framework */,
				F6FA7CE016AFDEF000AD8974 /* CoreText.framework */,
				1D30AB110D05D00D00671497 /* Foundation.framework */,
				F6FA7CE416AFDF1C00AD8974 /* GameKit.framework */,
				F6FA7CDE16AFDEC200AD8974 /* iAd.framework */,
				F6FA7CE816AFDFA300AD8974 /* libicucore.dylib */,
				301BF5C0109A6A2B0062928A /* MediaPlayer.framework */,
				305D5FD0115AB8F900A74A75 /* MobileCoreServices.framework */,
				F6FA7CE616AFDF6200AD8974 /* OpenAL.framework */,
				F6FA7CE216AFDF0F00AD8974 /* OpenGLES.framework */,
				301BF5C2109A6A2B0062928A /* QuartzCore.framework */,
				301BF5C4109A6A2B0062928A /* SystemConfiguration.framework */,
				1DF5F4DF0D08C38300B7A737 /* UIKit.framework */,
			);
			name = Frameworks;
			sourceTree = "<group>";
		};
		307C750510C5A3420062BCA9 /* Plugins */ = {
			isa = PBXGroup;
			children = (
				41CF5DD2178D06CF00001BC8 /* WizCanvasPlugin */,
			);
			name = Plugins;
			path = exampleWizViewManager/Plugins;
			sourceTree = SOURCE_ROOT;
		};
		308D052D1370CCF300D202BF /* icons */ = {
			isa = PBXGroup;
			children = (
				308D052E1370CCF300D202BF /* icon-72.png */,
				308D052F1370CCF300D202BF /* icon.png */,
				308D05301370CCF300D202BF /* icon@2x.png */,
			);
			path = icons;
			sourceTree = "<group>";
		};
		308D05311370CCF300D202BF /* splash */ = {
			isa = PBXGroup;
			children = (
				D4A0D8751607E02300AEF8BB /* Default-568h@2x~iphone.png */,
				3088BBB7154F3926009F9C59 /* Default-Landscape@2x~ipad.png */,
				3088BBB8154F3926009F9C59 /* Default-Landscape~ipad.png */,
				3088BBB9154F3926009F9C59 /* Default-Portrait@2x~ipad.png */,
				3088BBBA154F3926009F9C59 /* Default-Portrait~ipad.png */,
				3088BBBB154F3926009F9C59 /* Default@2x~iphone.png */,
				3088BBBC154F3926009F9C59 /* Default~iphone.png */,
			);
			path = splash;
			sourceTree = "<group>";
		};
		414DBF6817F97CBD00DA3A50 /* EJCanvas */ = {
			isa = PBXGroup;
			children = (
				414DBF6917F97CBD00DA3A50 /* 2D */,
				414DBF9217F97CBD00DA3A50 /* EAGLView.h */,
				414DBF9317F97CBD00DA3A50 /* EAGLView.m */,
				414DBF9417F97CBD00DA3A50 /* EJBindingCanvas.h */,
				414DBF9517F97CBD00DA3A50 /* EJBindingCanvas.m */,
				414DBF9617F97CBD00DA3A50 /* EJBindingCanvasStyle.h */,
				414DBF9717F97CBD00DA3A50 /* EJBindingCanvasStyle.m */,
				414DBF9817F97CBD00DA3A50 /* EJBindingImage.h */,
				414DBF9917F97CBD00DA3A50 /* EJBindingImage.m */,
				414DBF9A17F97CBD00DA3A50 /* EJCanvasContext.h */,
				414DBF9B17F97CBD00DA3A50 /* EJCanvasContext.m */,
				414DBF9C17F97CBD00DA3A50 /* EJDrawable.h */,
				414DBF9D17F97CBD00DA3A50 /* EJPresentable.h */,
				414DBF9E17F97CBD00DA3A50 /* EJSharedTextureCache.h */,
				414DBF9F17F97CBD00DA3A50 /* EJSharedTextureCache.m */,
				414DBFA017F97CBD00DA3A50 /* EJTexture.h */,
				414DBFA117F97CBD00DA3A50 /* EJTexture.m */,
				414DBFA217F97CBD00DA3A50 /* EJTextureStorage.h */,
				414DBFA317F97CBD00DA3A50 /* EJTextureStorage.m */,
				414DBFA417F97CBD00DA3A50 /* WebGL */,
			);
			path = EJCanvas;
			sourceTree = "<group>";
		};
		414DBF6917F97CBD00DA3A50 /* 2D */ = {
			isa = PBXGroup;
			children = (
				414DBF6A17F97CBD00DA3A50 /* EJBindingCanvasContext2D.h */,
				414DBF6B17F97CBD00DA3A50 /* EJBindingCanvasContext2D.m */,
				414DBF6C17F97CBD00DA3A50 /* EJBindingCanvasGradient.h */,
				414DBF6D17F97CBD00DA3A50 /* EJBindingCanvasGradient.m */,
				414DBF6E17F97CBD00DA3A50 /* EJBindingCanvasPattern.h */,
				414DBF6F17F97CBD00DA3A50 /* EJBindingCanvasPattern.m */,
				414DBF7017F97CBD00DA3A50 /* EJBindingImageData.h */,
				414DBF7117F97CBD00DA3A50 /* EJBindingImageData.m */,
				414DBF7217F97CBD00DA3A50 /* EJBindingTextMetrics.h */,
				414DBF7317F97CBD00DA3A50 /* EJBindingTextMetrics.m */,
				414DBF7417F97CBD00DA3A50 /* EJCanvas2DTypes.h */,
				414DBF7517F97CBD00DA3A50 /* EJCanvasContext2D.h */,
				414DBF7617F97CBD00DA3A50 /* EJCanvasContext2D.m */,
				414DBF7717F97CBD00DA3A50 /* EJCanvasContext2DScreen.h */,
				414DBF7817F97CBD00DA3A50 /* EJCanvasContext2DScreen.m */,
				414DBF7917F97CBD00DA3A50 /* EJCanvasContext2DTexture.h */,
				414DBF7A17F97CBD00DA3A50 /* EJCanvasContext2DTexture.m */,
				414DBF7B17F97CBD00DA3A50 /* EJCanvasGradient.h */,
				414DBF7C17F97CBD00DA3A50 /* EJCanvasGradient.m */,
				414DBF7D17F97CBD00DA3A50 /* EJCanvasPattern.h */,
				414DBF7E17F97CBD00DA3A50 /* EJCanvasPattern.m */,
				414DBF7F17F97CBD00DA3A50 /* EJConvertColorRGBA.h */,
				414DBF8017F97CBD00DA3A50 /* EJConvertColorRGBA.m */,
				414DBF8117F97CBD00DA3A50 /* EJFont.h */,
				414DBF8217F97CBD00DA3A50 /* EJFont.mm */,
				414DBF8317F97CBD00DA3A50 /* EJGLProgram2D.h */,
				414DBF8417F97CBD00DA3A50 /* EJGLProgram2D.m */,
				414DBF8517F97CBD00DA3A50 /* EJGLProgram2DRadialGradient.h */,
				414DBF8617F97CBD00DA3A50 /* EJGLProgram2DRadialGradient.m */,
				414DBF8717F97CBD00DA3A50 /* EJImageData.h */,
				414DBF8817F97CBD00DA3A50 /* EJImageData.m */,
				414DBF8917F97CBD00DA3A50 /* EJPath.h */,
				414DBF8A17F97CBD00DA3A50 /* EJPath.mm */,
				414DBF8B17F97CBD00DA3A50 /* Shaders */,
			);
			path = 2D;
			sourceTree = "<group>";
		};
		414DBF8B17F97CBD00DA3A50 /* Shaders */ = {
			isa = PBXGroup;
			children = (
				414DBF8C17F97CBD00DA3A50 /* AlphaTexture.fsh */,
				414DBF8D17F97CBD00DA3A50 /* Flat.fsh */,
				414DBF8E17F97CBD00DA3A50 /* Pattern.fsh */,
				414DBF8F17F97CBD00DA3A50 /* RadialGradient.fsh */,
				414DBF9017F97CBD00DA3A50 /* Texture.fsh */,
				414DBF9117F97CBD00DA3A50 /* Vertex.vsh */,
			);
			path = Shaders;
			sourceTree = "<group>";
		};
		414DBFA417F97CBD00DA3A50 /* WebGL */ = {
			isa = PBXGroup;
			children = (
				414DBFA517F97CBD00DA3A50 /* EJBindingCanvasContextWebGL.h */,
				414DBFA617F97CBD00DA3A50 /* EJBindingCanvasContextWebGL.m */,
				414DBFA717F97CBD00DA3A50 /* EJBindingWebGLExtensions.h */,
				414DBFA817F97CBD00DA3A50 /* EJBindingWebGLExtensions.m */,
				414DBFA917F97CBD00DA3A50 /* EJBindingWebGLObjects.h */,
				414DBFAA17F97CBD00DA3A50 /* EJBindingWebGLObjects.m */,
				414DBFAB17F97CBD00DA3A50 /* EJCanvasContextWebGL.h */,
				414DBFAC17F97CBD00DA3A50 /* EJCanvasContextWebGL.m */,
				414DBFAD17F97CBD00DA3A50 /* EJConvertWebGL.h */,
				414DBFAE17F97CBD00DA3A50 /* EJConvertWebGL.m */,
			);
			path = WebGL;
			sourceTree = "<group>";
		};
		41CF5DD2178D06CF00001BC8 /* WizCanvasPlugin */ = {
			isa = PBXGroup;
			children = (
				41CF5DD3178D06CF00001BC8 /* Ejecta */,
				41CF5E5B178D06CF00001BC8 /* lib */,
				41CF5E70178D06CF00001BC8 /* WizCanvasView.h */,
				41CF5E71178D06CF00001BC8 /* WizCanvasView.m */,
				41CF5E72178D06CF00001BC8 /* WizDebugLog.h */,
				41CF5E73178D06CF00001BC8 /* WizCanvasPlugin.h */,
				41CF5E74178D06CF00001BC8 /* WizCanvasPlugin.m */,
			);
			name = WizCanvasPlugin;
			path = "/Users/Ally/Documents/Wizcorp/phonegap-plugin-wizCanvas/ios/project/Plugins/WizCanvasPlugin";
			sourceTree = "<absolute>";
		};
		41CF5DD3178D06CF00001BC8 /* Ejecta */ = {
			isa = PBXGroup;
			children = (
				41CF5DD6178D06CF00001BC8 /* EJAudio */,
				414DBF6817F97CBD00DA3A50 /* EJCanvas */,
				41CF5DE2178D06CF00001BC8 /* EJBindingBase.h */,
				41CF5DE3178D06CF00001BC8 /* EJBindingBase.m */,
				41CF5DE4178D06CF00001BC8 /* EJBindingEjectaCore.h */,
				41CF5DE5178D06CF00001BC8 /* EJBindingEjectaCore.m */,
				41CF5DE6178D06CF00001BC8 /* EJBindingEventedBase.h */,
				41CF5DE7178D06CF00001BC8 /* EJBindingEventedBase.m */,
				41CF5DE8178D06CF00001BC8 /* EJBindingVideo.h */,
				41CF5DE9178D06CF00001BC8 /* EJBindingVideo.m */,
				41CF5E31178D06CF00001BC8 /* EJClassLoader.h */,
				41CF5E32178D06CF00001BC8 /* EJClassLoader.m */,
				41CF5E33178D06CF00001BC8 /* EJConvert.h */,
				41CF5E34178D06CF00001BC8 /* EJConvert.m */,
				41CF5E37178D06CF00001BC8 /* EJNonRetainingProxy.h */,
				41CF5E38178D06CF00001BC8 /* EJNonRetainingProxy.m */,
				41CF5E39178D06CF00001BC8 /* EJSharedOpenGLContext.h */,
				41CF5E3A178D06CF00001BC8 /* EJSharedOpenGLContext.m */,
				41CF5E3B178D06CF00001BC8 /* EJTimer.h */,
				41CF5E3C178D06CF00001BC8 /* EJTimer.m */,
				41CF5E3D178D06CF00001BC8 /* EJUtils */,
			);
			path = Ejecta;
			sourceTree = "<group>";
		};
		41CF5DD6178D06CF00001BC8 /* EJAudio */ = {
			isa = PBXGroup;
			children = (
				41CF5DD7178D06CF00001BC8 /* EJAudioSource.h */,
				41CF5DD8178D06CF00001BC8 /* EJAudioSourceAVAudio.h */,
				41CF5DD9178D06CF00001BC8 /* EJAudioSourceAVAudio.m */,
				41CF5DDA178D06CF00001BC8 /* EJAudioSourceOpenAL.h */,
				41CF5DDB178D06CF00001BC8 /* EJAudioSourceOpenAL.m */,
				41CF5DDC178D06CF00001BC8 /* EJBindingAudio.h */,
				41CF5DDD178D06CF00001BC8 /* EJBindingAudio.m */,
				41CF5DDE178D06CF00001BC8 /* EJOpenALBuffer.h */,
				41CF5DDF178D06CF00001BC8 /* EJOpenALBuffer.m */,
				41CF5DE0178D06CF00001BC8 /* EJSharedOpenALManager.h */,
				41CF5DE1178D06CF00001BC8 /* EJSharedOpenALManager.m */,
			);
			path = EJAudio;
			sourceTree = "<group>";
		};
		41CF5E3D178D06CF00001BC8 /* EJUtils */ = {
			isa = PBXGroup;
			children = (
				41CF5E40178D06CF00001BC8 /* EJBindingAdBanner.h */,
				41CF5E41178D06CF00001BC8 /* EJBindingAdBanner.m */,
				41CF5E42178D06CF00001BC8 /* EJBindingDeviceMotion.h */,
				41CF5E43178D06CF00001BC8 /* EJBindingDeviceMotion.m */,
				41CF5E44178D06CF00001BC8 /* EJBindingGameCenter.h */,
				41CF5E45178D06CF00001BC8 /* EJBindingGameCenter.m */,
				41CF5E46178D06CF00001BC8 /* EJBindingHttpRequest.h */,
				41CF5E47178D06CF00001BC8 /* EJBindingHttpRequest.m */,
				41CF5E48178D06CF00001BC8 /* EJBindingKeyInput.h */,
				41CF5E49178D06CF00001BC8 /* EJBindingKeyInput.m */,
				41CF5E4A178D06CF00001BC8 /* EJBindingLocalStorage.h */,
				41CF5E4B178D06CF00001BC8 /* EJBindingLocalStorage.m */,
				41CF5E4C178D06CF00001BC8 /* EJBindingTouchInput.h */,
				41CF5E4D178D06CF00001BC8 /* EJBindingTouchInput.m */,
				41CF5E50178D06CF00001BC8 /* EJBindingWindowEvents.h */,
				41CF5E51178D06CF00001BC8 /* EJBindingWindowEvents.m */,
				41CF5E54178D06CF00001BC8 /* IAP */,
				1F2F1568499487E8346B6695 /* EJBindingWizViewMessenger.m */,
				1F2F19183C69045468E4175F /* EJBindingWizViewMessenger.h */,
				1F2F18D5B4F7B1507CAC45B7 /* EJBindingWebSocket.m */,
				1F2F1F2B3D6C0726F921D9C4 /* EJBindingWebSocket.h */,
			);
			path = EJUtils;
			sourceTree = "<group>";
		};
		41CF5E54178D06CF00001BC8 /* IAP */ = {
			isa = PBXGroup;
			children = (
				41CF5E55178D06CF00001BC8 /* EJBindingIAPManager.h */,
				41CF5E56178D06CF00001BC8 /* EJBindingIAPManager.m */,
				41CF5E57178D06CF00001BC8 /* EJBindingIAPProduct.h */,
				41CF5E58178D06CF00001BC8 /* EJBindingIAPProduct.m */,
				41CF5E59178D06CF00001BC8 /* EJBindingIAPTransaction.h */,
				41CF5E5A178D06CF00001BC8 /* EJBindingIAPTransaction.m */,
			);
			path = IAP;
			sourceTree = "<group>";
		};
		41CF5E5B178D06CF00001BC8 /* lib */ = {
			isa = PBXGroup;
			children = (
				41CF5E5C178D06CF00001BC8 /* JavaScriptCore */,
				41CF5E67178D06CF00001BC8 /* libJavaScriptCore.a */,
				41CF5E68178D06CF00001BC8 /* SocketRocket */,
			);
			path = lib;
			sourceTree = "<group>";
		};
		41CF5E5C178D06CF00001BC8 /* JavaScriptCore */ = {
			isa = PBXGroup;
			children = (
				41CF5E5D178D06CF00001BC8 /* JavaScript.h */,
				41CF5E5E178D06CF00001BC8 /* JavaScriptCore.h */,
				41CF5E5F178D06CF00001BC8 /* JSBase.h */,
				41CF5E60178D06CF00001BC8 /* JSContextRef.h */,
				41CF5E61178D06CF00001BC8 /* JSObjectRef.h */,
				41CF5E62178D06CF00001BC8 /* JSStringRef.h */,
				41CF5E63178D06CF00001BC8 /* JSStringRefCF.h */,
				41CF5E64178D06CF00001BC8 /* JSTypedArray.h */,
				41CF5E65178D06CF00001BC8 /* JSValueRef.h */,
				41CF5E66178D06CF00001BC8 /* WebKitAvailability.h */,
			);
			path = JavaScriptCore;
			sourceTree = "<group>";
		};
		41CF5E68178D06CF00001BC8 /* SocketRocket */ = {
			isa = PBXGroup;
			children = (
				41CF5E69178D06CF00001BC8 /* base64.c */,
				41CF5E6A178D06CF00001BC8 /* base64.h */,
				41CF5E6B178D06CF00001BC8 /* NSData+SRB64Additions.h */,
				41CF5E6C178D06CF00001BC8 /* NSData+SRB64Additions.m */,
				41CF5E6D178D06CF00001BC8 /* SocketRocket-Prefix.pch */,
				41CF5E6E178D06CF00001BC8 /* SRWebSocket.h */,
				41CF5E6F178D06CF00001BC8 /* SRWebSocket.m */,
			);
			path = SocketRocket;
			sourceTree = "<group>";
		};
/* End PBXGroup section */

/* Begin PBXNativeTarget section */
		1D6058900D05DD3D006BFB54 /* exampleWizCanvas */ = {
			isa = PBXNativeTarget;
			buildConfigurationList = 1D6058960D05DD3E006BFB54 /* Build configuration list for PBXNativeTarget "exampleWizCanvas" */;
			buildPhases = (
				F6FA7BE416AFD70C00AD8974 /* Copy content to www folder */,
				304B58A110DAC018002A0835 /* Touch www folder */,
				1D60588D0D05DD3D006BFB54 /* Resources */,
				1D60588E0D05DD3D006BFB54 /* Sources */,
				1D60588F0D05DD3D006BFB54 /* Frameworks */,
			);
			buildRules = (
			);
			dependencies = (
			);
			name = exampleWizCanvas;
			productName = exampleWizViewManager;
			productReference = 1D6058910D05DD3D006BFB54 /* exampleWizCanvas.app */;
			productType = "com.apple.product-type.application";
		};
/* End PBXNativeTarget section */

/* Begin PBXProject section */
		29B97313FDCFA39411CA2CEA /* Project object */ = {
			isa = PBXProject;
			attributes = {
				LastUpgradeCheck = 0430;
			};
			buildConfigurationList = C01FCF4E08A954540054247B /* Build configuration list for PBXProject "exampleWizCanvas" */;
			compatibilityVersion = "Xcode 3.2";
			developmentRegion = English;
			hasScannedForEncodings = 1;
			knownRegions = (
				English,
				Japanese,
				French,
				German,
				en,
				es,
				de,
				se,
			);
			mainGroup = 29B97314FDCFA39411CA2CEA /* CustomTemplate */;
			projectDirPath = "";
			projectRoot = "";
			targets = (
				1D6058900D05DD3D006BFB54 /* exampleWizCanvas */,
			);
		};
/* End PBXProject section */

/* Begin PBXResourcesBuildPhase section */
		1D60588D0D05DD3D006BFB54 /* Resources */ = {
			isa = PBXResourcesBuildPhase;
			buildActionMask = 2147483647;
			files = (
				414DBFD217F97F1300DA3A50 /* AlphaTexture.fsh in Resources */,
				414DBFD317F97F1300DA3A50 /* Flat.fsh in Resources */,
				414DBFD417F97F1300DA3A50 /* Pattern.fsh in Resources */,
				414DBFD517F97F1300DA3A50 /* RadialGradient.fsh in Resources */,
				414DBFD617F97F1300DA3A50 /* Texture.fsh in Resources */,
				414DBFD717F97F1300DA3A50 /* Vertex.vsh in Resources */,
				F840E1F1165FE0F500CFE078 /* config.xml in Resources */,
				301BF570109A69640062928A /* www in Resources */,
				308D05371370CCF300D202BF /* icon-72.png in Resources */,
				308D05381370CCF300D202BF /* icon.png in Resources */,
				308D05391370CCF300D202BF /* icon@2x.png in Resources */,
				1F766FE113BBADB100FB74C0 /* Localizable.strings in Resources */,
				302D95F214D2391D003F00A1 /* MainViewController.xib in Resources */,
				3088BBBD154F3926009F9C59 /* Default-Landscape@2x~ipad.png in Resources */,
				3088BBBE154F3926009F9C59 /* Default-Landscape~ipad.png in Resources */,
				3088BBBF154F3926009F9C59 /* Default-Portrait@2x~ipad.png in Resources */,
				3088BBC0154F3926009F9C59 /* Default-Portrait~ipad.png in Resources */,
				3088BBC1154F3926009F9C59 /* Default@2x~iphone.png in Resources */,
				3088BBC2154F3926009F9C59 /* Default~iphone.png in Resources */,
				D4A0D8761607E02300AEF8BB /* Default-568h@2x~iphone.png in Resources */,
			);
			runOnlyForDeploymentPostprocessing = 0;
		};
/* End PBXResourcesBuildPhase section */

/* Begin PBXShellScriptBuildPhase section */
		304B58A110DAC018002A0835 /* Touch www folder */ = {
			isa = PBXShellScriptBuildPhase;
			buildActionMask = 2147483647;
			files = (
			);
			inputPaths = (
			);
			name = "Touch www folder";
			outputPaths = (
			);
			runOnlyForDeploymentPostprocessing = 0;
			shellPath = /bin/sh;
			shellScript = "touch -cm ${PROJECT_DIR}/www";
		};
		F6FA7BE416AFD70C00AD8974 /* Copy content to www folder */ = {
			isa = PBXShellScriptBuildPhase;
			buildActionMask = 2147483647;
			files = (
			);
			inputPaths = (
			);
			name = "Copy content to www folder";
			outputPaths = (
			);
			runOnlyForDeploymentPostprocessing = 0;
			shellPath = /bin/sh;
			shellScript = "cp -r $PROJECT_DIR/../www $PROJECT_DIR\n#cp -r $PROJECT_DIR/../../www/phonegap $PROJECT_DIR/www";
		};
/* End PBXShellScriptBuildPhase section */

/* Begin PBXSourcesBuildPhase section */
		1D60588E0D05DD3D006BFB54 /* Sources */ = {
			isa = PBXSourcesBuildPhase;
			buildActionMask = 2147483647;
			files = (
				414DBF6717F94E9100DA3A50 /* main.m in Sources */,
				1D3623260D0F684500981E51 /* AppDelegate.m in Sources */,
				302D95F114D2391D003F00A1 /* MainViewController.m in Sources */,
				41CF5E78178D06CF00001BC8 /* EJAudioSourceAVAudio.m in Sources */,
				41CF5E79178D06CF00001BC8 /* EJAudioSourceOpenAL.m in Sources */,
				41CF5E7A178D06CF00001BC8 /* EJBindingAudio.m in Sources */,
				41CF5E7B178D06CF00001BC8 /* EJOpenALBuffer.m in Sources */,
				41CF5E7C178D06CF00001BC8 /* EJSharedOpenALManager.m in Sources */,
				41CF5E7D178D06CF00001BC8 /* EJBindingBase.m in Sources */,
				41CF5E7E178D06CF00001BC8 /* EJBindingEjectaCore.m in Sources */,
				41CF5E7F178D06CF00001BC8 /* EJBindingEventedBase.m in Sources */,
				41CF5E80178D06CF00001BC8 /* EJBindingVideo.m in Sources */,
				41CF5EA4178D06CF00001BC8 /* EJClassLoader.m in Sources */,
				41CF5EA5178D06CF00001BC8 /* EJConvert.m in Sources */,
				41CF5EA7178D06CF00001BC8 /* EJNonRetainingProxy.m in Sources */,
				41CF5EA8178D06CF00001BC8 /* EJSharedOpenGLContext.m in Sources */,
				41CF5EA9178D06CF00001BC8 /* EJTimer.m in Sources */,
				41CF5EAB178D06CF00001BC8 /* EJBindingAdBanner.m in Sources */,
				41CF5EAC178D06CF00001BC8 /* EJBindingDeviceMotion.m in Sources */,
				41CF5EAD178D06CF00001BC8 /* EJBindingGameCenter.m in Sources */,
				41CF5EAE178D06CF00001BC8 /* EJBindingHttpRequest.m in Sources */,
				41CF5EAF178D06CF00001BC8 /* EJBindingKeyInput.m in Sources */,
				41CF5EB0178D06CF00001BC8 /* EJBindingLocalStorage.m in Sources */,
				41CF5EB1178D06CF00001BC8 /* EJBindingTouchInput.m in Sources */,
				41CF5EB3178D06CF00001BC8 /* EJBindingWindowEvents.m in Sources */,
				41CF5EB5178D06CF00001BC8 /* EJBindingIAPManager.m in Sources */,
				41CF5EB6178D06CF00001BC8 /* EJBindingIAPProduct.m in Sources */,
				41CF5EB7178D06CF00001BC8 /* EJBindingIAPTransaction.m in Sources */,
				41CF5EB9178D06CF00001BC8 /* base64.c in Sources */,
				41CF5EBA178D06CF00001BC8 /* NSData+SRB64Additions.m in Sources */,
				41CF5EBB178D06CF00001BC8 /* SRWebSocket.m in Sources */,
				41CF5EBC178D06D000001BC8 /* WizCanvasView.m in Sources */,
				41CF5EBD178D06D000001BC8 /* WizCanvasPlugin.m in Sources */,
				1F2F135E4DA317EED60E6C87 /* EJBindingWizViewMessenger.m in Sources */,
				1F2F1DFA2BE53E56C786DC09 /* EJBindingWebSocket.m in Sources */,
				414DBFAF17F97CBD00DA3A50 /* EJBindingCanvasContext2D.m in Sources */,
				414DBFB017F97CBD00DA3A50 /* EJBindingCanvasGradient.m in Sources */,
				414DBFB117F97CBD00DA3A50 /* EJBindingCanvasPattern.m in Sources */,
				414DBFB217F97CBD00DA3A50 /* EJBindingImageData.m in Sources */,
				414DBFB317F97CBD00DA3A50 /* EJBindingTextMetrics.m in Sources */,
				414DBFB417F97CBD00DA3A50 /* EJCanvasContext2D.m in Sources */,
				414DBFB517F97CBD00DA3A50 /* EJCanvasContext2DScreen.m in Sources */,
				414DBFB617F97CBD00DA3A50 /* EJCanvasContext2DTexture.m in Sources */,
				414DBFB717F97CBD00DA3A50 /* EJCanvasGradient.m in Sources */,
				414DBFB817F97CBD00DA3A50 /* EJCanvasPattern.m in Sources */,
				414DBFB917F97CBD00DA3A50 /* EJConvertColorRGBA.m in Sources */,
				414DBFBA17F97CBD00DA3A50 /* EJFont.mm in Sources */,
				414DBFBB17F97CBD00DA3A50 /* EJGLProgram2D.m in Sources */,
				414DBFBC17F97CBD00DA3A50 /* EJGLProgram2DRadialGradient.m in Sources */,
				414DBFBD17F97CBD00DA3A50 /* EJImageData.m in Sources */,
				414DBFBE17F97CBD00DA3A50 /* EJPath.mm in Sources */,
				414DBFBF17F97CBD00DA3A50 /* AlphaTexture.fsh in Sources */,
				414DBFC017F97CBD00DA3A50 /* Flat.fsh in Sources */,
				414DBFC117F97CBD00DA3A50 /* Pattern.fsh in Sources */,
				414DBFC217F97CBD00DA3A50 /* RadialGradient.fsh in Sources */,
				414DBFC317F97CBD00DA3A50 /* Texture.fsh in Sources */,
				414DBFC417F97CBD00DA3A50 /* Vertex.vsh in Sources */,
				414DBFC517F97CBD00DA3A50 /* EAGLView.m in Sources */,
				414DBFC617F97CBD00DA3A50 /* EJBindingCanvas.m in Sources */,
				414DBFC717F97CBD00DA3A50 /* EJBindingCanvasStyle.m in Sources */,
				414DBFC817F97CBD00DA3A50 /* EJBindingImage.m in Sources */,
				414DBFC917F97CBD00DA3A50 /* EJCanvasContext.m in Sources */,
				414DBFCA17F97CBD00DA3A50 /* EJSharedTextureCache.m in Sources */,
				414DBFCB17F97CBD00DA3A50 /* EJTexture.m in Sources */,
				414DBFCC17F97CBD00DA3A50 /* EJTextureStorage.m in Sources */,
				414DBFCD17F97CBD00DA3A50 /* EJBindingCanvasContextWebGL.m in Sources */,
				414DBFCE17F97CBD00DA3A50 /* EJBindingWebGLExtensions.m in Sources */,
				414DBFCF17F97CBD00DA3A50 /* EJBindingWebGLObjects.m in Sources */,
				414DBFD017F97CBD00DA3A50 /* EJCanvasContextWebGL.m in Sources */,
				414DBFD117F97CBD00DA3A50 /* EJConvertWebGL.m in Sources */,
			);
			runOnlyForDeploymentPostprocessing = 0;
		};
/* End PBXSourcesBuildPhase section */

/* Begin PBXVariantGroup section */
		1F766FDC13BBADB100FB74C0 /* Localizable.strings */ = {
			isa = PBXVariantGroup;
			children = (
				1F766FDD13BBADB100FB74C0 /* en */,
			);
			name = Localizable.strings;
			sourceTree = "<group>";
		};
/* End PBXVariantGroup section */

/* Begin XCBuildConfiguration section */
		1D6058940D05DD3E006BFB54 /* Debug */ = {
			isa = XCBuildConfiguration;
			buildSettings = {
				ALWAYS_SEARCH_USER_PATHS = NO;
				CLANG_ENABLE_OBJC_ARC = NO;
				CLANG_WARN_OBJCPP_ARC_ABI = YES;
				COPY_PHASE_STRIP = NO;
				FRAMEWORK_SEARCH_PATHS = (
					"$(inherited)",
					"\"$(SRCROOT)/CordovaLib\"",
				);
				GCC_DYNAMIC_NO_PIC = NO;
				GCC_OPTIMIZATION_LEVEL = 0;
				GCC_PRECOMPILE_PREFIX_HEADER = YES;
				GCC_PREFIX_HEADER = "exampleWizCanvas/exampleWizCanvas-Prefix.pch";
				GCC_PREPROCESSOR_DEFINITIONS = "DEBUGGER=1";
				GCC_THUMB_SUPPORT = NO;
				GCC_VERSION = com.apple.compilers.llvm.clang.1_0;
				HEADER_SEARCH_PATHS = (
					"${SOURCE_ROOT}",
					"${SOURCE_ROOT}/../../ios/project/Plugins/WizCanvasPlugin/Ejecta",
					"/Users/Ally/Documents/Wizcorp/phonegap-plugin-wizCanvas/ios/project/Plugins/WizCanvasPlugin/lib",
				);
				INFOPLIST_FILE = "exampleWizCanvas/exampleWizCanvas-Info.plist";
				IPHONEOS_DEPLOYMENT_TARGET = 5.0;
				LIBRARY_SEARCH_PATHS = (
					"\"$(inherited)\"",
					"/Users/Ally/Documents/Wizcorp/phonegap-plugin-wizCanvas/ios/project/Plugins/WizCanvasPlugin/Ejecta",
					"/Users/Ally/Documents/Wizcorp/phonegap-plugin-wizCanvas/ios/project/Plugins/WizCanvasPlugin/lib",
				);
				PRODUCT_NAME = exampleWizCanvas;
				TARGETED_DEVICE_FAMILY = "1,2";
				VALID_ARCHS = armv7;
			};
			name = Debug;
		};
		1D6058950D05DD3E006BFB54 /* Release */ = {
			isa = XCBuildConfiguration;
			buildSettings = {
				ALWAYS_SEARCH_USER_PATHS = NO;
				CLANG_ENABLE_OBJC_ARC = NO;
				CLANG_WARN_OBJCPP_ARC_ABI = YES;
				COPY_PHASE_STRIP = YES;
				FRAMEWORK_SEARCH_PATHS = (
					"$(inherited)",
					"\"$(SRCROOT)/CordovaLib\"",
				);
				GCC_PRECOMPILE_PREFIX_HEADER = YES;
				GCC_PREFIX_HEADER = "exampleWizCanvas/exampleWizCanvas-Prefix.pch";
				GCC_PREPROCESSOR_DEFINITIONS = "DEBUGGER=1";
				GCC_THUMB_SUPPORT = NO;
				GCC_VERSION = com.apple.compilers.llvm.clang.1_0;
				HEADER_SEARCH_PATHS = (
					"${SOURCE_ROOT}",
					"${SOURCE_ROOT}/../../ios/project/Plugins/WizCanvasPlugin/Ejecta",
					"/Users/Ally/Documents/Wizcorp/phonegap-plugin-wizCanvas/ios/project/Plugins/WizCanvasPlugin/lib",
				);
				INFOPLIST_FILE = "exampleWizCanvas/exampleWizCanvas-Info.plist";
				IPHONEOS_DEPLOYMENT_TARGET = 5.0;
				LIBRARY_SEARCH_PATHS = (
					"\"$(inherited)\"",
					"/Users/Ally/Documents/Wizcorp/phonegap-plugin-wizCanvas/ios/project/Plugins/WizCanvasPlugin/Ejecta",
					"/Users/Ally/Documents/Wizcorp/phonegap-plugin-wizCanvas/ios/project/Plugins/WizCanvasPlugin/lib",
				);
				PRODUCT_NAME = exampleWizCanvas;
				TARGETED_DEVICE_FAMILY = "1,2";
				VALID_ARCHS = armv7;
			};
			name = Release;
		};
		C01FCF4F08A954540054247B /* Debug */ = {
			isa = XCBuildConfiguration;
			buildSettings = {
				ARCHS = "$(ARCHS_STANDARD_32_BIT)";
				"CODE_SIGN_IDENTITY[sdk=iphoneos*]" = "iPhone Developer";
				GCC_C_LANGUAGE_STANDARD = c99;
				GCC_PREPROCESSOR_DEFINITIONS = "DEBUGGER=1";
				GCC_THUMB_SUPPORT = NO;
				GCC_VERSION = com.apple.compilers.llvm.clang.1_0;
				GCC_WARN_ABOUT_RETURN_TYPE = YES;
				GCC_WARN_UNUSED_VARIABLE = YES;
				IPHONEOS_DEPLOYMENT_TARGET = 5.0;
				OTHER_LDFLAGS = (
					"-weak_framework",
					CoreFoundation,
					"-weak_framework",
					UIKit,
					"-weak_framework",
					AVFoundation,
					"-weak_framework",
					CoreMedia,
					"-weak-lSystem",
					"-all_load",
					"-Obj-C",
				);
				SDKROOT = iphoneos;
				SKIP_INSTALL = NO;
				USER_HEADER_SEARCH_PATHS = "";
			};
			name = Debug;
		};
		C01FCF5008A954540054247B /* Release */ = {
			isa = XCBuildConfiguration;
			buildSettings = {
				ARCHS = "$(ARCHS_STANDARD_32_BIT)";
				"CODE_SIGN_IDENTITY[sdk=iphoneos*]" = "iPhone Developer";
				GCC_C_LANGUAGE_STANDARD = c99;
				GCC_PREPROCESSOR_DEFINITIONS = "DEBUGGER=1";
				GCC_THUMB_SUPPORT = NO;
				GCC_VERSION = com.apple.compilers.llvm.clang.1_0;
				GCC_WARN_ABOUT_RETURN_TYPE = YES;
				GCC_WARN_UNUSED_VARIABLE = YES;
				IPHONEOS_DEPLOYMENT_TARGET = 5.0;
				OTHER_LDFLAGS = (
					"-weak_framework",
					CoreFoundation,
					"-weak_framework",
					UIKit,
					"-weak_framework",
					AVFoundation,
					"-weak_framework",
					CoreMedia,
					"-weak-lSystem",
					"-all_load",
					"-Obj-C",
				);
				SDKROOT = iphoneos;
				SKIP_INSTALL = NO;
				USER_HEADER_SEARCH_PATHS = "";
			};
			name = Release;
		};
/* End XCBuildConfiguration section */

/* Begin XCConfigurationList section */
		1D6058960D05DD3E006BFB54 /* Build configuration list for PBXNativeTarget "exampleWizCanvas" */ = {
			isa = XCConfigurationList;
			buildConfigurations = (
				1D6058940D05DD3E006BFB54 /* Debug */,
				1D6058950D05DD3E006BFB54 /* Release */,
			);
			defaultConfigurationIsVisible = 0;
			defaultConfigurationName = Release;
		};
		C01FCF4E08A954540054247B /* Build configuration list for PBXProject "exampleWizCanvas" */ = {
			isa = XCConfigurationList;
			buildConfigurations = (
				C01FCF4F08A954540054247B /* Debug */,
				C01FCF5008A954540054247B /* Release */,
			);
			defaultConfigurationIsVisible = 0;
			defaultConfigurationName = Release;
		};
/* End XCConfigurationList section */
	};
	rootObject = 29B97313FDCFA39411CA2CEA /* Project object */;
}
