// !$*UTF8*$!
{
	archiveVersion = 1;
	classes = {
	};
	objectVersion = 46;
	objects = {

/* Begin PBXBuildFile section */
		021C11E4545D483291B4BB93 /* GameKit.framework in Frameworks */ = {isa = PBXBuildFile; fileRef = 5101D7CD77D84C0682E01D5B /* GameKit.framework */; };
		094ADE21F47545C1B19AB443 /* Vertex.vsh in Resources */ = {isa = PBXBuildFile; fileRef = 4F242A11E9B94E939011F568 /* Vertex.vsh */; };
		126F736A082A4F7FAE2B37D0 /* CoreText.framework in Frameworks */ = {isa = PBXBuildFile; fileRef = DE7A837E094A42908C69C71E /* CoreText.framework */; };
		1D3623260D0F684500981E51 /* AppDelegate.m in Sources */ = {isa = PBXBuildFile; fileRef = 1D3623250D0F684500981E51 /* AppDelegate.m */; };
		1D60589B0D05DD56006BFB54 /* main.m in Sources */ = {isa = PBXBuildFile; fileRef = 29B97316FDCFA39411CA2CEA /* main.m */; };
		1F766FE113BBADB100FB74C0 /* Localizable.strings in Resources */ = {isa = PBXBuildFile; fileRef = 1F766FDC13BBADB100FB74C0 /* Localizable.strings */; };
		288765FD0DF74451002DB57D /* CoreGraphics.framework in Frameworks */ = {isa = PBXBuildFile; fileRef = 288765FC0DF74451002DB57D /* CoreGraphics.framework */; };
		302D95F114D2391D003F00A1 /* MainViewController.m in Sources */ = {isa = PBXBuildFile; fileRef = 302D95EF14D2391D003F00A1 /* MainViewController.m */; };
		302D95F214D2391D003F00A1 /* MainViewController.xib in Resources */ = {isa = PBXBuildFile; fileRef = 302D95F014D2391D003F00A1 /* MainViewController.xib */; };
		305D5FD1115AB8F900A74A75 /* MobileCoreServices.framework in Frameworks */ = {isa = PBXBuildFile; fileRef = 305D5FD0115AB8F900A74A75 /* MobileCoreServices.framework */; };
		3088BBBD154F3926009F9C59 /* Default-Landscape@2x~ipad.png in Resources */ = {isa = PBXBuildFile; fileRef = 3088BBB7154F3926009F9C59 /* Default-Landscape@2x~ipad.png */; };
		3088BBBE154F3926009F9C59 /* Default-Landscape~ipad.png in Resources */ = {isa = PBXBuildFile; fileRef = 3088BBB8154F3926009F9C59 /* Default-Landscape~ipad.png */; };
		3088BBBF154F3926009F9C59 /* Default-Portrait@2x~ipad.png in Resources */ = {isa = PBXBuildFile; fileRef = 3088BBB9154F3926009F9C59 /* Default-Portrait@2x~ipad.png */; };
		3088BBC0154F3926009F9C59 /* Default-Portrait~ipad.png in Resources */ = {isa = PBXBuildFile; fileRef = 3088BBBA154F3926009F9C59 /* Default-Portrait~ipad.png */; };
		3088BBC1154F3926009F9C59 /* Default@2x~iphone.png in Resources */ = {isa = PBXBuildFile; fileRef = 3088BBBB154F3926009F9C59 /* Default@2x~iphone.png */; };
		3088BBC2154F3926009F9C59 /* Default~iphone.png in Resources */ = {isa = PBXBuildFile; fileRef = 3088BBBC154F3926009F9C59 /* Default~iphone.png */; };
		308D05371370CCF300D202BF /* icon-72.png in Resources */ = {isa = PBXBuildFile; fileRef = 308D052E1370CCF300D202BF /* icon-72.png */; };
		308D05381370CCF300D202BF /* icon.png in Resources */ = {isa = PBXBuildFile; fileRef = 308D052F1370CCF300D202BF /* icon.png */; };
		308D05391370CCF300D202BF /* icon@2x.png in Resources */ = {isa = PBXBuildFile; fileRef = 308D05301370CCF300D202BF /* icon@2x.png */; };
		30A0434814DC770100060A13 /* Localizable.strings in Resources */ = {isa = PBXBuildFile; fileRef = 30A0434314DC770100060A13 /* Localizable.strings */; };
		30F3AC99B32045518850AE67 /* Security.framework in Frameworks */ = {isa = PBXBuildFile; fileRef = 3F72FC2F673A4C43A9ABE313 /* Security.framework */; };
		30FC414916E50CA1004E6F35 /* icon-72@2x.png in Resources */ = {isa = PBXBuildFile; fileRef = 30FC414816E50CA1004E6F35 /* icon-72@2x.png */; };
		34B400AD46624B10804EAA58 /* Texture.fsh in Resources */ = {isa = PBXBuildFile; fileRef = D9761219F4044572A774A294 /* Texture.fsh */; };
		35263611290841B3B341BC56 /* StoreKit.framework in Frameworks */ = {isa = PBXBuildFile; fileRef = 90F6752544C5419E933FC930 /* StoreKit.framework */; };
		38D0B65881B545B8B4557A75 /* libicucore.dylib in Frameworks */ = {isa = PBXBuildFile; fileRef = B5D427E6A5F347FDBFB97AB9 /* libicucore.dylib */; };
		414592DD1907AD1F00A18B62 /* EJAudioSourceAVAudio.m in Sources */ = {isa = PBXBuildFile; fileRef = 414592471907AD1F00A18B62 /* EJAudioSourceAVAudio.m */; settings = {COMPILER_FLAGS = "-fno-objc-arc"; }; };
		414592DE1907AD2000A18B62 /* EJAudioSourceOpenAL.m in Sources */ = {isa = PBXBuildFile; fileRef = 414592491907AD1F00A18B62 /* EJAudioSourceOpenAL.m */; settings = {COMPILER_FLAGS = "-fno-objc-arc"; }; };
		414592DF1907AD2000A18B62 /* EJBindingAudio.m in Sources */ = {isa = PBXBuildFile; fileRef = 4145924B1907AD1F00A18B62 /* EJBindingAudio.m */; settings = {COMPILER_FLAGS = "-fno-objc-arc"; }; };
		414592E01907AD2000A18B62 /* EJOpenALBuffer.m in Sources */ = {isa = PBXBuildFile; fileRef = 4145924D1907AD1F00A18B62 /* EJOpenALBuffer.m */; settings = {COMPILER_FLAGS = "-fno-objc-arc"; }; };
		414592E11907AD2000A18B62 /* EJSharedOpenALManager.m in Sources */ = {isa = PBXBuildFile; fileRef = 4145924F1907AD1F00A18B62 /* EJSharedOpenALManager.m */; settings = {COMPILER_FLAGS = "-fno-objc-arc"; }; };
		414592E21907AD2000A18B62 /* EJBindingBase.m in Sources */ = {isa = PBXBuildFile; fileRef = 414592511907AD1F00A18B62 /* EJBindingBase.m */; settings = {COMPILER_FLAGS = "-fno-objc-arc"; }; };
		414592E31907AD2000A18B62 /* EJBindingEjectaCore.m in Sources */ = {isa = PBXBuildFile; fileRef = 414592531907AD1F00A18B62 /* EJBindingEjectaCore.m */; settings = {COMPILER_FLAGS = "-fno-objc-arc"; }; };
		414592E41907AD2000A18B62 /* EJBindingEventedBase.m in Sources */ = {isa = PBXBuildFile; fileRef = 414592551907AD1F00A18B62 /* EJBindingEventedBase.m */; settings = {COMPILER_FLAGS = "-fno-objc-arc"; }; };
		414592E51907AD2000A18B62 /* EJBindingVideo.m in Sources */ = {isa = PBXBuildFile; fileRef = 414592571907AD1F00A18B62 /* EJBindingVideo.m */; settings = {COMPILER_FLAGS = "-fno-objc-arc"; }; };
		414592E61907AD2000A18B62 /* EJBindingCanvasContext2D.m in Sources */ = {isa = PBXBuildFile; fileRef = 4145925B1907AD1F00A18B62 /* EJBindingCanvasContext2D.m */; settings = {COMPILER_FLAGS = "-fno-objc-arc"; }; };
		414592E71907AD2000A18B62 /* EJBindingCanvasGradient.m in Sources */ = {isa = PBXBuildFile; fileRef = 4145925D1907AD1F00A18B62 /* EJBindingCanvasGradient.m */; settings = {COMPILER_FLAGS = "-fno-objc-arc"; }; };
		414592E81907AD2000A18B62 /* EJBindingCanvasPattern.m in Sources */ = {isa = PBXBuildFile; fileRef = 4145925F1907AD1F00A18B62 /* EJBindingCanvasPattern.m */; settings = {COMPILER_FLAGS = "-fno-objc-arc"; }; };
		414592E91907AD2000A18B62 /* EJBindingImageData.m in Sources */ = {isa = PBXBuildFile; fileRef = 414592611907AD1F00A18B62 /* EJBindingImageData.m */; settings = {COMPILER_FLAGS = "-fno-objc-arc"; }; };
		414592EA1907AD2000A18B62 /* EJBindingTextMetrics.m in Sources */ = {isa = PBXBuildFile; fileRef = 414592631907AD1F00A18B62 /* EJBindingTextMetrics.m */; settings = {COMPILER_FLAGS = "-fno-objc-arc"; }; };
		414592EB1907AD2000A18B62 /* EJCanvasContext2D.m in Sources */ = {isa = PBXBuildFile; fileRef = 414592661907AD1F00A18B62 /* EJCanvasContext2D.m */; settings = {COMPILER_FLAGS = "-fno-objc-arc"; }; };
		414592EC1907AD2000A18B62 /* EJCanvasContext2DScreen.m in Sources */ = {isa = PBXBuildFile; fileRef = 414592681907AD1F00A18B62 /* EJCanvasContext2DScreen.m */; settings = {COMPILER_FLAGS = "-fno-objc-arc"; }; };
		414592ED1907AD2000A18B62 /* EJCanvasContext2DTexture.m in Sources */ = {isa = PBXBuildFile; fileRef = 4145926A1907AD1F00A18B62 /* EJCanvasContext2DTexture.m */; settings = {COMPILER_FLAGS = "-fno-objc-arc"; }; };
		414592EE1907AD2000A18B62 /* EJCanvasGradient.m in Sources */ = {isa = PBXBuildFile; fileRef = 4145926C1907AD1F00A18B62 /* EJCanvasGradient.m */; settings = {COMPILER_FLAGS = "-fno-objc-arc"; }; };
		414592EF1907AD2000A18B62 /* EJCanvasPattern.m in Sources */ = {isa = PBXBuildFile; fileRef = 4145926E1907AD1F00A18B62 /* EJCanvasPattern.m */; settings = {COMPILER_FLAGS = "-fno-objc-arc"; }; };
		414592F01907AD2000A18B62 /* EJConvertColorRGBA.m in Sources */ = {isa = PBXBuildFile; fileRef = 414592701907AD1F00A18B62 /* EJConvertColorRGBA.m */; settings = {COMPILER_FLAGS = "-fno-objc-arc"; }; };
		414592F11907AD2000A18B62 /* EJFont.mm in Sources */ = {isa = PBXBuildFile; fileRef = 414592721907AD1F00A18B62 /* EJFont.mm */; settings = {COMPILER_FLAGS = "-fno-objc-arc"; }; };
		414592F21907AD2000A18B62 /* EJGLProgram2D.m in Sources */ = {isa = PBXBuildFile; fileRef = 414592741907AD1F00A18B62 /* EJGLProgram2D.m */; settings = {COMPILER_FLAGS = "-fno-objc-arc"; }; };
		414592F31907AD2000A18B62 /* EJGLProgram2DRadialGradient.m in Sources */ = {isa = PBXBuildFile; fileRef = 414592761907AD1F00A18B62 /* EJGLProgram2DRadialGradient.m */; settings = {COMPILER_FLAGS = "-fno-objc-arc"; }; };
		414592F41907AD2000A18B62 /* EJImageData.m in Sources */ = {isa = PBXBuildFile; fileRef = 414592781907AD1F00A18B62 /* EJImageData.m */; settings = {COMPILER_FLAGS = "-fno-objc-arc"; }; };
		414592F51907AD2000A18B62 /* EJPath.mm in Sources */ = {isa = PBXBuildFile; fileRef = 4145927A1907AD1F00A18B62 /* EJPath.mm */; settings = {COMPILER_FLAGS = "-fno-objc-arc"; }; };
		414592F61907AD2000A18B62 /* EAGLView.m in Sources */ = {isa = PBXBuildFile; fileRef = 4145927C1907AD1F00A18B62 /* EAGLView.m */; settings = {COMPILER_FLAGS = "-fno-objc-arc"; }; };
		414592F71907AD2000A18B62 /* EJBindingCanvas.m in Sources */ = {isa = PBXBuildFile; fileRef = 4145927E1907AD1F00A18B62 /* EJBindingCanvas.m */; settings = {COMPILER_FLAGS = "-fno-objc-arc"; }; };
		414592F81907AD2000A18B62 /* EJBindingCanvasStyle.m in Sources */ = {isa = PBXBuildFile; fileRef = 414592801907AD1F00A18B62 /* EJBindingCanvasStyle.m */; settings = {COMPILER_FLAGS = "-fno-objc-arc"; }; };
		414592F91907AD2000A18B62 /* EJBindingImage.m in Sources */ = {isa = PBXBuildFile; fileRef = 414592821907AD1F00A18B62 /* EJBindingImage.m */; settings = {COMPILER_FLAGS = "-fno-objc-arc"; }; };
		414592FA1907AD2000A18B62 /* EJCanvasContext.m in Sources */ = {isa = PBXBuildFile; fileRef = 414592841907AD1F00A18B62 /* EJCanvasContext.m */; settings = {COMPILER_FLAGS = "-fno-objc-arc"; }; };
		414592FB1907AD2000A18B62 /* EJSharedTextureCache.m in Sources */ = {isa = PBXBuildFile; fileRef = 414592881907AD1F00A18B62 /* EJSharedTextureCache.m */; settings = {COMPILER_FLAGS = "-fno-objc-arc"; }; };
		414592FC1907AD2000A18B62 /* EJTexture.m in Sources */ = {isa = PBXBuildFile; fileRef = 4145928A1907AD1F00A18B62 /* EJTexture.m */; settings = {COMPILER_FLAGS = "-fno-objc-arc"; }; };
		414592FD1907AD2000A18B62 /* EJTextureStorage.m in Sources */ = {isa = PBXBuildFile; fileRef = 4145928C1907AD1F00A18B62 /* EJTextureStorage.m */; settings = {COMPILER_FLAGS = "-fno-objc-arc"; }; };
		414592FE1907AD2000A18B62 /* EJBindingCanvasContextWebGL.m in Sources */ = {isa = PBXBuildFile; fileRef = 4145928F1907AD1F00A18B62 /* EJBindingCanvasContextWebGL.m */; settings = {COMPILER_FLAGS = "-fno-objc-arc"; }; };
		414592FF1907AD2000A18B62 /* EJBindingWebGLExtensions.m in Sources */ = {isa = PBXBuildFile; fileRef = 414592911907AD1F00A18B62 /* EJBindingWebGLExtensions.m */; settings = {COMPILER_FLAGS = "-fno-objc-arc"; }; };
		414593001907AD2000A18B62 /* EJBindingWebGLObjects.m in Sources */ = {isa = PBXBuildFile; fileRef = 414592931907AD1F00A18B62 /* EJBindingWebGLObjects.m */; settings = {COMPILER_FLAGS = "-fno-objc-arc"; }; };
		414593011907AD2000A18B62 /* EJCanvasContextWebGL.m in Sources */ = {isa = PBXBuildFile; fileRef = 414592951907AD1F00A18B62 /* EJCanvasContextWebGL.m */; settings = {COMPILER_FLAGS = "-fno-objc-arc"; }; };
		414593021907AD2000A18B62 /* EJCanvasContextWebGLScreen.m in Sources */ = {isa = PBXBuildFile; fileRef = 414592971907AD1F00A18B62 /* EJCanvasContextWebGLScreen.m */; settings = {COMPILER_FLAGS = "-fno-objc-arc"; }; };
		414593031907AD2000A18B62 /* EJCanvasContextWebGLTexture.m in Sources */ = {isa = PBXBuildFile; fileRef = 414592991907AD1F00A18B62 /* EJCanvasContextWebGLTexture.m */; settings = {COMPILER_FLAGS = "-fno-objc-arc"; }; };
		414593041907AD2000A18B62 /* EJConvertWebGL.m in Sources */ = {isa = PBXBuildFile; fileRef = 4145929B1907AD1F00A18B62 /* EJConvertWebGL.m */; settings = {COMPILER_FLAGS = "-fno-objc-arc"; }; };
		414593051907AD2000A18B62 /* EJClassLoader.m in Sources */ = {isa = PBXBuildFile; fileRef = 4145929D1907AD1F00A18B62 /* EJClassLoader.m */; settings = {COMPILER_FLAGS = "-fno-objc-arc"; }; };
		414593061907AD2000A18B62 /* EJConvert.m in Sources */ = {isa = PBXBuildFile; fileRef = 4145929F1907AD1F00A18B62 /* EJConvert.m */; settings = {COMPILER_FLAGS = "-fno-objc-arc"; }; };
		414593071907AD2000A18B62 /* EJNonRetainingProxy.m in Sources */ = {isa = PBXBuildFile; fileRef = 414592A11907AD1F00A18B62 /* EJNonRetainingProxy.m */; settings = {COMPILER_FLAGS = "-fno-objc-arc"; }; };
		414593081907AD2000A18B62 /* EJSharedOpenGLContext.m in Sources */ = {isa = PBXBuildFile; fileRef = 414592A31907AD1F00A18B62 /* EJSharedOpenGLContext.m */; settings = {COMPILER_FLAGS = "-fno-objc-arc"; }; };
		414593091907AD2000A18B62 /* EJTimer.m in Sources */ = {isa = PBXBuildFile; fileRef = 414592A51907AD1F00A18B62 /* EJTimer.m */; settings = {COMPILER_FLAGS = "-fno-objc-arc"; }; };
		414593181907AD2000A18B62 /* base64.c in Sources */ = {isa = PBXBuildFile; fileRef = 414592D01907AD1F00A18B62 /* base64.c */; };
		414593191907AD2000A18B62 /* NSString+Hashes.m in Sources */ = {isa = PBXBuildFile; fileRef = 414592D31907AD1F00A18B62 /* NSString+Hashes.m */; };
		4145931A1907AD2000A18B62 /* SRWebSocket.m in Sources */ = {isa = PBXBuildFile; fileRef = 414592D61907AD1F00A18B62 /* SRWebSocket.m */; };
		4145931B1907AD2000A18B62 /* WizCanvasPlugin.m in Sources */ = {isa = PBXBuildFile; fileRef = 414592D91907AD1F00A18B62 /* WizCanvasPlugin.m */; settings = {COMPILER_FLAGS = "-fno-objc-arc"; }; };
		4145931C1907AD2000A18B62 /* WizCanvasView.m in Sources */ = {isa = PBXBuildFile; fileRef = 414592DB1907AD1F00A18B62 /* WizCanvasView.m */; settings = {COMPILER_FLAGS = "-fno-objc-arc"; }; };
		4145931E1907AEA400A18B62 /* JavaScriptCore.framework in Frameworks */ = {isa = PBXBuildFile; fileRef = 4145931D1907AEA400A18B62 /* JavaScriptCore.framework */; };
		414593211907AFF700A18B62 /* EJFontCache.m in Sources */ = {isa = PBXBuildFile; fileRef = 414593201907AFF700A18B62 /* EJFontCache.m */; settings = {COMPILER_FLAGS = "-fno-objc-arc"; }; };
		414593231907B8A200A18B62 /* libc++.dylib in Frameworks */ = {isa = PBXBuildFile; fileRef = 414593221907B8A200A18B62 /* libc++.dylib */; };
		414593251907BAFF00A18B62 /* AssetsLibrary.framework in Frameworks */ = {isa = PBXBuildFile; fileRef = 414593241907BAFF00A18B62 /* AssetsLibrary.framework */; };
		414593461907C40F00A18B62 /* EJBindingAdBanner.m in Sources */ = {isa = PBXBuildFile; fileRef = 414593281907C40F00A18B62 /* EJBindingAdBanner.m */; settings = {COMPILER_FLAGS = "-fno-objc-arc"; }; };
		414593471907C40F00A18B62 /* EJBindingDeviceMotion.m in Sources */ = {isa = PBXBuildFile; fileRef = 4145932A1907C40F00A18B62 /* EJBindingDeviceMotion.m */; settings = {COMPILER_FLAGS = "-fno-objc-arc"; }; };
		414593481907C40F00A18B62 /* EJBindingGameCenter.m in Sources */ = {isa = PBXBuildFile; fileRef = 4145932C1907C40F00A18B62 /* EJBindingGameCenter.m */; settings = {COMPILER_FLAGS = "-fno-objc-arc"; }; };
		414593491907C40F00A18B62 /* EJBindingGeolocation.m in Sources */ = {isa = PBXBuildFile; fileRef = 4145932E1907C40F00A18B62 /* EJBindingGeolocation.m */; settings = {COMPILER_FLAGS = "-fno-objc-arc"; }; };
		4145934A1907C40F00A18B62 /* EJBindingHttpRequest.m in Sources */ = {isa = PBXBuildFile; fileRef = 414593301907C40F00A18B62 /* EJBindingHttpRequest.m */; settings = {COMPILER_FLAGS = "-fno-objc-arc"; }; };
		4145934C1907C40F00A18B62 /* EJBindingKeyInput.m in Sources */ = {isa = PBXBuildFile; fileRef = 414593341907C40F00A18B62 /* EJBindingKeyInput.m */; settings = {COMPILER_FLAGS = "-fno-objc-arc"; }; };
		4145934D1907C40F00A18B62 /* EJBindingLocalStorage.m in Sources */ = {isa = PBXBuildFile; fileRef = 414593361907C40F00A18B62 /* EJBindingLocalStorage.m */; settings = {COMPILER_FLAGS = "-fno-objc-arc"; }; };
		4145934E1907C40F00A18B62 /* EJBindingTouchInput.m in Sources */ = {isa = PBXBuildFile; fileRef = 414593381907C40F00A18B62 /* EJBindingTouchInput.m */; settings = {COMPILER_FLAGS = "-fno-objc-arc"; }; };
		4145934F1907C40F00A18B62 /* EJBindingWebSocket.m in Sources */ = {isa = PBXBuildFile; fileRef = 4145933A1907C40F00A18B62 /* EJBindingWebSocket.m */; settings = {COMPILER_FLAGS = "-fno-objc-arc"; }; };
		414593501907C40F00A18B62 /* EJBindingWindowEvents.m in Sources */ = {isa = PBXBuildFile; fileRef = 4145933C1907C40F00A18B62 /* EJBindingWindowEvents.m */; settings = {COMPILER_FLAGS = "-fno-objc-arc"; }; };
		414593511907C40F00A18B62 /* EJBindingWizCanvasMessenger.m in Sources */ = {isa = PBXBuildFile; fileRef = 4145933E1907C40F00A18B62 /* EJBindingWizCanvasMessenger.m */; settings = {COMPILER_FLAGS = "-fno-objc-arc"; }; };
		414593521907C40F00A18B62 /* EJBindingIAPManager.m in Sources */ = {isa = PBXBuildFile; fileRef = 414593411907C40F00A18B62 /* EJBindingIAPManager.m */; settings = {COMPILER_FLAGS = "-fno-objc-arc"; }; };
		414593531907C40F00A18B62 /* EJBindingIAPProduct.m in Sources */ = {isa = PBXBuildFile; fileRef = 414593431907C40F00A18B62 /* EJBindingIAPProduct.m */; settings = {COMPILER_FLAGS = "-fno-objc-arc"; }; };
		414593541907C40F00A18B62 /* EJBindingIAPTransaction.m in Sources */ = {isa = PBXBuildFile; fileRef = 414593451907C40F00A18B62 /* EJBindingIAPTransaction.m */; settings = {COMPILER_FLAGS = "-fno-objc-arc"; }; };
		414593551907C7EF00A18B62 /* CoreLocation.framework in Frameworks */ = {isa = PBXBuildFile; fileRef = 5AEE5B34173C68D80009041E /* CoreLocation.framework */; };
		420C129D8E4D455EBF3786CC /* iAd.framework in Frameworks */ = {isa = PBXBuildFile; fileRef = C022E62328DD4AD5B36CC236 /* iAd.framework */; };
		4634BB0DE0F74403BEB58E88 /* Foundation.framework in Frameworks */ = {isa = PBXBuildFile; fileRef = F775C29C05064D22939E8609 /* Foundation.framework */; };
		4B4CB6DDCF5442A696E3F9C5 /* UIKit.framework in Frameworks */ = {isa = PBXBuildFile; fileRef = 395440451FBB48DFAAE69223 /* UIKit.framework */; };
		55BB6D8EE48242C09919B2D0 /* QuartzCore.framework in Frameworks */ = {isa = PBXBuildFile; fileRef = F3DC8DAC2E31414DBE7C2477 /* QuartzCore.framework */; };
		59C527051C864205A7707FB8 /* AVFoundation.framework in Frameworks */ = {isa = PBXBuildFile; fileRef = 731FBCEEEB4B46748E8F26C0 /* AVFoundation.framework */; };
		5AA06648E19B4C62B9888E5C /* Flat.fsh in Resources */ = {isa = PBXBuildFile; fileRef = 385D7DFF6C8C4E7D8BBE39E1 /* Flat.fsh */; };
		7A2AF45F7D534557956C504D /* AlphaTexture.fsh in Resources */ = {isa = PBXBuildFile; fileRef = E388478C285B42CE972FE675 /* AlphaTexture.fsh */; };
		7E7966DE1810823500FA85AD /* icon-40.png in Resources */ = {isa = PBXBuildFile; fileRef = 7E7966D41810823500FA85AD /* icon-40.png */; };
		7E7966DF1810823500FA85AD /* icon-40@2x.png in Resources */ = {isa = PBXBuildFile; fileRef = 7E7966D51810823500FA85AD /* icon-40@2x.png */; };
		7E7966E01810823500FA85AD /* icon-50.png in Resources */ = {isa = PBXBuildFile; fileRef = 7E7966D61810823500FA85AD /* icon-50.png */; };
		7E7966E11810823500FA85AD /* icon-50@2x.png in Resources */ = {isa = PBXBuildFile; fileRef = 7E7966D71810823500FA85AD /* icon-50@2x.png */; };
		7E7966E21810823500FA85AD /* icon-60.png in Resources */ = {isa = PBXBuildFile; fileRef = 7E7966D81810823500FA85AD /* icon-60.png */; };
		7E7966E31810823500FA85AD /* icon-60@2x.png in Resources */ = {isa = PBXBuildFile; fileRef = 7E7966D91810823500FA85AD /* icon-60@2x.png */; };
		7E7966E41810823500FA85AD /* icon-76.png in Resources */ = {isa = PBXBuildFile; fileRef = 7E7966DA1810823500FA85AD /* icon-76.png */; };
		7E7966E51810823500FA85AD /* icon-76@2x.png in Resources */ = {isa = PBXBuildFile; fileRef = 7E7966DB1810823500FA85AD /* icon-76@2x.png */; };
		7E7966E61810823500FA85AD /* icon-small.png in Resources */ = {isa = PBXBuildFile; fileRef = 7E7966DC1810823500FA85AD /* icon-small.png */; };
		7E7966E71810823500FA85AD /* icon-small@2x.png in Resources */ = {isa = PBXBuildFile; fileRef = 7E7966DD1810823500FA85AD /* icon-small@2x.png */; };
		7F0F48B885174DB7812F80F5 /* CFNetwork.framework in Frameworks */ = {isa = PBXBuildFile; fileRef = 59C84C93F38B4D4BAC9304F1 /* CFNetwork.framework */; };
		80A418E6DA1F48B6962510BD /* SystemConfiguration.framework in Frameworks */ = {isa = PBXBuildFile; fileRef = E6D186244A43477EBC9C6808 /* SystemConfiguration.framework */; };
		909459232FFD4AFF8CB59EA2 /* CoreMotion.framework in Frameworks */ = {isa = PBXBuildFile; fileRef = 7B2FE53364584E6DB88816B3 /* CoreMotion.framework */; };
		A7DBBFCC5DC84EBA9B2CD4C4 /* OpenGLES.framework in Frameworks */ = {isa = PBXBuildFile; fileRef = 6664B8D657694CA09C4D5631 /* OpenGLES.framework */; };
		C6DE697D1922136500537807 /* NSString+URLEncoding.m in Sources */ = {isa = PBXBuildFile; fileRef = C6DE697C1922136500537807 /* NSString+URLEncoding.m */; };
		D4A0D8761607E02300AEF8BB /* Default-568h@2x~iphone.png in Resources */ = {isa = PBXBuildFile; fileRef = D4A0D8751607E02300AEF8BB /* Default-568h@2x~iphone.png */; };
		D6E97C63905E42FEA4DC1B8C /* MediaPlayer.framework in Frameworks */ = {isa = PBXBuildFile; fileRef = 462F70DE5650453FAF0BC5B2 /* MediaPlayer.framework */; };
		F44745E07801467DA4D62507 /* RadialGradient.fsh in Resources */ = {isa = PBXBuildFile; fileRef = 99D0CB1E9E79447C957BEE30 /* RadialGradient.fsh */; };
		F4DC23E03D80455E9FE71B66 /* AudioToolbox.framework in Frameworks */ = {isa = PBXBuildFile; fileRef = 6740B370FFA4412AA4E3F1B5 /* AudioToolbox.framework */; };
		F840E1F1165FE0F500CFE078 /* config.xml in Resources */ = {isa = PBXBuildFile; fileRef = F840E1F0165FE0F500CFE078 /* config.xml */; };
		FACA0C45E5334496910EB440 /* OpenAL.framework in Frameworks */ = {isa = PBXBuildFile; fileRef = 2F7CC12032D444DBBBA413C4 /* OpenAL.framework */; };
		FB88009BDD4C431F9222A419 /* Pattern.fsh in Resources */ = {isa = PBXBuildFile; fileRef = 1AEB4314D2A54D60A555A7AE /* Pattern.fsh */; };
/* End PBXBuildFile section */

/* Begin PBXContainerItemProxy section */
		301BF534109A57CC0062928A /* PBXContainerItemProxy */ = {
			isa = PBXContainerItemProxy;
			containerPortal = 301BF52D109A57CC0062928A /* CordovaLib.xcodeproj */;
			proxyType = 2;
			remoteGlobalIDString = D2AAC07E0554694100DB518D;
			remoteInfo = CordovaLib;
		};
		301BF550109A68C00062928A /* PBXContainerItemProxy */ = {
			isa = PBXContainerItemProxy;
			containerPortal = 301BF52D109A57CC0062928A /* CordovaLib.xcodeproj */;
			proxyType = 1;
			remoteGlobalIDString = D2AAC07D0554694100DB518D;
			remoteInfo = CordovaLib;
		};
/* End PBXContainerItemProxy section */

/* Begin PBXFileReference section */
		1AEB4314D2A54D60A555A7AE /* Pattern.fsh */ = {isa = PBXFileReference; fileEncoding = 4; lastKnownFileType = unknown; path = Pattern.fsh; sourceTree = "<group>"; };
		1D3623240D0F684500981E51 /* AppDelegate.h */ = {isa = PBXFileReference; fileEncoding = 4; lastKnownFileType = sourcecode.c.h; path = AppDelegate.h; sourceTree = "<group>"; };
		1D3623250D0F684500981E51 /* AppDelegate.m */ = {isa = PBXFileReference; fileEncoding = 4; lastKnownFileType = sourcecode.c.objc; path = AppDelegate.m; sourceTree = "<group>"; };
		1D6058910D05DD3D006BFB54 /* exampleWizCanvas.app */ = {isa = PBXFileReference; explicitFileType = wrapper.application; includeInIndex = 0; path = exampleWizCanvas.app; sourceTree = BUILT_PRODUCTS_DIR; };
		1F766FDD13BBADB100FB74C0 /* en */ = {isa = PBXFileReference; lastKnownFileType = text.plist.strings; name = en; path = Localizable.strings; sourceTree = "<group>"; };
		1F766FE013BBADB100FB74C0 /* es */ = {isa = PBXFileReference; lastKnownFileType = text.plist.strings; name = es; path = Localizable.strings; sourceTree = "<group>"; };
		288765FC0DF74451002DB57D /* CoreGraphics.framework */ = {isa = PBXFileReference; lastKnownFileType = wrapper.framework; name = CoreGraphics.framework; path = System/Library/Frameworks/CoreGraphics.framework; sourceTree = SDKROOT; };
		29B97316FDCFA39411CA2CEA /* main.m */ = {isa = PBXFileReference; fileEncoding = 4; lastKnownFileType = sourcecode.c.objc; path = main.m; sourceTree = "<group>"; };
		2F7CC12032D444DBBBA413C4 /* OpenAL.framework */ = {isa = PBXFileReference; fileEncoding = 4; lastKnownFileType = wrapper.framework; name = OpenAL.framework; path = System/Library/Frameworks/OpenAL.framework; sourceTree = SDKROOT; };
		301BF52D109A57CC0062928A /* CordovaLib.xcodeproj */ = {isa = PBXFileReference; lastKnownFileType = "wrapper.pb-project"; name = CordovaLib.xcodeproj; path = CordovaLib/CordovaLib.xcodeproj; sourceTree = "<group>"; };
		301BF56E109A69640062928A /* www */ = {isa = PBXFileReference; lastKnownFileType = folder; path = www; sourceTree = SOURCE_ROOT; };
		302D95EE14D2391D003F00A1 /* MainViewController.h */ = {isa = PBXFileReference; fileEncoding = 4; lastKnownFileType = sourcecode.c.h; path = MainViewController.h; sourceTree = "<group>"; };
		302D95EF14D2391D003F00A1 /* MainViewController.m */ = {isa = PBXFileReference; fileEncoding = 4; lastKnownFileType = sourcecode.c.objc; path = MainViewController.m; sourceTree = "<group>"; };
		302D95F014D2391D003F00A1 /* MainViewController.xib */ = {isa = PBXFileReference; fileEncoding = 4; lastKnownFileType = file.xib; path = MainViewController.xib; sourceTree = "<group>"; };
		305D5FD0115AB8F900A74A75 /* MobileCoreServices.framework */ = {isa = PBXFileReference; lastKnownFileType = wrapper.framework; name = MobileCoreServices.framework; path = System/Library/Frameworks/MobileCoreServices.framework; sourceTree = SDKROOT; };
		3088BBB7154F3926009F9C59 /* Default-Landscape@2x~ipad.png */ = {isa = PBXFileReference; lastKnownFileType = image.png; path = "Default-Landscape@2x~ipad.png"; sourceTree = "<group>"; };
		3088BBB8154F3926009F9C59 /* Default-Landscape~ipad.png */ = {isa = PBXFileReference; lastKnownFileType = image.png; path = "Default-Landscape~ipad.png"; sourceTree = "<group>"; };
		3088BBB9154F3926009F9C59 /* Default-Portrait@2x~ipad.png */ = {isa = PBXFileReference; lastKnownFileType = image.png; path = "Default-Portrait@2x~ipad.png"; sourceTree = "<group>"; };
		3088BBBA154F3926009F9C59 /* Default-Portrait~ipad.png */ = {isa = PBXFileReference; lastKnownFileType = image.png; path = "Default-Portrait~ipad.png"; sourceTree = "<group>"; };
		3088BBBB154F3926009F9C59 /* Default@2x~iphone.png */ = {isa = PBXFileReference; lastKnownFileType = image.png; path = "Default@2x~iphone.png"; sourceTree = "<group>"; };
		3088BBBC154F3926009F9C59 /* Default~iphone.png */ = {isa = PBXFileReference; lastKnownFileType = image.png; path = "Default~iphone.png"; sourceTree = "<group>"; };
		308D052E1370CCF300D202BF /* icon-72.png */ = {isa = PBXFileReference; lastKnownFileType = image.png; path = "icon-72.png"; sourceTree = "<group>"; };
		308D052F1370CCF300D202BF /* icon.png */ = {isa = PBXFileReference; lastKnownFileType = image.png; path = icon.png; sourceTree = "<group>"; };
		308D05301370CCF300D202BF /* icon@2x.png */ = {isa = PBXFileReference; lastKnownFileType = image.png; path = "icon@2x.png"; sourceTree = "<group>"; };
		30A0434414DC770100060A13 /* de */ = {isa = PBXFileReference; lastKnownFileType = text.plist.strings; name = de; path = Localizable.strings; sourceTree = "<group>"; };
		30A0434714DC770100060A13 /* se */ = {isa = PBXFileReference; lastKnownFileType = text.plist.strings; name = se; path = Localizable.strings; sourceTree = "<group>"; };
		30FC414816E50CA1004E6F35 /* icon-72@2x.png */ = {isa = PBXFileReference; lastKnownFileType = image.png; path = "icon-72@2x.png"; sourceTree = "<group>"; };
		32CA4F630368D1EE00C91783 /* exampleWizCanvas-Prefix.pch */ = {isa = PBXFileReference; fileEncoding = 4; lastKnownFileType = sourcecode.c.h; path = "exampleWizCanvas-Prefix.pch"; sourceTree = "<group>"; };
		385D7DFF6C8C4E7D8BBE39E1 /* Flat.fsh */ = {isa = PBXFileReference; fileEncoding = 4; lastKnownFileType = unknown; path = Flat.fsh; sourceTree = "<group>"; };
		395440451FBB48DFAAE69223 /* UIKit.framework */ = {isa = PBXFileReference; fileEncoding = 4; lastKnownFileType = wrapper.framework; name = UIKit.framework; path = System/Library/Frameworks/UIKit.framework; sourceTree = SDKROOT; };
		3F72FC2F673A4C43A9ABE313 /* Security.framework */ = {isa = PBXFileReference; fileEncoding = 4; lastKnownFileType = wrapper.framework; name = Security.framework; path = System/Library/Frameworks/Security.framework; sourceTree = SDKROOT; };
		414592451907AD1F00A18B62 /* EJAudioSource.h */ = {isa = PBXFileReference; fileEncoding = 4; lastKnownFileType = sourcecode.c.h; path = EJAudioSource.h; sourceTree = "<group>"; };
		414592461907AD1F00A18B62 /* EJAudioSourceAVAudio.h */ = {isa = PBXFileReference; fileEncoding = 4; lastKnownFileType = sourcecode.c.h; path = EJAudioSourceAVAudio.h; sourceTree = "<group>"; };
		414592471907AD1F00A18B62 /* EJAudioSourceAVAudio.m */ = {isa = PBXFileReference; fileEncoding = 4; lastKnownFileType = sourcecode.c.objc; path = EJAudioSourceAVAudio.m; sourceTree = "<group>"; };
		414592481907AD1F00A18B62 /* EJAudioSourceOpenAL.h */ = {isa = PBXFileReference; fileEncoding = 4; lastKnownFileType = sourcecode.c.h; path = EJAudioSourceOpenAL.h; sourceTree = "<group>"; };
		414592491907AD1F00A18B62 /* EJAudioSourceOpenAL.m */ = {isa = PBXFileReference; fileEncoding = 4; lastKnownFileType = sourcecode.c.objc; path = EJAudioSourceOpenAL.m; sourceTree = "<group>"; };
		4145924A1907AD1F00A18B62 /* EJBindingAudio.h */ = {isa = PBXFileReference; fileEncoding = 4; lastKnownFileType = sourcecode.c.h; path = EJBindingAudio.h; sourceTree = "<group>"; };
		4145924B1907AD1F00A18B62 /* EJBindingAudio.m */ = {isa = PBXFileReference; fileEncoding = 4; lastKnownFileType = sourcecode.c.objc; path = EJBindingAudio.m; sourceTree = "<group>"; };
		4145924C1907AD1F00A18B62 /* EJOpenALBuffer.h */ = {isa = PBXFileReference; fileEncoding = 4; lastKnownFileType = sourcecode.c.h; path = EJOpenALBuffer.h; sourceTree = "<group>"; };
		4145924D1907AD1F00A18B62 /* EJOpenALBuffer.m */ = {isa = PBXFileReference; fileEncoding = 4; lastKnownFileType = sourcecode.c.objc; path = EJOpenALBuffer.m; sourceTree = "<group>"; };
		4145924E1907AD1F00A18B62 /* EJSharedOpenALManager.h */ = {isa = PBXFileReference; fileEncoding = 4; lastKnownFileType = sourcecode.c.h; path = EJSharedOpenALManager.h; sourceTree = "<group>"; };
		4145924F1907AD1F00A18B62 /* EJSharedOpenALManager.m */ = {isa = PBXFileReference; fileEncoding = 4; lastKnownFileType = sourcecode.c.objc; path = EJSharedOpenALManager.m; sourceTree = "<group>"; };
		414592501907AD1F00A18B62 /* EJBindingBase.h */ = {isa = PBXFileReference; fileEncoding = 4; lastKnownFileType = sourcecode.c.h; path = EJBindingBase.h; sourceTree = "<group>"; };
		414592511907AD1F00A18B62 /* EJBindingBase.m */ = {isa = PBXFileReference; fileEncoding = 4; lastKnownFileType = sourcecode.c.objc; path = EJBindingBase.m; sourceTree = "<group>"; };
		414592521907AD1F00A18B62 /* EJBindingEjectaCore.h */ = {isa = PBXFileReference; fileEncoding = 4; lastKnownFileType = sourcecode.c.h; path = EJBindingEjectaCore.h; sourceTree = "<group>"; };
		414592531907AD1F00A18B62 /* EJBindingEjectaCore.m */ = {isa = PBXFileReference; fileEncoding = 4; lastKnownFileType = sourcecode.c.objc; path = EJBindingEjectaCore.m; sourceTree = "<group>"; };
		414592541907AD1F00A18B62 /* EJBindingEventedBase.h */ = {isa = PBXFileReference; fileEncoding = 4; lastKnownFileType = sourcecode.c.h; path = EJBindingEventedBase.h; sourceTree = "<group>"; };
		414592551907AD1F00A18B62 /* EJBindingEventedBase.m */ = {isa = PBXFileReference; fileEncoding = 4; lastKnownFileType = sourcecode.c.objc; path = EJBindingEventedBase.m; sourceTree = "<group>"; };
		414592561907AD1F00A18B62 /* EJBindingVideo.h */ = {isa = PBXFileReference; fileEncoding = 4; lastKnownFileType = sourcecode.c.h; path = EJBindingVideo.h; sourceTree = "<group>"; };
		414592571907AD1F00A18B62 /* EJBindingVideo.m */ = {isa = PBXFileReference; fileEncoding = 4; lastKnownFileType = sourcecode.c.objc; path = EJBindingVideo.m; sourceTree = "<group>"; };
		4145925A1907AD1F00A18B62 /* EJBindingCanvasContext2D.h */ = {isa = PBXFileReference; fileEncoding = 4; lastKnownFileType = sourcecode.c.h; path = EJBindingCanvasContext2D.h; sourceTree = "<group>"; };
		4145925B1907AD1F00A18B62 /* EJBindingCanvasContext2D.m */ = {isa = PBXFileReference; fileEncoding = 4; lastKnownFileType = sourcecode.c.objc; path = EJBindingCanvasContext2D.m; sourceTree = "<group>"; };
		4145925C1907AD1F00A18B62 /* EJBindingCanvasGradient.h */ = {isa = PBXFileReference; fileEncoding = 4; lastKnownFileType = sourcecode.c.h; path = EJBindingCanvasGradient.h; sourceTree = "<group>"; };
		4145925D1907AD1F00A18B62 /* EJBindingCanvasGradient.m */ = {isa = PBXFileReference; fileEncoding = 4; lastKnownFileType = sourcecode.c.objc; path = EJBindingCanvasGradient.m; sourceTree = "<group>"; };
		4145925E1907AD1F00A18B62 /* EJBindingCanvasPattern.h */ = {isa = PBXFileReference; fileEncoding = 4; lastKnownFileType = sourcecode.c.h; path = EJBindingCanvasPattern.h; sourceTree = "<group>"; };
		4145925F1907AD1F00A18B62 /* EJBindingCanvasPattern.m */ = {isa = PBXFileReference; fileEncoding = 4; lastKnownFileType = sourcecode.c.objc; path = EJBindingCanvasPattern.m; sourceTree = "<group>"; };
		414592601907AD1F00A18B62 /* EJBindingImageData.h */ = {isa = PBXFileReference; fileEncoding = 4; lastKnownFileType = sourcecode.c.h; path = EJBindingImageData.h; sourceTree = "<group>"; };
		414592611907AD1F00A18B62 /* EJBindingImageData.m */ = {isa = PBXFileReference; fileEncoding = 4; lastKnownFileType = sourcecode.c.objc; path = EJBindingImageData.m; sourceTree = "<group>"; };
		414592621907AD1F00A18B62 /* EJBindingTextMetrics.h */ = {isa = PBXFileReference; fileEncoding = 4; lastKnownFileType = sourcecode.c.h; path = EJBindingTextMetrics.h; sourceTree = "<group>"; };
		414592631907AD1F00A18B62 /* EJBindingTextMetrics.m */ = {isa = PBXFileReference; fileEncoding = 4; lastKnownFileType = sourcecode.c.objc; path = EJBindingTextMetrics.m; sourceTree = "<group>"; };
		414592641907AD1F00A18B62 /* EJCanvas2DTypes.h */ = {isa = PBXFileReference; fileEncoding = 4; lastKnownFileType = sourcecode.c.h; path = EJCanvas2DTypes.h; sourceTree = "<group>"; };
		414592651907AD1F00A18B62 /* EJCanvasContext2D.h */ = {isa = PBXFileReference; fileEncoding = 4; lastKnownFileType = sourcecode.c.h; path = EJCanvasContext2D.h; sourceTree = "<group>"; };
		414592661907AD1F00A18B62 /* EJCanvasContext2D.m */ = {isa = PBXFileReference; fileEncoding = 4; lastKnownFileType = sourcecode.c.objc; path = EJCanvasContext2D.m; sourceTree = "<group>"; };
		414592671907AD1F00A18B62 /* EJCanvasContext2DScreen.h */ = {isa = PBXFileReference; fileEncoding = 4; lastKnownFileType = sourcecode.c.h; path = EJCanvasContext2DScreen.h; sourceTree = "<group>"; };
		414592681907AD1F00A18B62 /* EJCanvasContext2DScreen.m */ = {isa = PBXFileReference; fileEncoding = 4; lastKnownFileType = sourcecode.c.objc; path = EJCanvasContext2DScreen.m; sourceTree = "<group>"; };
		414592691907AD1F00A18B62 /* EJCanvasContext2DTexture.h */ = {isa = PBXFileReference; fileEncoding = 4; lastKnownFileType = sourcecode.c.h; path = EJCanvasContext2DTexture.h; sourceTree = "<group>"; };
		4145926A1907AD1F00A18B62 /* EJCanvasContext2DTexture.m */ = {isa = PBXFileReference; fileEncoding = 4; lastKnownFileType = sourcecode.c.objc; path = EJCanvasContext2DTexture.m; sourceTree = "<group>"; };
		4145926B1907AD1F00A18B62 /* EJCanvasGradient.h */ = {isa = PBXFileReference; fileEncoding = 4; lastKnownFileType = sourcecode.c.h; path = EJCanvasGradient.h; sourceTree = "<group>"; };
		4145926C1907AD1F00A18B62 /* EJCanvasGradient.m */ = {isa = PBXFileReference; fileEncoding = 4; lastKnownFileType = sourcecode.c.objc; path = EJCanvasGradient.m; sourceTree = "<group>"; };
		4145926D1907AD1F00A18B62 /* EJCanvasPattern.h */ = {isa = PBXFileReference; fileEncoding = 4; lastKnownFileType = sourcecode.c.h; path = EJCanvasPattern.h; sourceTree = "<group>"; };
		4145926E1907AD1F00A18B62 /* EJCanvasPattern.m */ = {isa = PBXFileReference; fileEncoding = 4; lastKnownFileType = sourcecode.c.objc; path = EJCanvasPattern.m; sourceTree = "<group>"; };
		4145926F1907AD1F00A18B62 /* EJConvertColorRGBA.h */ = {isa = PBXFileReference; fileEncoding = 4; lastKnownFileType = sourcecode.c.h; path = EJConvertColorRGBA.h; sourceTree = "<group>"; };
		414592701907AD1F00A18B62 /* EJConvertColorRGBA.m */ = {isa = PBXFileReference; fileEncoding = 4; lastKnownFileType = sourcecode.c.objc; path = EJConvertColorRGBA.m; sourceTree = "<group>"; };
		414592711907AD1F00A18B62 /* EJFont.h */ = {isa = PBXFileReference; fileEncoding = 4; lastKnownFileType = sourcecode.c.h; path = EJFont.h; sourceTree = "<group>"; };
		414592721907AD1F00A18B62 /* EJFont.mm */ = {isa = PBXFileReference; fileEncoding = 4; lastKnownFileType = sourcecode.cpp.objcpp; path = EJFont.mm; sourceTree = "<group>"; };
		414592731907AD1F00A18B62 /* EJGLProgram2D.h */ = {isa = PBXFileReference; fileEncoding = 4; lastKnownFileType = sourcecode.c.h; path = EJGLProgram2D.h; sourceTree = "<group>"; };
		414592741907AD1F00A18B62 /* EJGLProgram2D.m */ = {isa = PBXFileReference; fileEncoding = 4; lastKnownFileType = sourcecode.c.objc; path = EJGLProgram2D.m; sourceTree = "<group>"; };
		414592751907AD1F00A18B62 /* EJGLProgram2DRadialGradient.h */ = {isa = PBXFileReference; fileEncoding = 4; lastKnownFileType = sourcecode.c.h; path = EJGLProgram2DRadialGradient.h; sourceTree = "<group>"; };
		414592761907AD1F00A18B62 /* EJGLProgram2DRadialGradient.m */ = {isa = PBXFileReference; fileEncoding = 4; lastKnownFileType = sourcecode.c.objc; path = EJGLProgram2DRadialGradient.m; sourceTree = "<group>"; };
		414592771907AD1F00A18B62 /* EJImageData.h */ = {isa = PBXFileReference; fileEncoding = 4; lastKnownFileType = sourcecode.c.h; path = EJImageData.h; sourceTree = "<group>"; };
		414592781907AD1F00A18B62 /* EJImageData.m */ = {isa = PBXFileReference; fileEncoding = 4; lastKnownFileType = sourcecode.c.objc; path = EJImageData.m; sourceTree = "<group>"; };
		414592791907AD1F00A18B62 /* EJPath.h */ = {isa = PBXFileReference; fileEncoding = 4; lastKnownFileType = sourcecode.c.h; path = EJPath.h; sourceTree = "<group>"; };
		4145927A1907AD1F00A18B62 /* EJPath.mm */ = {isa = PBXFileReference; fileEncoding = 4; lastKnownFileType = sourcecode.cpp.objcpp; path = EJPath.mm; sourceTree = "<group>"; };
		4145927B1907AD1F00A18B62 /* EAGLView.h */ = {isa = PBXFileReference; fileEncoding = 4; lastKnownFileType = sourcecode.c.h; path = EAGLView.h; sourceTree = "<group>"; };
		4145927C1907AD1F00A18B62 /* EAGLView.m */ = {isa = PBXFileReference; fileEncoding = 4; lastKnownFileType = sourcecode.c.objc; path = EAGLView.m; sourceTree = "<group>"; };
		4145927D1907AD1F00A18B62 /* EJBindingCanvas.h */ = {isa = PBXFileReference; fileEncoding = 4; lastKnownFileType = sourcecode.c.h; path = EJBindingCanvas.h; sourceTree = "<group>"; };
		4145927E1907AD1F00A18B62 /* EJBindingCanvas.m */ = {isa = PBXFileReference; fileEncoding = 4; lastKnownFileType = sourcecode.c.objc; path = EJBindingCanvas.m; sourceTree = "<group>"; };
		4145927F1907AD1F00A18B62 /* EJBindingCanvasStyle.h */ = {isa = PBXFileReference; fileEncoding = 4; lastKnownFileType = sourcecode.c.h; path = EJBindingCanvasStyle.h; sourceTree = "<group>"; };
		414592801907AD1F00A18B62 /* EJBindingCanvasStyle.m */ = {isa = PBXFileReference; fileEncoding = 4; lastKnownFileType = sourcecode.c.objc; path = EJBindingCanvasStyle.m; sourceTree = "<group>"; };
		414592811907AD1F00A18B62 /* EJBindingImage.h */ = {isa = PBXFileReference; fileEncoding = 4; lastKnownFileType = sourcecode.c.h; path = EJBindingImage.h; sourceTree = "<group>"; };
		414592821907AD1F00A18B62 /* EJBindingImage.m */ = {isa = PBXFileReference; fileEncoding = 4; lastKnownFileType = sourcecode.c.objc; path = EJBindingImage.m; sourceTree = "<group>"; };
		414592831907AD1F00A18B62 /* EJCanvasContext.h */ = {isa = PBXFileReference; fileEncoding = 4; lastKnownFileType = sourcecode.c.h; path = EJCanvasContext.h; sourceTree = "<group>"; };
		414592841907AD1F00A18B62 /* EJCanvasContext.m */ = {isa = PBXFileReference; fileEncoding = 4; lastKnownFileType = sourcecode.c.objc; path = EJCanvasContext.m; sourceTree = "<group>"; };
		414592851907AD1F00A18B62 /* EJDrawable.h */ = {isa = PBXFileReference; fileEncoding = 4; lastKnownFileType = sourcecode.c.h; path = EJDrawable.h; sourceTree = "<group>"; };
		414592861907AD1F00A18B62 /* EJPresentable.h */ = {isa = PBXFileReference; fileEncoding = 4; lastKnownFileType = sourcecode.c.h; path = EJPresentable.h; sourceTree = "<group>"; };
		414592871907AD1F00A18B62 /* EJSharedTextureCache.h */ = {isa = PBXFileReference; fileEncoding = 4; lastKnownFileType = sourcecode.c.h; path = EJSharedTextureCache.h; sourceTree = "<group>"; };
		414592881907AD1F00A18B62 /* EJSharedTextureCache.m */ = {isa = PBXFileReference; fileEncoding = 4; lastKnownFileType = sourcecode.c.objc; path = EJSharedTextureCache.m; sourceTree = "<group>"; };
		414592891907AD1F00A18B62 /* EJTexture.h */ = {isa = PBXFileReference; fileEncoding = 4; lastKnownFileType = sourcecode.c.h; path = EJTexture.h; sourceTree = "<group>"; };
		4145928A1907AD1F00A18B62 /* EJTexture.m */ = {isa = PBXFileReference; fileEncoding = 4; lastKnownFileType = sourcecode.c.objc; path = EJTexture.m; sourceTree = "<group>"; };
		4145928B1907AD1F00A18B62 /* EJTextureStorage.h */ = {isa = PBXFileReference; fileEncoding = 4; lastKnownFileType = sourcecode.c.h; path = EJTextureStorage.h; sourceTree = "<group>"; };
		4145928C1907AD1F00A18B62 /* EJTextureStorage.m */ = {isa = PBXFileReference; fileEncoding = 4; lastKnownFileType = sourcecode.c.objc; path = EJTextureStorage.m; sourceTree = "<group>"; };
		4145928E1907AD1F00A18B62 /* EJBindingCanvasContextWebGL.h */ = {isa = PBXFileReference; fileEncoding = 4; lastKnownFileType = sourcecode.c.h; path = EJBindingCanvasContextWebGL.h; sourceTree = "<group>"; };
		4145928F1907AD1F00A18B62 /* EJBindingCanvasContextWebGL.m */ = {isa = PBXFileReference; fileEncoding = 4; lastKnownFileType = sourcecode.c.objc; path = EJBindingCanvasContextWebGL.m; sourceTree = "<group>"; };
		414592901907AD1F00A18B62 /* EJBindingWebGLExtensions.h */ = {isa = PBXFileReference; fileEncoding = 4; lastKnownFileType = sourcecode.c.h; path = EJBindingWebGLExtensions.h; sourceTree = "<group>"; };
		414592911907AD1F00A18B62 /* EJBindingWebGLExtensions.m */ = {isa = PBXFileReference; fileEncoding = 4; lastKnownFileType = sourcecode.c.objc; path = EJBindingWebGLExtensions.m; sourceTree = "<group>"; };
		414592921907AD1F00A18B62 /* EJBindingWebGLObjects.h */ = {isa = PBXFileReference; fileEncoding = 4; lastKnownFileType = sourcecode.c.h; path = EJBindingWebGLObjects.h; sourceTree = "<group>"; };
		414592931907AD1F00A18B62 /* EJBindingWebGLObjects.m */ = {isa = PBXFileReference; fileEncoding = 4; lastKnownFileType = sourcecode.c.objc; path = EJBindingWebGLObjects.m; sourceTree = "<group>"; };
		414592941907AD1F00A18B62 /* EJCanvasContextWebGL.h */ = {isa = PBXFileReference; fileEncoding = 4; lastKnownFileType = sourcecode.c.h; path = EJCanvasContextWebGL.h; sourceTree = "<group>"; };
		414592951907AD1F00A18B62 /* EJCanvasContextWebGL.m */ = {isa = PBXFileReference; fileEncoding = 4; lastKnownFileType = sourcecode.c.objc; path = EJCanvasContextWebGL.m; sourceTree = "<group>"; };
		414592961907AD1F00A18B62 /* EJCanvasContextWebGLScreen.h */ = {isa = PBXFileReference; fileEncoding = 4; lastKnownFileType = sourcecode.c.h; path = EJCanvasContextWebGLScreen.h; sourceTree = "<group>"; };
		414592971907AD1F00A18B62 /* EJCanvasContextWebGLScreen.m */ = {isa = PBXFileReference; fileEncoding = 4; lastKnownFileType = sourcecode.c.objc; path = EJCanvasContextWebGLScreen.m; sourceTree = "<group>"; };
		414592981907AD1F00A18B62 /* EJCanvasContextWebGLTexture.h */ = {isa = PBXFileReference; fileEncoding = 4; lastKnownFileType = sourcecode.c.h; path = EJCanvasContextWebGLTexture.h; sourceTree = "<group>"; };
		414592991907AD1F00A18B62 /* EJCanvasContextWebGLTexture.m */ = {isa = PBXFileReference; fileEncoding = 4; lastKnownFileType = sourcecode.c.objc; path = EJCanvasContextWebGLTexture.m; sourceTree = "<group>"; };
		4145929A1907AD1F00A18B62 /* EJConvertWebGL.h */ = {isa = PBXFileReference; fileEncoding = 4; lastKnownFileType = sourcecode.c.h; path = EJConvertWebGL.h; sourceTree = "<group>"; };
		4145929B1907AD1F00A18B62 /* EJConvertWebGL.m */ = {isa = PBXFileReference; fileEncoding = 4; lastKnownFileType = sourcecode.c.objc; path = EJConvertWebGL.m; sourceTree = "<group>"; };
		4145929C1907AD1F00A18B62 /* EJClassLoader.h */ = {isa = PBXFileReference; fileEncoding = 4; lastKnownFileType = sourcecode.c.h; path = EJClassLoader.h; sourceTree = "<group>"; };
		4145929D1907AD1F00A18B62 /* EJClassLoader.m */ = {isa = PBXFileReference; fileEncoding = 4; lastKnownFileType = sourcecode.c.objc; path = EJClassLoader.m; sourceTree = "<group>"; };
		4145929E1907AD1F00A18B62 /* EJConvert.h */ = {isa = PBXFileReference; fileEncoding = 4; lastKnownFileType = sourcecode.c.h; path = EJConvert.h; sourceTree = "<group>"; };
		4145929F1907AD1F00A18B62 /* EJConvert.m */ = {isa = PBXFileReference; fileEncoding = 4; lastKnownFileType = sourcecode.c.objc; path = EJConvert.m; sourceTree = "<group>"; };
		414592A01907AD1F00A18B62 /* EJNonRetainingProxy.h */ = {isa = PBXFileReference; fileEncoding = 4; lastKnownFileType = sourcecode.c.h; path = EJNonRetainingProxy.h; sourceTree = "<group>"; };
		414592A11907AD1F00A18B62 /* EJNonRetainingProxy.m */ = {isa = PBXFileReference; fileEncoding = 4; lastKnownFileType = sourcecode.c.objc; path = EJNonRetainingProxy.m; sourceTree = "<group>"; };
		414592A21907AD1F00A18B62 /* EJSharedOpenGLContext.h */ = {isa = PBXFileReference; fileEncoding = 4; lastKnownFileType = sourcecode.c.h; path = EJSharedOpenGLContext.h; sourceTree = "<group>"; };
		414592A31907AD1F00A18B62 /* EJSharedOpenGLContext.m */ = {isa = PBXFileReference; fileEncoding = 4; lastKnownFileType = sourcecode.c.objc; path = EJSharedOpenGLContext.m; sourceTree = "<group>"; };
		414592A41907AD1F00A18B62 /* EJTimer.h */ = {isa = PBXFileReference; fileEncoding = 4; lastKnownFileType = sourcecode.c.h; path = EJTimer.h; sourceTree = "<group>"; };
		414592A51907AD1F00A18B62 /* EJTimer.m */ = {isa = PBXFileReference; fileEncoding = 4; lastKnownFileType = sourcecode.c.objc; path = EJTimer.m; sourceTree = "<group>"; };
		414592D01907AD1F00A18B62 /* base64.c */ = {isa = PBXFileReference; fileEncoding = 4; lastKnownFileType = sourcecode.c.c; path = base64.c; sourceTree = "<group>"; };
		414592D11907AD1F00A18B62 /* base64.h */ = {isa = PBXFileReference; fileEncoding = 4; lastKnownFileType = sourcecode.c.h; path = base64.h; sourceTree = "<group>"; };
		414592D21907AD1F00A18B62 /* NSString+Hashes.h */ = {isa = PBXFileReference; fileEncoding = 4; lastKnownFileType = sourcecode.c.h; path = "NSString+Hashes.h"; sourceTree = "<group>"; };
		414592D31907AD1F00A18B62 /* NSString+Hashes.m */ = {isa = PBXFileReference; fileEncoding = 4; lastKnownFileType = sourcecode.c.objc; path = "NSString+Hashes.m"; sourceTree = "<group>"; };
		414592D41907AD1F00A18B62 /* SocketRocket-Prefix.pch */ = {isa = PBXFileReference; fileEncoding = 4; lastKnownFileType = sourcecode.c.h; path = "SocketRocket-Prefix.pch"; sourceTree = "<group>"; };
		414592D51907AD1F00A18B62 /* SRWebSocket.h */ = {isa = PBXFileReference; fileEncoding = 4; lastKnownFileType = sourcecode.c.h; path = SRWebSocket.h; sourceTree = "<group>"; };
		414592D61907AD1F00A18B62 /* SRWebSocket.m */ = {isa = PBXFileReference; fileEncoding = 4; lastKnownFileType = sourcecode.c.objc; path = SRWebSocket.m; sourceTree = "<group>"; };
		414592D81907AD1F00A18B62 /* WizCanvasPlugin.h */ = {isa = PBXFileReference; fileEncoding = 4; lastKnownFileType = sourcecode.c.h; path = WizCanvasPlugin.h; sourceTree = "<group>"; };
		414592D91907AD1F00A18B62 /* WizCanvasPlugin.m */ = {isa = PBXFileReference; fileEncoding = 4; lastKnownFileType = sourcecode.c.objc; path = WizCanvasPlugin.m; sourceTree = "<group>"; };
		414592DA1907AD1F00A18B62 /* WizCanvasView.h */ = {isa = PBXFileReference; fileEncoding = 4; lastKnownFileType = sourcecode.c.h; path = WizCanvasView.h; sourceTree = "<group>"; };
		414592DB1907AD1F00A18B62 /* WizCanvasView.m */ = {isa = PBXFileReference; fileEncoding = 4; lastKnownFileType = sourcecode.c.objc; path = WizCanvasView.m; sourceTree = "<group>"; };
		414592DC1907AD1F00A18B62 /* WizDebugLog.h */ = {isa = PBXFileReference; fileEncoding = 4; lastKnownFileType = sourcecode.c.h; path = WizDebugLog.h; sourceTree = "<group>"; };
		4145931D1907AEA400A18B62 /* JavaScriptCore.framework */ = {isa = PBXFileReference; lastKnownFileType = wrapper.framework; name = JavaScriptCore.framework; path = exampleWizCanvas/Plugins/jp.wizcorp.phonegap.plugin.wizCanvasPlugin/lib/JavaScriptCore.framework; sourceTree = "<group>"; };
		4145931F1907AFF700A18B62 /* EJFontCache.h */ = {isa = PBXFileReference; fileEncoding = 4; lastKnownFileType = sourcecode.c.h; path = EJFontCache.h; sourceTree = "<group>"; };
		414593201907AFF700A18B62 /* EJFontCache.m */ = {isa = PBXFileReference; fileEncoding = 4; lastKnownFileType = sourcecode.c.objc; path = EJFontCache.m; sourceTree = "<group>"; };
		414593221907B8A200A18B62 /* libc++.dylib */ = {isa = PBXFileReference; lastKnownFileType = "compiled.mach-o.dylib"; name = "libc++.dylib"; path = "usr/lib/libc++.dylib"; sourceTree = SDKROOT; };
		414593241907BAFF00A18B62 /* AssetsLibrary.framework */ = {isa = PBXFileReference; lastKnownFileType = wrapper.framework; name = AssetsLibrary.framework; path = System/Library/Frameworks/AssetsLibrary.framework; sourceTree = SDKROOT; };
		414593271907C40F00A18B62 /* EJBindingAdBanner.h */ = {isa = PBXFileReference; fileEncoding = 4; lastKnownFileType = sourcecode.c.h; path = EJBindingAdBanner.h; sourceTree = "<group>"; };
		414593281907C40F00A18B62 /* EJBindingAdBanner.m */ = {isa = PBXFileReference; fileEncoding = 4; lastKnownFileType = sourcecode.c.objc; path = EJBindingAdBanner.m; sourceTree = "<group>"; };
		414593291907C40F00A18B62 /* EJBindingDeviceMotion.h */ = {isa = PBXFileReference; fileEncoding = 4; lastKnownFileType = sourcecode.c.h; path = EJBindingDeviceMotion.h; sourceTree = "<group>"; };
		4145932A1907C40F00A18B62 /* EJBindingDeviceMotion.m */ = {isa = PBXFileReference; fileEncoding = 4; lastKnownFileType = sourcecode.c.objc; path = EJBindingDeviceMotion.m; sourceTree = "<group>"; };
		4145932B1907C40F00A18B62 /* EJBindingGameCenter.h */ = {isa = PBXFileReference; fileEncoding = 4; lastKnownFileType = sourcecode.c.h; path = EJBindingGameCenter.h; sourceTree = "<group>"; };
		4145932C1907C40F00A18B62 /* EJBindingGameCenter.m */ = {isa = PBXFileReference; fileEncoding = 4; lastKnownFileType = sourcecode.c.objc; path = EJBindingGameCenter.m; sourceTree = "<group>"; };
		4145932D1907C40F00A18B62 /* EJBindingGeolocation.h */ = {isa = PBXFileReference; fileEncoding = 4; lastKnownFileType = sourcecode.c.h; path = EJBindingGeolocation.h; sourceTree = "<group>"; };
		4145932E1907C40F00A18B62 /* EJBindingGeolocation.m */ = {isa = PBXFileReference; fileEncoding = 4; lastKnownFileType = sourcecode.c.objc; path = EJBindingGeolocation.m; sourceTree = "<group>"; };
		4145932F1907C40F00A18B62 /* EJBindingHttpRequest.h */ = {isa = PBXFileReference; fileEncoding = 4; lastKnownFileType = sourcecode.c.h; path = EJBindingHttpRequest.h; sourceTree = "<group>"; };
		414593301907C40F00A18B62 /* EJBindingHttpRequest.m */ = {isa = PBXFileReference; fileEncoding = 4; lastKnownFileType = sourcecode.c.objc; path = EJBindingHttpRequest.m; sourceTree = "<group>"; };
		414593331907C40F00A18B62 /* EJBindingKeyInput.h */ = {isa = PBXFileReference; fileEncoding = 4; lastKnownFileType = sourcecode.c.h; path = EJBindingKeyInput.h; sourceTree = "<group>"; };
		414593341907C40F00A18B62 /* EJBindingKeyInput.m */ = {isa = PBXFileReference; fileEncoding = 4; lastKnownFileType = sourcecode.c.objc; path = EJBindingKeyInput.m; sourceTree = "<group>"; };
		414593351907C40F00A18B62 /* EJBindingLocalStorage.h */ = {isa = PBXFileReference; fileEncoding = 4; lastKnownFileType = sourcecode.c.h; path = EJBindingLocalStorage.h; sourceTree = "<group>"; };
		414593361907C40F00A18B62 /* EJBindingLocalStorage.m */ = {isa = PBXFileReference; fileEncoding = 4; lastKnownFileType = sourcecode.c.objc; path = EJBindingLocalStorage.m; sourceTree = "<group>"; };
		414593371907C40F00A18B62 /* EJBindingTouchInput.h */ = {isa = PBXFileReference; fileEncoding = 4; lastKnownFileType = sourcecode.c.h; path = EJBindingTouchInput.h; sourceTree = "<group>"; };
		414593381907C40F00A18B62 /* EJBindingTouchInput.m */ = {isa = PBXFileReference; fileEncoding = 4; lastKnownFileType = sourcecode.c.objc; path = EJBindingTouchInput.m; sourceTree = "<group>"; };
		414593391907C40F00A18B62 /* EJBindingWebSocket.h */ = {isa = PBXFileReference; fileEncoding = 4; lastKnownFileType = sourcecode.c.h; path = EJBindingWebSocket.h; sourceTree = "<group>"; };
		4145933A1907C40F00A18B62 /* EJBindingWebSocket.m */ = {isa = PBXFileReference; fileEncoding = 4; lastKnownFileType = sourcecode.c.objc; path = EJBindingWebSocket.m; sourceTree = "<group>"; };
		4145933B1907C40F00A18B62 /* EJBindingWindowEvents.h */ = {isa = PBXFileReference; fileEncoding = 4; lastKnownFileType = sourcecode.c.h; path = EJBindingWindowEvents.h; sourceTree = "<group>"; };
		4145933C1907C40F00A18B62 /* EJBindingWindowEvents.m */ = {isa = PBXFileReference; fileEncoding = 4; lastKnownFileType = sourcecode.c.objc; path = EJBindingWindowEvents.m; sourceTree = "<group>"; };
		4145933D1907C40F00A18B62 /* EJBindingWizCanvasMessenger.h */ = {isa = PBXFileReference; fileEncoding = 4; lastKnownFileType = sourcecode.c.h; path = EJBindingWizCanvasMessenger.h; sourceTree = "<group>"; };
		4145933E1907C40F00A18B62 /* EJBindingWizCanvasMessenger.m */ = {isa = PBXFileReference; fileEncoding = 4; lastKnownFileType = sourcecode.c.objc; path = EJBindingWizCanvasMessenger.m; sourceTree = "<group>"; };
		414593401907C40F00A18B62 /* EJBindingIAPManager.h */ = {isa = PBXFileReference; fileEncoding = 4; lastKnownFileType = sourcecode.c.h; path = EJBindingIAPManager.h; sourceTree = "<group>"; };
		414593411907C40F00A18B62 /* EJBindingIAPManager.m */ = {isa = PBXFileReference; fileEncoding = 4; lastKnownFileType = sourcecode.c.objc; path = EJBindingIAPManager.m; sourceTree = "<group>"; };
		414593421907C40F00A18B62 /* EJBindingIAPProduct.h */ = {isa = PBXFileReference; fileEncoding = 4; lastKnownFileType = sourcecode.c.h; path = EJBindingIAPProduct.h; sourceTree = "<group>"; };
		414593431907C40F00A18B62 /* EJBindingIAPProduct.m */ = {isa = PBXFileReference; fileEncoding = 4; lastKnownFileType = sourcecode.c.objc; path = EJBindingIAPProduct.m; sourceTree = "<group>"; };
		414593441907C40F00A18B62 /* EJBindingIAPTransaction.h */ = {isa = PBXFileReference; fileEncoding = 4; lastKnownFileType = sourcecode.c.h; path = EJBindingIAPTransaction.h; sourceTree = "<group>"; };
		414593451907C40F00A18B62 /* EJBindingIAPTransaction.m */ = {isa = PBXFileReference; fileEncoding = 4; lastKnownFileType = sourcecode.c.objc; path = EJBindingIAPTransaction.m; sourceTree = "<group>"; };
		462F70DE5650453FAF0BC5B2 /* MediaPlayer.framework */ = {isa = PBXFileReference; fileEncoding = 4; lastKnownFileType = wrapper.framework; name = MediaPlayer.framework; path = System/Library/Frameworks/MediaPlayer.framework; sourceTree = SDKROOT; };
		4F242A11E9B94E939011F568 /* Vertex.vsh */ = {isa = PBXFileReference; fileEncoding = 4; lastKnownFileType = unknown; path = Vertex.vsh; sourceTree = "<group>"; };
		5101D7CD77D84C0682E01D5B /* GameKit.framework */ = {isa = PBXFileReference; fileEncoding = 4; lastKnownFileType = wrapper.framework; name = GameKit.framework; path = System/Library/Frameworks/GameKit.framework; sourceTree = SDKROOT; };
		59C84C93F38B4D4BAC9304F1 /* CFNetwork.framework */ = {isa = PBXFileReference; fileEncoding = 4; lastKnownFileType = wrapper.framework; name = CFNetwork.framework; path = System/Library/Frameworks/CFNetwork.framework; sourceTree = SDKROOT; };
		5AEE5B34173C68D80009041E /* CoreLocation.framework */ = {isa = PBXFileReference; lastKnownFileType = wrapper.framework; name = CoreLocation.framework; path = System/Library/Frameworks/CoreLocation.framework; sourceTree = SDKROOT; };
		6664B8D657694CA09C4D5631 /* OpenGLES.framework */ = {isa = PBXFileReference; fileEncoding = 4; lastKnownFileType = wrapper.framework; name = OpenGLES.framework; path = System/Library/Frameworks/OpenGLES.framework; sourceTree = SDKROOT; };
		6740B370FFA4412AA4E3F1B5 /* AudioToolbox.framework */ = {isa = PBXFileReference; fileEncoding = 4; lastKnownFileType = wrapper.framework; name = AudioToolbox.framework; path = System/Library/Frameworks/AudioToolbox.framework; sourceTree = SDKROOT; };
		731FBCEEEB4B46748E8F26C0 /* AVFoundation.framework */ = {isa = PBXFileReference; fileEncoding = 4; lastKnownFileType = wrapper.framework; name = AVFoundation.framework; path = System/Library/Frameworks/AVFoundation.framework; sourceTree = SDKROOT; };
		7B2FE53364584E6DB88816B3 /* CoreMotion.framework */ = {isa = PBXFileReference; fileEncoding = 4; lastKnownFileType = wrapper.framework; name = CoreMotion.framework; path = System/Library/Frameworks/CoreMotion.framework; sourceTree = SDKROOT; };
		7E7966D41810823500FA85AD /* icon-40.png */ = {isa = PBXFileReference; lastKnownFileType = image.png; path = "icon-40.png"; sourceTree = "<group>"; };
		7E7966D51810823500FA85AD /* icon-40@2x.png */ = {isa = PBXFileReference; lastKnownFileType = image.png; path = "icon-40@2x.png"; sourceTree = "<group>"; };
		7E7966D61810823500FA85AD /* icon-50.png */ = {isa = PBXFileReference; lastKnownFileType = image.png; path = "icon-50.png"; sourceTree = "<group>"; };
		7E7966D71810823500FA85AD /* icon-50@2x.png */ = {isa = PBXFileReference; lastKnownFileType = image.png; path = "icon-50@2x.png"; sourceTree = "<group>"; };
		7E7966D81810823500FA85AD /* icon-60.png */ = {isa = PBXFileReference; lastKnownFileType = image.png; path = "icon-60.png"; sourceTree = "<group>"; };
		7E7966D91810823500FA85AD /* icon-60@2x.png */ = {isa = PBXFileReference; lastKnownFileType = image.png; path = "icon-60@2x.png"; sourceTree = "<group>"; };
		7E7966DA1810823500FA85AD /* icon-76.png */ = {isa = PBXFileReference; lastKnownFileType = image.png; path = "icon-76.png"; sourceTree = "<group>"; };
		7E7966DB1810823500FA85AD /* icon-76@2x.png */ = {isa = PBXFileReference; lastKnownFileType = image.png; path = "icon-76@2x.png"; sourceTree = "<group>"; };
		7E7966DC1810823500FA85AD /* icon-small.png */ = {isa = PBXFileReference; lastKnownFileType = image.png; path = "icon-small.png"; sourceTree = "<group>"; };
		7E7966DD1810823500FA85AD /* icon-small@2x.png */ = {isa = PBXFileReference; lastKnownFileType = image.png; path = "icon-small@2x.png"; sourceTree = "<group>"; };
		8D1107310486CEB800E47090 /* exampleWizCanvas-Info.plist */ = {isa = PBXFileReference; fileEncoding = 4; lastKnownFileType = text.plist.xml; name = "exampleWizCanvas-Info.plist"; path = "../exampleWizCanvas-Info.plist"; plistStructureDefinitionIdentifier = "com.apple.xcode.plist.structure-definition.iphone.info-plist"; sourceTree = "<group>"; };
		90F6752544C5419E933FC930 /* StoreKit.framework */ = {isa = PBXFileReference; fileEncoding = 4; lastKnownFileType = wrapper.framework; name = StoreKit.framework; path = System/Library/Frameworks/StoreKit.framework; sourceTree = SDKROOT; };
		99D0CB1E9E79447C957BEE30 /* RadialGradient.fsh */ = {isa = PBXFileReference; fileEncoding = 4; lastKnownFileType = unknown; path = RadialGradient.fsh; sourceTree = "<group>"; };
		B5D427E6A5F347FDBFB97AB9 /* libicucore.dylib */ = {isa = PBXFileReference; fileEncoding = 4; lastKnownFileType = "compiled.mach-o.dylib"; name = libicucore.dylib; path = usr/lib/libicucore.dylib; sourceTree = SDKROOT; };
		C022E62328DD4AD5B36CC236 /* iAd.framework */ = {isa = PBXFileReference; fileEncoding = 4; lastKnownFileType = wrapper.framework; name = iAd.framework; path = System/Library/Frameworks/iAd.framework; sourceTree = SDKROOT; };
		C6DE697B1922136500537807 /* NSString+URLEncoding.h */ = {isa = PBXFileReference; fileEncoding = 4; lastKnownFileType = sourcecode.c.h; path = "NSString+URLEncoding.h"; sourceTree = "<group>"; };
		C6DE697C1922136500537807 /* NSString+URLEncoding.m */ = {isa = PBXFileReference; fileEncoding = 4; lastKnownFileType = sourcecode.c.objc; path = "NSString+URLEncoding.m"; sourceTree = "<group>"; };
		D4A0D8751607E02300AEF8BB /* Default-568h@2x~iphone.png */ = {isa = PBXFileReference; lastKnownFileType = image.png; path = "Default-568h@2x~iphone.png"; sourceTree = "<group>"; };
		D9761219F4044572A774A294 /* Texture.fsh */ = {isa = PBXFileReference; fileEncoding = 4; lastKnownFileType = unknown; path = Texture.fsh; sourceTree = "<group>"; };
		DE7A837E094A42908C69C71E /* CoreText.framework */ = {isa = PBXFileReference; fileEncoding = 4; lastKnownFileType = wrapper.framework; name = CoreText.framework; path = System/Library/Frameworks/CoreText.framework; sourceTree = SDKROOT; };
		E388478C285B42CE972FE675 /* AlphaTexture.fsh */ = {isa = PBXFileReference; fileEncoding = 4; lastKnownFileType = unknown; path = AlphaTexture.fsh; sourceTree = "<group>"; };
		E6D186244A43477EBC9C6808 /* SystemConfiguration.framework */ = {isa = PBXFileReference; fileEncoding = 4; lastKnownFileType = wrapper.framework; name = SystemConfiguration.framework; path = System/Library/Frameworks/SystemConfiguration.framework; sourceTree = SDKROOT; };
		F3DC8DAC2E31414DBE7C2477 /* QuartzCore.framework */ = {isa = PBXFileReference; fileEncoding = 4; lastKnownFileType = wrapper.framework; name = QuartzCore.framework; path = System/Library/Frameworks/QuartzCore.framework; sourceTree = SDKROOT; };
		F775C29C05064D22939E8609 /* Foundation.framework */ = {isa = PBXFileReference; fileEncoding = 4; lastKnownFileType = wrapper.framework; name = Foundation.framework; path = System/Library/Frameworks/Foundation.framework; sourceTree = SDKROOT; };
		F840E1F0165FE0F500CFE078 /* config.xml */ = {isa = PBXFileReference; lastKnownFileType = text.xml; name = config.xml; path = exampleWizCanvas/config.xml; sourceTree = "<group>"; };
/* End PBXFileReference section */

/* Begin PBXFrameworksBuildPhase section */
		1D60588F0D05DD3D006BFB54 /* Frameworks */ = {
			isa = PBXFrameworksBuildPhase;
			buildActionMask = 2147483647;
			files = (
				414593551907C7EF00A18B62 /* CoreLocation.framework in Frameworks */,
				414593251907BAFF00A18B62 /* AssetsLibrary.framework in Frameworks */,
				414593231907B8A200A18B62 /* libc++.dylib in Frameworks */,
				4145931E1907AEA400A18B62 /* JavaScriptCore.framework in Frameworks */,
				288765FD0DF74451002DB57D /* CoreGraphics.framework in Frameworks */,
				305D5FD1115AB8F900A74A75 /* MobileCoreServices.framework in Frameworks */,
				59C527051C864205A7707FB8 /* AVFoundation.framework in Frameworks */,
				F4DC23E03D80455E9FE71B66 /* AudioToolbox.framework in Frameworks */,
				FACA0C45E5334496910EB440 /* OpenAL.framework in Frameworks */,
				4634BB0DE0F74403BEB58E88 /* Foundation.framework in Frameworks */,
				4B4CB6DDCF5442A696E3F9C5 /* UIKit.framework in Frameworks */,
				55BB6D8EE48242C09919B2D0 /* QuartzCore.framework in Frameworks */,
				80A418E6DA1F48B6962510BD /* SystemConfiguration.framework in Frameworks */,
				7F0F48B885174DB7812F80F5 /* CFNetwork.framework in Frameworks */,
				D6E97C63905E42FEA4DC1B8C /* MediaPlayer.framework in Frameworks */,
				909459232FFD4AFF8CB59EA2 /* CoreMotion.framework in Frameworks */,
				A7DBBFCC5DC84EBA9B2CD4C4 /* OpenGLES.framework in Frameworks */,
				420C129D8E4D455EBF3786CC /* iAd.framework in Frameworks */,
				021C11E4545D483291B4BB93 /* GameKit.framework in Frameworks */,
				126F736A082A4F7FAE2B37D0 /* CoreText.framework in Frameworks */,
				30F3AC99B32045518850AE67 /* Security.framework in Frameworks */,
				35263611290841B3B341BC56 /* StoreKit.framework in Frameworks */,
				38D0B65881B545B8B4557A75 /* libicucore.dylib in Frameworks */,
			);
			runOnlyForDeploymentPostprocessing = 0;
		};
/* End PBXFrameworksBuildPhase section */

/* Begin PBXGroup section */
		080E96DDFE201D6D7F000001 /* Classes */ = {
			isa = PBXGroup;
			children = (
				302D95EE14D2391D003F00A1 /* MainViewController.h */,
				302D95EF14D2391D003F00A1 /* MainViewController.m */,
				302D95F014D2391D003F00A1 /* MainViewController.xib */,
				1D3623240D0F684500981E51 /* AppDelegate.h */,
				1D3623250D0F684500981E51 /* AppDelegate.m */,
			);
			name = Classes;
			path = exampleWizCanvas/Classes;
			sourceTree = SOURCE_ROOT;
		};
		19C28FACFE9D520D11CA2CBB /* Products */ = {
			isa = PBXGroup;
			children = (
				1D6058910D05DD3D006BFB54 /* exampleWizCanvas.app */,
			);
			name = Products;
			sourceTree = "<group>";
		};
		1F766FDB13BBADB100FB74C0 /* en.lproj */ = {
			isa = PBXGroup;
			children = (
				1F766FDC13BBADB100FB74C0 /* Localizable.strings */,
			);
			path = en.lproj;
			sourceTree = "<group>";
		};
		1F766FDE13BBADB100FB74C0 /* es.lproj */ = {
			isa = PBXGroup;
			children = (
				1F766FDF13BBADB100FB74C0 /* Localizable.strings */,
			);
			path = es.lproj;
			sourceTree = "<group>";
		};
		29B97314FDCFA39411CA2CEA /* CustomTemplate */ = {
			isa = PBXGroup;
			children = (
				F840E1F0165FE0F500CFE078 /* config.xml */,
				301BF56E109A69640062928A /* www */,
				301BF52D109A57CC0062928A /* CordovaLib.xcodeproj */,
				080E96DDFE201D6D7F000001 /* Classes */,
				414592411907AD1F00A18B62 /* Plugins */,
				29B97315FDCFA39411CA2CEA /* Other Sources */,
				29B97317FDCFA39411CA2CEA /* Resources */,
				29B97323FDCFA39411CA2CEA /* Frameworks */,
				19C28FACFE9D520D11CA2CBB /* Products */,
			);
			name = CustomTemplate;
			sourceTree = "<group>";
		};
		29B97315FDCFA39411CA2CEA /* Other Sources */ = {
			isa = PBXGroup;
			children = (
				32CA4F630368D1EE00C91783 /* exampleWizCanvas-Prefix.pch */,
				29B97316FDCFA39411CA2CEA /* main.m */,
			);
			name = "Other Sources";
			path = exampleWizCanvas;
			sourceTree = "<group>";
		};
		29B97317FDCFA39411CA2CEA /* Resources */ = {
			isa = PBXGroup;
			children = (
				30A0434214DC770100060A13 /* de.lproj */,
				30A0434514DC770100060A13 /* se.lproj */,
				1F766FDB13BBADB100FB74C0 /* en.lproj */,
				1F766FDE13BBADB100FB74C0 /* es.lproj */,
				308D052D1370CCF300D202BF /* icons */,
				308D05311370CCF300D202BF /* splash */,
				8D1107310486CEB800E47090 /* exampleWizCanvas-Info.plist */,
				E388478C285B42CE972FE675 /* AlphaTexture.fsh */,
				385D7DFF6C8C4E7D8BBE39E1 /* Flat.fsh */,
				1AEB4314D2A54D60A555A7AE /* Pattern.fsh */,
				99D0CB1E9E79447C957BEE30 /* RadialGradient.fsh */,
				D9761219F4044572A774A294 /* Texture.fsh */,
				4F242A11E9B94E939011F568 /* Vertex.vsh */,
			);
			name = Resources;
			path = exampleWizCanvas/Resources;
			sourceTree = "<group>";
		};
		29B97323FDCFA39411CA2CEA /* Frameworks */ = {
			isa = PBXGroup;
			children = (
				414593241907BAFF00A18B62 /* AssetsLibrary.framework */,
				414593221907B8A200A18B62 /* libc++.dylib */,
				4145931D1907AEA400A18B62 /* JavaScriptCore.framework */,
				5AEE5B34173C68D80009041E /* CoreLocation.framework */,
				288765FC0DF74451002DB57D /* CoreGraphics.framework */,
				305D5FD0115AB8F900A74A75 /* MobileCoreServices.framework */,
				731FBCEEEB4B46748E8F26C0 /* AVFoundation.framework */,
				6740B370FFA4412AA4E3F1B5 /* AudioToolbox.framework */,
				2F7CC12032D444DBBBA413C4 /* OpenAL.framework */,
				F775C29C05064D22939E8609 /* Foundation.framework */,
				395440451FBB48DFAAE69223 /* UIKit.framework */,
				F3DC8DAC2E31414DBE7C2477 /* QuartzCore.framework */,
				E6D186244A43477EBC9C6808 /* SystemConfiguration.framework */,
				59C84C93F38B4D4BAC9304F1 /* CFNetwork.framework */,
				462F70DE5650453FAF0BC5B2 /* MediaPlayer.framework */,
				7B2FE53364584E6DB88816B3 /* CoreMotion.framework */,
				6664B8D657694CA09C4D5631 /* OpenGLES.framework */,
				C022E62328DD4AD5B36CC236 /* iAd.framework */,
				5101D7CD77D84C0682E01D5B /* GameKit.framework */,
				DE7A837E094A42908C69C71E /* CoreText.framework */,
				3F72FC2F673A4C43A9ABE313 /* Security.framework */,
				90F6752544C5419E933FC930 /* StoreKit.framework */,
				B5D427E6A5F347FDBFB97AB9 /* libicucore.dylib */,
			);
			name = Frameworks;
			sourceTree = "<group>";
		};
		301BF52E109A57CC0062928A /* Products */ = {
			isa = PBXGroup;
			children = (
				301BF535109A57CC0062928A /* libCordova.a */,
			);
			name = Products;
			sourceTree = "<group>";
		};
		308D052D1370CCF300D202BF /* icons */ = {
			isa = PBXGroup;
			children = (
				7E7966D41810823500FA85AD /* icon-40.png */,
				7E7966D51810823500FA85AD /* icon-40@2x.png */,
				7E7966D61810823500FA85AD /* icon-50.png */,
				7E7966D71810823500FA85AD /* icon-50@2x.png */,
				7E7966D81810823500FA85AD /* icon-60.png */,
				7E7966D91810823500FA85AD /* icon-60@2x.png */,
				7E7966DA1810823500FA85AD /* icon-76.png */,
				7E7966DB1810823500FA85AD /* icon-76@2x.png */,
				7E7966DC1810823500FA85AD /* icon-small.png */,
				7E7966DD1810823500FA85AD /* icon-small@2x.png */,
				30FC414816E50CA1004E6F35 /* icon-72@2x.png */,
				308D052E1370CCF300D202BF /* icon-72.png */,
				308D052F1370CCF300D202BF /* icon.png */,
				308D05301370CCF300D202BF /* icon@2x.png */,
			);
			path = icons;
			sourceTree = "<group>";
		};
		308D05311370CCF300D202BF /* splash */ = {
			isa = PBXGroup;
			children = (
				D4A0D8751607E02300AEF8BB /* Default-568h@2x~iphone.png */,
				3088BBB7154F3926009F9C59 /* Default-Landscape@2x~ipad.png */,
				3088BBB8154F3926009F9C59 /* Default-Landscape~ipad.png */,
				3088BBB9154F3926009F9C59 /* Default-Portrait@2x~ipad.png */,
				3088BBBA154F3926009F9C59 /* Default-Portrait~ipad.png */,
				3088BBBB154F3926009F9C59 /* Default@2x~iphone.png */,
				3088BBBC154F3926009F9C59 /* Default~iphone.png */,
			);
			path = splash;
			sourceTree = "<group>";
		};
		30A0434214DC770100060A13 /* de.lproj */ = {
			isa = PBXGroup;
			children = (
				30A0434314DC770100060A13 /* Localizable.strings */,
			);
			path = de.lproj;
			sourceTree = "<group>";
		};
		30A0434514DC770100060A13 /* se.lproj */ = {
			isa = PBXGroup;
			children = (
				30A0434614DC770100060A13 /* Localizable.strings */,
			);
			path = se.lproj;
			sourceTree = "<group>";
		};
		414592411907AD1F00A18B62 /* Plugins */ = {
			isa = PBXGroup;
			children = (
				414592421907AD1F00A18B62 /* jp.wizcorp.phonegap.plugin.wizCanvasPlugin */,
			);
			name = Plugins;
			path = exampleWizCanvas/Plugins;
			sourceTree = "<group>";
		};
		414592421907AD1F00A18B62 /* jp.wizcorp.phonegap.plugin.wizCanvasPlugin */ = {
			isa = PBXGroup;
			children = (
				414592431907AD1F00A18B62 /* Ejecta */,
				414592C21907AD1F00A18B62 /* lib */,
				414592D71907AD1F00A18B62 /* WizCanvas */,
			);
			path = jp.wizcorp.phonegap.plugin.wizCanvasPlugin;
			sourceTree = "<group>";
		};
		414592431907AD1F00A18B62 /* Ejecta */ = {
			isa = PBXGroup;
			children = (
				414592441907AD1F00A18B62 /* EJAudio */,
				414592501907AD1F00A18B62 /* EJBindingBase.h */,
				414592511907AD1F00A18B62 /* EJBindingBase.m */,
				414592521907AD1F00A18B62 /* EJBindingEjectaCore.h */,
				414592531907AD1F00A18B62 /* EJBindingEjectaCore.m */,
				414592541907AD1F00A18B62 /* EJBindingEventedBase.h */,
				414592551907AD1F00A18B62 /* EJBindingEventedBase.m */,
				414592561907AD1F00A18B62 /* EJBindingVideo.h */,
				414592571907AD1F00A18B62 /* EJBindingVideo.m */,
				414592581907AD1F00A18B62 /* EJCanvas */,
				4145929C1907AD1F00A18B62 /* EJClassLoader.h */,
				4145929D1907AD1F00A18B62 /* EJClassLoader.m */,
				4145929E1907AD1F00A18B62 /* EJConvert.h */,
				4145929F1907AD1F00A18B62 /* EJConvert.m */,
				414592A01907AD1F00A18B62 /* EJNonRetainingProxy.h */,
				414592A11907AD1F00A18B62 /* EJNonRetainingProxy.m */,
				414592A21907AD1F00A18B62 /* EJSharedOpenGLContext.h */,
				414592A31907AD1F00A18B62 /* EJSharedOpenGLContext.m */,
				414592A41907AD1F00A18B62 /* EJTimer.h */,
				414592A51907AD1F00A18B62 /* EJTimer.m */,
				414593261907C40F00A18B62 /* EJUtils */,
			);
			path = Ejecta;
			sourceTree = "<group>";
		};
		414592441907AD1F00A18B62 /* EJAudio */ = {
			isa = PBXGroup;
			children = (
				414592451907AD1F00A18B62 /* EJAudioSource.h */,
				414592461907AD1F00A18B62 /* EJAudioSourceAVAudio.h */,
				414592471907AD1F00A18B62 /* EJAudioSourceAVAudio.m */,
				414592481907AD1F00A18B62 /* EJAudioSourceOpenAL.h */,
				414592491907AD1F00A18B62 /* EJAudioSourceOpenAL.m */,
				4145924A1907AD1F00A18B62 /* EJBindingAudio.h */,
				4145924B1907AD1F00A18B62 /* EJBindingAudio.m */,
				4145924C1907AD1F00A18B62 /* EJOpenALBuffer.h */,
				4145924D1907AD1F00A18B62 /* EJOpenALBuffer.m */,
				4145924E1907AD1F00A18B62 /* EJSharedOpenALManager.h */,
				4145924F1907AD1F00A18B62 /* EJSharedOpenALManager.m */,
			);
			path = EJAudio;
			sourceTree = "<group>";
		};
		414592581907AD1F00A18B62 /* EJCanvas */ = {
			isa = PBXGroup;
			children = (
				414592591907AD1F00A18B62 /* 2D */,
				4145927B1907AD1F00A18B62 /* EAGLView.h */,
				4145927C1907AD1F00A18B62 /* EAGLView.m */,
				4145927D1907AD1F00A18B62 /* EJBindingCanvas.h */,
				4145927E1907AD1F00A18B62 /* EJBindingCanvas.m */,
				4145927F1907AD1F00A18B62 /* EJBindingCanvasStyle.h */,
				414592801907AD1F00A18B62 /* EJBindingCanvasStyle.m */,
				414592811907AD1F00A18B62 /* EJBindingImage.h */,
				414592821907AD1F00A18B62 /* EJBindingImage.m */,
				414592831907AD1F00A18B62 /* EJCanvasContext.h */,
				414592841907AD1F00A18B62 /* EJCanvasContext.m */,
				414592851907AD1F00A18B62 /* EJDrawable.h */,
				414592861907AD1F00A18B62 /* EJPresentable.h */,
				414592871907AD1F00A18B62 /* EJSharedTextureCache.h */,
				414592881907AD1F00A18B62 /* EJSharedTextureCache.m */,
				414592891907AD1F00A18B62 /* EJTexture.h */,
				4145928A1907AD1F00A18B62 /* EJTexture.m */,
				4145928B1907AD1F00A18B62 /* EJTextureStorage.h */,
				4145928C1907AD1F00A18B62 /* EJTextureStorage.m */,
				4145928D1907AD1F00A18B62 /* WebGL */,
			);
			path = EJCanvas;
			sourceTree = "<group>";
		};
		414592591907AD1F00A18B62 /* 2D */ = {
			isa = PBXGroup;
			children = (
				4145931F1907AFF700A18B62 /* EJFontCache.h */,
				414593201907AFF700A18B62 /* EJFontCache.m */,
				4145925A1907AD1F00A18B62 /* EJBindingCanvasContext2D.h */,
				4145925B1907AD1F00A18B62 /* EJBindingCanvasContext2D.m */,
				4145925C1907AD1F00A18B62 /* EJBindingCanvasGradient.h */,
				4145925D1907AD1F00A18B62 /* EJBindingCanvasGradient.m */,
				4145925E1907AD1F00A18B62 /* EJBindingCanvasPattern.h */,
				4145925F1907AD1F00A18B62 /* EJBindingCanvasPattern.m */,
				414592601907AD1F00A18B62 /* EJBindingImageData.h */,
				414592611907AD1F00A18B62 /* EJBindingImageData.m */,
				414592621907AD1F00A18B62 /* EJBindingTextMetrics.h */,
				414592631907AD1F00A18B62 /* EJBindingTextMetrics.m */,
				414592641907AD1F00A18B62 /* EJCanvas2DTypes.h */,
				414592651907AD1F00A18B62 /* EJCanvasContext2D.h */,
				414592661907AD1F00A18B62 /* EJCanvasContext2D.m */,
				414592671907AD1F00A18B62 /* EJCanvasContext2DScreen.h */,
				414592681907AD1F00A18B62 /* EJCanvasContext2DScreen.m */,
				414592691907AD1F00A18B62 /* EJCanvasContext2DTexture.h */,
				4145926A1907AD1F00A18B62 /* EJCanvasContext2DTexture.m */,
				4145926B1907AD1F00A18B62 /* EJCanvasGradient.h */,
				4145926C1907AD1F00A18B62 /* EJCanvasGradient.m */,
				4145926D1907AD1F00A18B62 /* EJCanvasPattern.h */,
				4145926E1907AD1F00A18B62 /* EJCanvasPattern.m */,
				4145926F1907AD1F00A18B62 /* EJConvertColorRGBA.h */,
				414592701907AD1F00A18B62 /* EJConvertColorRGBA.m */,
				414592711907AD1F00A18B62 /* EJFont.h */,
				414592721907AD1F00A18B62 /* EJFont.mm */,
				414592731907AD1F00A18B62 /* EJGLProgram2D.h */,
				414592741907AD1F00A18B62 /* EJGLProgram2D.m */,
				414592751907AD1F00A18B62 /* EJGLProgram2DRadialGradient.h */,
				414592761907AD1F00A18B62 /* EJGLProgram2DRadialGradient.m */,
				414592771907AD1F00A18B62 /* EJImageData.h */,
				414592781907AD1F00A18B62 /* EJImageData.m */,
				414592791907AD1F00A18B62 /* EJPath.h */,
				4145927A1907AD1F00A18B62 /* EJPath.mm */,
			);
			path = 2D;
			sourceTree = "<group>";
		};
		4145928D1907AD1F00A18B62 /* WebGL */ = {
			isa = PBXGroup;
			children = (
				4145928E1907AD1F00A18B62 /* EJBindingCanvasContextWebGL.h */,
				4145928F1907AD1F00A18B62 /* EJBindingCanvasContextWebGL.m */,
				414592901907AD1F00A18B62 /* EJBindingWebGLExtensions.h */,
				414592911907AD1F00A18B62 /* EJBindingWebGLExtensions.m */,
				414592921907AD1F00A18B62 /* EJBindingWebGLObjects.h */,
				414592931907AD1F00A18B62 /* EJBindingWebGLObjects.m */,
				414592941907AD1F00A18B62 /* EJCanvasContextWebGL.h */,
				414592951907AD1F00A18B62 /* EJCanvasContextWebGL.m */,
				414592961907AD1F00A18B62 /* EJCanvasContextWebGLScreen.h */,
				414592971907AD1F00A18B62 /* EJCanvasContextWebGLScreen.m */,
				414592981907AD1F00A18B62 /* EJCanvasContextWebGLTexture.h */,
				414592991907AD1F00A18B62 /* EJCanvasContextWebGLTexture.m */,
				4145929A1907AD1F00A18B62 /* EJConvertWebGL.h */,
				4145929B1907AD1F00A18B62 /* EJConvertWebGL.m */,
			);
			path = WebGL;
			sourceTree = "<group>";
		};
		414592C21907AD1F00A18B62 /* lib */ = {
			isa = PBXGroup;
			children = (
				414592CF1907AD1F00A18B62 /* SocketRocket */,
			);
			path = lib;
			sourceTree = "<group>";
		};
		414592CF1907AD1F00A18B62 /* SocketRocket */ = {
			isa = PBXGroup;
			children = (
				414592D01907AD1F00A18B62 /* base64.c */,
				414592D11907AD1F00A18B62 /* base64.h */,
				414592D21907AD1F00A18B62 /* NSString+Hashes.h */,
				414592D31907AD1F00A18B62 /* NSString+Hashes.m */,
				414592D41907AD1F00A18B62 /* SocketRocket-Prefix.pch */,
				414592D51907AD1F00A18B62 /* SRWebSocket.h */,
				414592D61907AD1F00A18B62 /* SRWebSocket.m */,
			);
			path = SocketRocket;
			sourceTree = "<group>";
		};
		414592D71907AD1F00A18B62 /* WizCanvas */ = {
			isa = PBXGroup;
			children = (
				C6DE697B1922136500537807 /* NSString+URLEncoding.h */,
				C6DE697C1922136500537807 /* NSString+URLEncoding.m */,
				414592D81907AD1F00A18B62 /* WizCanvasPlugin.h */,
				414592D91907AD1F00A18B62 /* WizCanvasPlugin.m */,
				414592DA1907AD1F00A18B62 /* WizCanvasView.h */,
				414592DB1907AD1F00A18B62 /* WizCanvasView.m */,
				414592DC1907AD1F00A18B62 /* WizDebugLog.h */,
			);
			path = WizCanvas;
			sourceTree = "<group>";
		};
		414593261907C40F00A18B62 /* EJUtils */ = {
			isa = PBXGroup;
			children = (
				414593271907C40F00A18B62 /* EJBindingAdBanner.h */,
				414593281907C40F00A18B62 /* EJBindingAdBanner.m */,
				414593291907C40F00A18B62 /* EJBindingDeviceMotion.h */,
				4145932A1907C40F00A18B62 /* EJBindingDeviceMotion.m */,
				4145932B1907C40F00A18B62 /* EJBindingGameCenter.h */,
				4145932C1907C40F00A18B62 /* EJBindingGameCenter.m */,
				4145932D1907C40F00A18B62 /* EJBindingGeolocation.h */,
				4145932E1907C40F00A18B62 /* EJBindingGeolocation.m */,
				4145932F1907C40F00A18B62 /* EJBindingHttpRequest.h */,
				414593301907C40F00A18B62 /* EJBindingHttpRequest.m */,
				414593331907C40F00A18B62 /* EJBindingKeyInput.h */,
				414593341907C40F00A18B62 /* EJBindingKeyInput.m */,
				414593351907C40F00A18B62 /* EJBindingLocalStorage.h */,
				414593361907C40F00A18B62 /* EJBindingLocalStorage.m */,
				414593371907C40F00A18B62 /* EJBindingTouchInput.h */,
				414593381907C40F00A18B62 /* EJBindingTouchInput.m */,
				414593391907C40F00A18B62 /* EJBindingWebSocket.h */,
				4145933A1907C40F00A18B62 /* EJBindingWebSocket.m */,
				4145933B1907C40F00A18B62 /* EJBindingWindowEvents.h */,
				4145933C1907C40F00A18B62 /* EJBindingWindowEvents.m */,
				4145933D1907C40F00A18B62 /* EJBindingWizCanvasMessenger.h */,
				4145933E1907C40F00A18B62 /* EJBindingWizCanvasMessenger.m */,
				4145933F1907C40F00A18B62 /* IAP */,
			);
			path = EJUtils;
			sourceTree = "<group>";
		};
		4145933F1907C40F00A18B62 /* IAP */ = {
			isa = PBXGroup;
			children = (
				414593401907C40F00A18B62 /* EJBindingIAPManager.h */,
				414593411907C40F00A18B62 /* EJBindingIAPManager.m */,
				414593421907C40F00A18B62 /* EJBindingIAPProduct.h */,
				414593431907C40F00A18B62 /* EJBindingIAPProduct.m */,
				414593441907C40F00A18B62 /* EJBindingIAPTransaction.h */,
				414593451907C40F00A18B62 /* EJBindingIAPTransaction.m */,
			);
			path = IAP;
			sourceTree = "<group>";
		};
/* End PBXGroup section */

/* Begin PBXNativeTarget section */
		1D6058900D05DD3D006BFB54 /* exampleWizCanvas */ = {
			isa = PBXNativeTarget;
			buildConfigurationList = 1D6058960D05DD3E006BFB54 /* Build configuration list for PBXNativeTarget "exampleWizCanvas" */;
			buildPhases = (
				304B58A110DAC018002A0835 /* Copy www directory */,
				1D60588D0D05DD3D006BFB54 /* Resources */,
				1D60588E0D05DD3D006BFB54 /* Sources */,
				1D60588F0D05DD3D006BFB54 /* Frameworks */,
			);
			buildRules = (
			);
			dependencies = (
				301BF551109A68C00062928A /* PBXTargetDependency */,
			);
			name = exampleWizCanvas;
			productName = exampleWizCanvas;
			productReference = 1D6058910D05DD3D006BFB54 /* exampleWizCanvas.app */;
			productType = "com.apple.product-type.application";
		};
/* End PBXNativeTarget section */

/* Begin PBXProject section */
		29B97313FDCFA39411CA2CEA /* Project object */ = {
			isa = PBXProject;
			attributes = {
				LastUpgradeCheck = 500;
			};
			buildConfigurationList = C01FCF4E08A954540054247B /* Build configuration list for PBXProject "exampleWizCanvas" */;
			compatibilityVersion = "Xcode 3.2";
			developmentRegion = English;
			hasScannedForEncodings = 1;
			knownRegions = (
				English,
				Japanese,
				French,
				German,
				en,
				es,
				de,
				se,
			);
			mainGroup = 29B97314FDCFA39411CA2CEA /* CustomTemplate */;
			projectDirPath = "";
			projectReferences = (
				{
					ProductGroup = 301BF52E109A57CC0062928A /* Products */;
					ProjectRef = 301BF52D109A57CC0062928A /* CordovaLib.xcodeproj */;
				},
			);
			projectRoot = "";
			targets = (
				1D6058900D05DD3D006BFB54 /* exampleWizCanvas */,
			);
		};
/* End PBXProject section */

/* Begin PBXReferenceProxy section */
		301BF535109A57CC0062928A /* libCordova.a */ = {
			isa = PBXReferenceProxy;
			fileType = archive.ar;
			path = libCordova.a;
			remoteRef = 301BF534109A57CC0062928A /* PBXContainerItemProxy */;
			sourceTree = BUILT_PRODUCTS_DIR;
		};
/* End PBXReferenceProxy section */

/* Begin PBXResourcesBuildPhase section */
		1D60588D0D05DD3D006BFB54 /* Resources */ = {
			isa = PBXResourcesBuildPhase;
			buildActionMask = 2147483647;
			files = (
				F840E1F1165FE0F500CFE078 /* config.xml in Resources */,
				7E7966E41810823500FA85AD /* icon-76.png in Resources */,
				7E7966DF1810823500FA85AD /* icon-40@2x.png in Resources */,
				308D05371370CCF300D202BF /* icon-72.png in Resources */,
				308D05381370CCF300D202BF /* icon.png in Resources */,
				308D05391370CCF300D202BF /* icon@2x.png in Resources */,
				1F766FE113BBADB100FB74C0 /* Localizable.strings in Resources */,
				302D95F214D2391D003F00A1 /* MainViewController.xib in Resources */,
				7E7966E01810823500FA85AD /* icon-50.png in Resources */,
				7E7966E31810823500FA85AD /* icon-60@2x.png in Resources */,
				30A0434814DC770100060A13 /* Localizable.strings in Resources */,
				7E7966E61810823500FA85AD /* icon-small.png in Resources */,
				3088BBBD154F3926009F9C59 /* Default-Landscape@2x~ipad.png in Resources */,
				3088BBBE154F3926009F9C59 /* Default-Landscape~ipad.png in Resources */,
				3088BBBF154F3926009F9C59 /* Default-Portrait@2x~ipad.png in Resources */,
				7E7966E71810823500FA85AD /* icon-small@2x.png in Resources */,
				3088BBC0154F3926009F9C59 /* Default-Portrait~ipad.png in Resources */,
				7E7966DE1810823500FA85AD /* icon-40.png in Resources */,
				3088BBC1154F3926009F9C59 /* Default@2x~iphone.png in Resources */,
				7E7966E21810823500FA85AD /* icon-60.png in Resources */,
				3088BBC2154F3926009F9C59 /* Default~iphone.png in Resources */,
				D4A0D8761607E02300AEF8BB /* Default-568h@2x~iphone.png in Resources */,
				7E7966E11810823500FA85AD /* icon-50@2x.png in Resources */,
				7E7966E51810823500FA85AD /* icon-76@2x.png in Resources */,
				30FC414916E50CA1004E6F35 /* icon-72@2x.png in Resources */,
				7A2AF45F7D534557956C504D /* AlphaTexture.fsh in Resources */,
				5AA06648E19B4C62B9888E5C /* Flat.fsh in Resources */,
				FB88009BDD4C431F9222A419 /* Pattern.fsh in Resources */,
				F44745E07801467DA4D62507 /* RadialGradient.fsh in Resources */,
				34B400AD46624B10804EAA58 /* Texture.fsh in Resources */,
				094ADE21F47545C1B19AB443 /* Vertex.vsh in Resources */,
			);
			runOnlyForDeploymentPostprocessing = 0;
		};
/* End PBXResourcesBuildPhase section */

/* Begin PBXShellScriptBuildPhase section */
		304B58A110DAC018002A0835 /* Copy www directory */ = {
			isa = PBXShellScriptBuildPhase;
			buildActionMask = 2147483647;
			files = (
			);
			inputPaths = (
			);
			name = "Copy www directory";
			outputPaths = (
			);
			runOnlyForDeploymentPostprocessing = 0;
			shellPath = /bin/sh;
			shellScript = "cordova/lib/copy-www-build-step.sh";
		};
/* End PBXShellScriptBuildPhase section */

/* Begin PBXSourcesBuildPhase section */
		1D60588E0D05DD3D006BFB54 /* Sources */ = {
			isa = PBXSourcesBuildPhase;
			buildActionMask = 2147483647;
			files = (
				4145934F1907C40F00A18B62 /* EJBindingWebSocket.m in Sources */,
				414592DD1907AD1F00A18B62 /* EJAudioSourceAVAudio.m in Sources */,
				414592FA1907AD2000A18B62 /* EJCanvasContext.m in Sources */,
				414593051907AD2000A18B62 /* EJClassLoader.m in Sources */,
				4145931B1907AD2000A18B62 /* WizCanvasPlugin.m in Sources */,
				414593031907AD2000A18B62 /* EJCanvasContextWebGLTexture.m in Sources */,
				414593091907AD2000A18B62 /* EJTimer.m in Sources */,
				414592F51907AD2000A18B62 /* EJPath.mm in Sources */,
				414592E41907AD2000A18B62 /* EJBindingEventedBase.m in Sources */,
				414593081907AD2000A18B62 /* EJSharedOpenGLContext.m in Sources */,
				414592FB1907AD2000A18B62 /* EJSharedTextureCache.m in Sources */,
				414592DE1907AD2000A18B62 /* EJAudioSourceOpenAL.m in Sources */,
				414592FC1907AD2000A18B62 /* EJTexture.m in Sources */,
				414592EE1907AD2000A18B62 /* EJCanvasGradient.m in Sources */,
				414593041907AD2000A18B62 /* EJConvertWebGL.m in Sources */,
				414592E11907AD2000A18B62 /* EJSharedOpenALManager.m in Sources */,
				414593021907AD2000A18B62 /* EJCanvasContextWebGLScreen.m in Sources */,
				414593531907C40F00A18B62 /* EJBindingIAPProduct.m in Sources */,
				414592ED1907AD2000A18B62 /* EJCanvasContext2DTexture.m in Sources */,
				4145931A1907AD2000A18B62 /* SRWebSocket.m in Sources */,
				414593061907AD2000A18B62 /* EJConvert.m in Sources */,
				414593181907AD2000A18B62 /* base64.c in Sources */,
				414592F41907AD2000A18B62 /* EJImageData.m in Sources */,
				414593491907C40F00A18B62 /* EJBindingGeolocation.m in Sources */,
				414592E31907AD2000A18B62 /* EJBindingEjectaCore.m in Sources */,
				414592F11907AD2000A18B62 /* EJFont.mm in Sources */,
				4145934A1907C40F00A18B62 /* EJBindingHttpRequest.m in Sources */,
				414592E81907AD2000A18B62 /* EJBindingCanvasPattern.m in Sources */,
				414592F31907AD2000A18B62 /* EJGLProgram2DRadialGradient.m in Sources */,
				414593461907C40F00A18B62 /* EJBindingAdBanner.m in Sources */,
				414592F81907AD2000A18B62 /* EJBindingCanvasStyle.m in Sources */,
				414592E91907AD2000A18B62 /* EJBindingImageData.m in Sources */,
				414592E01907AD2000A18B62 /* EJOpenALBuffer.m in Sources */,
				414593011907AD2000A18B62 /* EJCanvasContextWebGL.m in Sources */,
				414592FF1907AD2000A18B62 /* EJBindingWebGLExtensions.m in Sources */,
				414593001907AD2000A18B62 /* EJBindingWebGLObjects.m in Sources */,
				414593481907C40F00A18B62 /* EJBindingGameCenter.m in Sources */,
				1D60589B0D05DD56006BFB54 /* main.m in Sources */,
				414593071907AD2000A18B62 /* EJNonRetainingProxy.m in Sources */,
				414592E21907AD2000A18B62 /* EJBindingBase.m in Sources */,
				4145931C1907AD2000A18B62 /* WizCanvasView.m in Sources */,
				414592F71907AD2000A18B62 /* EJBindingCanvas.m in Sources */,
				4145934D1907C40F00A18B62 /* EJBindingLocalStorage.m in Sources */,
				414593541907C40F00A18B62 /* EJBindingIAPTransaction.m in Sources */,
				414592E51907AD2000A18B62 /* EJBindingVideo.m in Sources */,
				414592EF1907AD2000A18B62 /* EJCanvasPattern.m in Sources */,
				4145934E1907C40F00A18B62 /* EJBindingTouchInput.m in Sources */,
				414592E61907AD2000A18B62 /* EJBindingCanvasContext2D.m in Sources */,
				414592F61907AD2000A18B62 /* EAGLView.m in Sources */,
				414593511907C40F00A18B62 /* EJBindingWizCanvasMessenger.m in Sources */,
				414592E71907AD2000A18B62 /* EJBindingCanvasGradient.m in Sources */,
				414592FD1907AD2000A18B62 /* EJTextureStorage.m in Sources */,
				414592DF1907AD2000A18B62 /* EJBindingAudio.m in Sources */,
				414593501907C40F00A18B62 /* EJBindingWindowEvents.m in Sources */,
				414593191907AD2000A18B62 /* NSString+Hashes.m in Sources */,
				414592F91907AD2000A18B62 /* EJBindingImage.m in Sources */,
				414592EB1907AD2000A18B62 /* EJCanvasContext2D.m in Sources */,
				4145934C1907C40F00A18B62 /* EJBindingKeyInput.m in Sources */,
				1D3623260D0F684500981E51 /* AppDelegate.m in Sources */,
				414593211907AFF700A18B62 /* EJFontCache.m in Sources */,
				414592EC1907AD2000A18B62 /* EJCanvasContext2DScreen.m in Sources */,
				414593521907C40F00A18B62 /* EJBindingIAPManager.m in Sources */,
				414593471907C40F00A18B62 /* EJBindingDeviceMotion.m in Sources */,
				414592F01907AD2000A18B62 /* EJConvertColorRGBA.m in Sources */,
				302D95F114D2391D003F00A1 /* MainViewController.m in Sources */,
				414592F21907AD2000A18B62 /* EJGLProgram2D.m in Sources */,
				C6DE697D1922136500537807 /* NSString+URLEncoding.m in Sources */,
				414592FE1907AD2000A18B62 /* EJBindingCanvasContextWebGL.m in Sources */,
				414592EA1907AD2000A18B62 /* EJBindingTextMetrics.m in Sources */,
			);
			runOnlyForDeploymentPostprocessing = 0;
		};
/* End PBXSourcesBuildPhase section */

/* Begin PBXTargetDependency section */
		301BF551109A68C00062928A /* PBXTargetDependency */ = {
			isa = PBXTargetDependency;
			name = CordovaLib;
			targetProxy = 301BF550109A68C00062928A /* PBXContainerItemProxy */;
		};
/* End PBXTargetDependency section */

/* Begin PBXVariantGroup section */
		1F766FDC13BBADB100FB74C0 /* Localizable.strings */ = {
			isa = PBXVariantGroup;
			children = (
				1F766FDD13BBADB100FB74C0 /* en */,
			);
			name = Localizable.strings;
			sourceTree = "<group>";
		};
		1F766FDF13BBADB100FB74C0 /* Localizable.strings */ = {
			isa = PBXVariantGroup;
			children = (
				1F766FE013BBADB100FB74C0 /* es */,
			);
			name = Localizable.strings;
			sourceTree = "<group>";
		};
		30A0434314DC770100060A13 /* Localizable.strings */ = {
			isa = PBXVariantGroup;
			children = (
				30A0434414DC770100060A13 /* de */,
			);
			name = Localizable.strings;
			sourceTree = "<group>";
		};
		30A0434614DC770100060A13 /* Localizable.strings */ = {
			isa = PBXVariantGroup;
			children = (
				30A0434714DC770100060A13 /* se */,
			);
			name = Localizable.strings;
			sourceTree = "<group>";
		};
/* End PBXVariantGroup section */

/* Begin XCBuildConfiguration section */
		1D6058940D05DD3E006BFB54 /* Debug */ = {
			isa = XCBuildConfiguration;
			buildSettings = {
				ALWAYS_SEARCH_USER_PATHS = NO;
				CLANG_ENABLE_OBJC_ARC = YES;
				COPY_PHASE_STRIP = NO;
				GCC_DYNAMIC_NO_PIC = NO;
				GCC_OPTIMIZATION_LEVEL = 0;
				GCC_PRECOMPILE_PREFIX_HEADER = YES;
				GCC_PREFIX_HEADER = "exampleWizCanvas/exampleWizCanvas-Prefix.pch";
				GCC_THUMB_SUPPORT = NO;
				GCC_VERSION = "";
				HEADER_SEARCH_PATHS = (
					"\"$(TARGET_BUILD_DIR)/usr/local/lib/include\"",
					"\"$(OBJROOT)/UninstalledProducts/include\"",
					"\"$(BUILT_PRODUCTS_DIR)\"",
				);
				INFOPLIST_FILE = "exampleWizCanvas/exampleWizCanvas-Info.plist";
				IPHONEOS_DEPLOYMENT_TARGET = 5.0;
				OTHER_LDFLAGS = (
					"-weak_framework",
					CoreFoundation,
					"-weak_framework",
					UIKit,
					"-weak_framework",
					AVFoundation,
					"-weak_framework",
					CoreMedia,
					"-weak-lSystem",
					"-force_load",
					"\"$(BUILT_PRODUCTS_DIR)/libCordova.a\"",
					"-ObjC",
				);
				PRODUCT_NAME = exampleWizCanvas;
				TARGETED_DEVICE_FAMILY = "1,2";
			};
			name = Debug;
		};
		1D6058950D05DD3E006BFB54 /* Release */ = {
			isa = XCBuildConfiguration;
			buildSettings = {
				ALWAYS_SEARCH_USER_PATHS = NO;
				CLANG_ENABLE_OBJC_ARC = YES;
				COPY_PHASE_STRIP = YES;
				GCC_PRECOMPILE_PREFIX_HEADER = YES;
				GCC_PREFIX_HEADER = "exampleWizCanvas/exampleWizCanvas-Prefix.pch";
				GCC_THUMB_SUPPORT = NO;
				GCC_VERSION = "";
				HEADER_SEARCH_PATHS = (
					"\"$(TARGET_BUILD_DIR)/usr/local/lib/include\"",
					"\"$(OBJROOT)/UninstalledProducts/include\"",
					"\"$(BUILT_PRODUCTS_DIR)\"",
				);
				INFOPLIST_FILE = "exampleWizCanvas/exampleWizCanvas-Info.plist";
				IPHONEOS_DEPLOYMENT_TARGET = 5.0;
				OTHER_LDFLAGS = (
					"-weak_framework",
					CoreFoundation,
					"-weak_framework",
					UIKit,
					"-weak_framework",
					AVFoundation,
					"-weak_framework",
					CoreMedia,
					"-weak-lSystem",
					"-force_load",
					"\"$(BUILT_PRODUCTS_DIR)/libCordova.a\"",
					"-ObjC",
				);
				PRODUCT_NAME = exampleWizCanvas;
				TARGETED_DEVICE_FAMILY = "1,2";
			};
			name = Release;
		};
		C01FCF4F08A954540054247B /* Debug */ = {
			isa = XCBuildConfiguration;
			buildSettings = {
				CLANG_ENABLE_OBJC_ARC = YES;
				CLANG_WARN_BOOL_CONVERSION = YES;
				CLANG_WARN_CONSTANT_CONVERSION = YES;
				CLANG_WARN_EMPTY_BODY = YES;
				CLANG_WARN_ENUM_CONVERSION = YES;
				CLANG_WARN_INT_CONVERSION = YES;
				CLANG_WARN__DUPLICATE_METHOD_MATCH = YES;
				"CODE_SIGN_IDENTITY[sdk=iphoneos*]" = "iPhone Developer";
				FRAMEWORK_SEARCH_PATHS = "\"$(SRCROOT)/exampleWizCanvas/Plugins/jp.wizcorp.phonegap.plugin.wizCanvasPlugin/lib\"";
				GCC_C_LANGUAGE_STANDARD = c99;
				GCC_THUMB_SUPPORT = NO;
				GCC_VERSION = "";
				GCC_WARN_ABOUT_RETURN_TYPE = YES;
				GCC_WARN_UNDECLARED_SELECTOR = YES;
				GCC_WARN_UNINITIALIZED_AUTOS = YES;
				GCC_WARN_UNUSED_FUNCTION = YES;
				GCC_WARN_UNUSED_VARIABLE = YES;
				HEADER_SEARCH_PATHS = (
					"\"$(TARGET_BUILD_DIR)/usr/local/lib/include\"",
					"\"$(OBJROOT)/UninstalledProducts/include\"",
					"\"$(BUILT_PRODUCTS_DIR)\"",
				);
				IPHONEOS_DEPLOYMENT_TARGET = 5.0;
				ONLY_ACTIVE_ARCH = YES;
				OTHER_LDFLAGS = (
					"-weak_framework",
					CoreFoundation,
					"-weak_framework",
					UIKit,
					"-weak_framework",
					AVFoundation,
					"-weak_framework",
					CoreMedia,
					"-weak-lSystem",
					"-force_load",
					"\"$(BUILT_PRODUCTS_DIR)/libCordova.a\"",
					"-ObjC",
				);
				SDKROOT = iphoneos;
				SKIP_INSTALL = NO;
				USER_HEADER_SEARCH_PATHS = "";
				VALID_ARCHS = "armv7 armv7s";
			};
			name = Debug;
		};
		C01FCF5008A954540054247B /* Release */ = {
			isa = XCBuildConfiguration;
			buildSettings = {
				CLANG_ENABLE_OBJC_ARC = YES;
				CLANG_WARN_BOOL_CONVERSION = YES;
				CLANG_WARN_CONSTANT_CONVERSION = YES;
				CLANG_WARN_EMPTY_BODY = YES;
				CLANG_WARN_ENUM_CONVERSION = YES;
				CLANG_WARN_INT_CONVERSION = YES;
				CLANG_WARN__DUPLICATE_METHOD_MATCH = YES;
				"CODE_SIGN_IDENTITY[sdk=iphoneos*]" = "iPhone Developer";
				FRAMEWORK_SEARCH_PATHS = "\"$(SRCROOT)/exampleWizCanvas/Plugins/jp.wizcorp.phonegap.plugin.wizCanvasPlugin/lib\"";
				GCC_C_LANGUAGE_STANDARD = c99;
				GCC_THUMB_SUPPORT = NO;
				GCC_VERSION = "";
				GCC_WARN_ABOUT_RETURN_TYPE = YES;
				GCC_WARN_UNDECLARED_SELECTOR = YES;
				GCC_WARN_UNINITIALIZED_AUTOS = YES;
				GCC_WARN_UNUSED_FUNCTION = YES;
				GCC_WARN_UNUSED_VARIABLE = YES;
				HEADER_SEARCH_PATHS = (
					"\"$(TARGET_BUILD_DIR)/usr/local/lib/include\"",
					"\"$(OBJROOT)/UninstalledProducts/include\"",
					"\"$(BUILT_PRODUCTS_DIR)\"",
				);
				IPHONEOS_DEPLOYMENT_TARGET = 5.0;
				OTHER_LDFLAGS = (
					"-weak_framework",
					CoreFoundation,
					"-weak_framework",
					UIKit,
					"-weak_framework",
					AVFoundation,
					"-weak_framework",
					CoreMedia,
					"-weak-lSystem",
					"-force_load",
					"\"$(BUILT_PRODUCTS_DIR)/libCordova.a\"",
					"-ObjC",
				);
				SDKROOT = iphoneos;
				SKIP_INSTALL = NO;
				USER_HEADER_SEARCH_PATHS = "";
				VALID_ARCHS = "armv7 armv7s";
			};
			name = Release;
		};
/* End XCBuildConfiguration section */

/* Begin XCConfigurationList section */
		1D6058960D05DD3E006BFB54 /* Build configuration list for PBXNativeTarget "exampleWizCanvas" */ = {
			isa = XCConfigurationList;
			buildConfigurations = (
				1D6058940D05DD3E006BFB54 /* Debug */,
				1D6058950D05DD3E006BFB54 /* Release */,
			);
			defaultConfigurationIsVisible = 0;
			defaultConfigurationName = Release;
		};
		C01FCF4E08A954540054247B /* Build configuration list for PBXProject "exampleWizCanvas" */ = {
			isa = XCConfigurationList;
			buildConfigurations = (
				C01FCF4F08A954540054247B /* Debug */,
				C01FCF5008A954540054247B /* Release */,
			);
			defaultConfigurationIsVisible = 0;
			defaultConfigurationName = Release;
		};
/* End XCConfigurationList section */
	};
	rootObject = 29B97313FDCFA39411CA2CEA /* Project object */;
}
